// !$*UTF8*$!
{
	archiveVersion = 1;
	classes = {
	};
	objectVersion = 46;
	objects = {

/* Begin PBXBuildFile section */
		DA031C621E6F4824007CA06A /* rotate.png in Resources */ = {isa = PBXBuildFile; fileRef = DA031C611E6F4824007CA06A /* rotate.png */; };
		DA031C631E6F4824007CA06A /* rotate.png in Resources */ = {isa = PBXBuildFile; fileRef = DA031C611E6F4824007CA06A /* rotate.png */; };
		DA031C641E6F4824007CA06A /* rotate.png in Resources */ = {isa = PBXBuildFile; fileRef = DA031C611E6F4824007CA06A /* rotate.png */; };
		DA031C661E6F487E007CA06A /* tilt.png in Resources */ = {isa = PBXBuildFile; fileRef = DA031C651E6F487E007CA06A /* tilt.png */; };
		DA031C671E6F487E007CA06A /* tilt.png in Resources */ = {isa = PBXBuildFile; fileRef = DA031C651E6F487E007CA06A /* tilt.png */; };
		DA031C681E6F487E007CA06A /* tilt.png in Resources */ = {isa = PBXBuildFile; fileRef = DA031C651E6F487E007CA06A /* tilt.png */; };
		DA031C6A1E6F4A7C007CA06A /* no-logo.png in Resources */ = {isa = PBXBuildFile; fileRef = DA031C691E6F4A7C007CA06A /* no-logo.png */; };
		DA031C6B1E6F4A7C007CA06A /* no-logo.png in Resources */ = {isa = PBXBuildFile; fileRef = DA031C691E6F4A7C007CA06A /* no-logo.png */; };
		DA031C6C1E6F4A7C007CA06A /* no-logo.png in Resources */ = {isa = PBXBuildFile; fileRef = DA031C691E6F4A7C007CA06A /* no-logo.png */; };
		DA031C6E1E6F76FA007CA06A /* no-attribution.png in Resources */ = {isa = PBXBuildFile; fileRef = DA031C6D1E6F76FA007CA06A /* no-attribution.png */; };
		DA031C6F1E6F76FA007CA06A /* no-attribution.png in Resources */ = {isa = PBXBuildFile; fileRef = DA031C6D1E6F76FA007CA06A /* no-attribution.png */; };
		DA031C701E6F76FA007CA06A /* no-attribution.png in Resources */ = {isa = PBXBuildFile; fileRef = DA031C6D1E6F76FA007CA06A /* no-attribution.png */; };
		DA0584D61E5EE5E6006F138F /* Polyline.framework in Frameworks */ = {isa = PBXBuildFile; fileRef = DA0584D51E5EE5E6006F138F /* Polyline.framework */; };
		DA0584D81E5EE601006F138F /* Polyline.framework in Frameworks */ = {isa = PBXBuildFile; fileRef = DA0584D71E5EE601006F138F /* Polyline.framework */; };
		DA0584DA1E5EE60A006F138F /* Polyline.framework in Frameworks */ = {isa = PBXBuildFile; fileRef = DA0584D91E5EE60A006F138F /* Polyline.framework */; };
		DA0584DC1E5EE60F006F138F /* Polyline.framework in Frameworks */ = {isa = PBXBuildFile; fileRef = DA0584DB1E5EE60F006F138F /* Polyline.framework */; };
		DA1BA20D1E6B4A90007F9FAC /* ClassicSnapshotOptions.swift in Sources */ = {isa = PBXBuildFile; fileRef = DA1BA20C1E6B4A90007F9FAC /* ClassicSnapshotOptions.swift */; };
		DA1BA20E1E6B4A90007F9FAC /* ClassicSnapshotOptions.swift in Sources */ = {isa = PBXBuildFile; fileRef = DA1BA20C1E6B4A90007F9FAC /* ClassicSnapshotOptions.swift */; };
		DA1BA20F1E6B4A90007F9FAC /* ClassicSnapshotOptions.swift in Sources */ = {isa = PBXBuildFile; fileRef = DA1BA20C1E6B4A90007F9FAC /* ClassicSnapshotOptions.swift */; };
		DA1BA2101E6B4A90007F9FAC /* ClassicSnapshotOptions.swift in Sources */ = {isa = PBXBuildFile; fileRef = DA1BA20C1E6B4A90007F9FAC /* ClassicSnapshotOptions.swift */; };
		DA1BA2171E6BA8CB007F9FAC /* SnapshotOptions.swift in Sources */ = {isa = PBXBuildFile; fileRef = DA1BA2161E6BA8CB007F9FAC /* SnapshotOptions.swift */; };
		DA1BA2181E6BA8CB007F9FAC /* SnapshotOptions.swift in Sources */ = {isa = PBXBuildFile; fileRef = DA1BA2161E6BA8CB007F9FAC /* SnapshotOptions.swift */; };
		DA1BA2191E6BA8CB007F9FAC /* SnapshotOptions.swift in Sources */ = {isa = PBXBuildFile; fileRef = DA1BA2161E6BA8CB007F9FAC /* SnapshotOptions.swift */; };
		DA1BA21A1E6BA8CB007F9FAC /* SnapshotOptions.swift in Sources */ = {isa = PBXBuildFile; fileRef = DA1BA2161E6BA8CB007F9FAC /* SnapshotOptions.swift */; };
		DA1BA21C1E6BA918007F9FAC /* MarkerOptions.swift in Sources */ = {isa = PBXBuildFile; fileRef = DA1BA21B1E6BA918007F9FAC /* MarkerOptions.swift */; };
		DA1BA21D1E6BA918007F9FAC /* MarkerOptions.swift in Sources */ = {isa = PBXBuildFile; fileRef = DA1BA21B1E6BA918007F9FAC /* MarkerOptions.swift */; };
		DA1BA21E1E6BA918007F9FAC /* MarkerOptions.swift in Sources */ = {isa = PBXBuildFile; fileRef = DA1BA21B1E6BA918007F9FAC /* MarkerOptions.swift */; };
		DA1BA21F1E6BA918007F9FAC /* MarkerOptions.swift in Sources */ = {isa = PBXBuildFile; fileRef = DA1BA21B1E6BA918007F9FAC /* MarkerOptions.swift */; };
		DA1BA2211E6CD572007F9FAC /* ClassicSnapshotTests.swift in Sources */ = {isa = PBXBuildFile; fileRef = DA1BA2201E6CD572007F9FAC /* ClassicSnapshotTests.swift */; };
		DA1BA2221E6CD572007F9FAC /* ClassicSnapshotTests.swift in Sources */ = {isa = PBXBuildFile; fileRef = DA1BA2201E6CD572007F9FAC /* ClassicSnapshotTests.swift */; };
		DA1BA2231E6CD572007F9FAC /* ClassicSnapshotTests.swift in Sources */ = {isa = PBXBuildFile; fileRef = DA1BA2201E6CD572007F9FAC /* ClassicSnapshotTests.swift */; };
		DA1BA22A1E6CF00C007F9FAC /* basic.png in Resources */ = {isa = PBXBuildFile; fileRef = DA1BA2281E6CF00C007F9FAC /* basic.png */; };
		DA1BA22C1E6CF00C007F9FAC /* basic.png in Resources */ = {isa = PBXBuildFile; fileRef = DA1BA2281E6CF00C007F9FAC /* basic.png */; };
		DA1BA22D1E6CF00C007F9FAC /* basic@2x.png in Resources */ = {isa = PBXBuildFile; fileRef = DA1BA2291E6CF00C007F9FAC /* basic@2x.png */; };
		DA1BA22E1E6CF00C007F9FAC /* basic@2x.png in Resources */ = {isa = PBXBuildFile; fileRef = DA1BA2291E6CF00C007F9FAC /* basic@2x.png */; };
		DA1BA22F1E6CF00C007F9FAC /* basic@2x.png in Resources */ = {isa = PBXBuildFile; fileRef = DA1BA2291E6CF00C007F9FAC /* basic@2x.png */; };
		DA1BA2301E6CF44C007F9FAC /* basic.png in Resources */ = {isa = PBXBuildFile; fileRef = DA1BA2281E6CF00C007F9FAC /* basic.png */; };
		DA1BA2331E6D174E007F9FAC /* center.png in Resources */ = {isa = PBXBuildFile; fileRef = DA1BA2311E6D174E007F9FAC /* center.png */; };
		DA1BA2341E6D174E007F9FAC /* center.png in Resources */ = {isa = PBXBuildFile; fileRef = DA1BA2311E6D174E007F9FAC /* center.png */; };
		DA1BA2351E6D174E007F9FAC /* center.png in Resources */ = {isa = PBXBuildFile; fileRef = DA1BA2311E6D174E007F9FAC /* center.png */; };
		DA1BA23A1E6D17B5007F9FAC /* zoom.png in Resources */ = {isa = PBXBuildFile; fileRef = DA1BA2391E6D17B5007F9FAC /* zoom.png */; };
		DA1BA23B1E6D17B5007F9FAC /* zoom.png in Resources */ = {isa = PBXBuildFile; fileRef = DA1BA2391E6D17B5007F9FAC /* zoom.png */; };
		DA1BA23C1E6D17B5007F9FAC /* zoom.png in Resources */ = {isa = PBXBuildFile; fileRef = DA1BA2391E6D17B5007F9FAC /* zoom.png */; };
		DA1BA2521E6D1B5B007F9FAC /* format.png in Resources */ = {isa = PBXBuildFile; fileRef = DA1BA24D1E6D1B5B007F9FAC /* format.png */; };
		DA1BA2531E6D1B5C007F9FAC /* format.png in Resources */ = {isa = PBXBuildFile; fileRef = DA1BA24D1E6D1B5B007F9FAC /* format.png */; };
		DA1BA2541E6D1B5C007F9FAC /* format.png in Resources */ = {isa = PBXBuildFile; fileRef = DA1BA24D1E6D1B5B007F9FAC /* format.png */; };
		DA1BA2551E6D1B5C007F9FAC /* format.png32 in Resources */ = {isa = PBXBuildFile; fileRef = DA1BA24E1E6D1B5B007F9FAC /* format.png32 */; };
		DA1BA2561E6D1B5C007F9FAC /* format.png32 in Resources */ = {isa = PBXBuildFile; fileRef = DA1BA24E1E6D1B5B007F9FAC /* format.png32 */; };
		DA1BA2571E6D1B5C007F9FAC /* format.png32 in Resources */ = {isa = PBXBuildFile; fileRef = DA1BA24E1E6D1B5B007F9FAC /* format.png32 */; };
		DA1BA2581E6D1B5C007F9FAC /* format.png64 in Resources */ = {isa = PBXBuildFile; fileRef = DA1BA24F1E6D1B5B007F9FAC /* format.png64 */; };
		DA1BA2591E6D1B5C007F9FAC /* format.png64 in Resources */ = {isa = PBXBuildFile; fileRef = DA1BA24F1E6D1B5B007F9FAC /* format.png64 */; };
		DA1BA25A1E6D1B5C007F9FAC /* format.png64 in Resources */ = {isa = PBXBuildFile; fileRef = DA1BA24F1E6D1B5B007F9FAC /* format.png64 */; };
		DA1BA25B1E6D1B5C007F9FAC /* format.png128 in Resources */ = {isa = PBXBuildFile; fileRef = DA1BA2501E6D1B5B007F9FAC /* format.png128 */; };
		DA1BA25C1E6D1B5C007F9FAC /* format.png128 in Resources */ = {isa = PBXBuildFile; fileRef = DA1BA2501E6D1B5B007F9FAC /* format.png128 */; };
		DA1BA25D1E6D1B5C007F9FAC /* format.png128 in Resources */ = {isa = PBXBuildFile; fileRef = DA1BA2501E6D1B5B007F9FAC /* format.png128 */; };
		DA1BA25E1E6D1B5C007F9FAC /* format.png256 in Resources */ = {isa = PBXBuildFile; fileRef = DA1BA2511E6D1B5B007F9FAC /* format.png256 */; };
		DA1BA25F1E6D1B5C007F9FAC /* format.png256 in Resources */ = {isa = PBXBuildFile; fileRef = DA1BA2511E6D1B5B007F9FAC /* format.png256 */; };
		DA1BA2601E6D1B5C007F9FAC /* format.png256 in Resources */ = {isa = PBXBuildFile; fileRef = DA1BA2511E6D1B5B007F9FAC /* format.png256 */; };
		DA1BA2651E6D1B92007F9FAC /* format.jpg in Resources */ = {isa = PBXBuildFile; fileRef = DA1BA2611E6D1B92007F9FAC /* format.jpg */; };
		DA1BA2661E6D1B92007F9FAC /* format.jpg in Resources */ = {isa = PBXBuildFile; fileRef = DA1BA2611E6D1B92007F9FAC /* format.jpg */; };
		DA1BA2671E6D1B92007F9FAC /* format.jpg in Resources */ = {isa = PBXBuildFile; fileRef = DA1BA2611E6D1B92007F9FAC /* format.jpg */; };
		DA1BA2681E6D1B92007F9FAC /* format.jpg70 in Resources */ = {isa = PBXBuildFile; fileRef = DA1BA2621E6D1B92007F9FAC /* format.jpg70 */; };
		DA1BA2691E6D1B92007F9FAC /* format.jpg70 in Resources */ = {isa = PBXBuildFile; fileRef = DA1BA2621E6D1B92007F9FAC /* format.jpg70 */; };
		DA1BA26A1E6D1B92007F9FAC /* format.jpg70 in Resources */ = {isa = PBXBuildFile; fileRef = DA1BA2621E6D1B92007F9FAC /* format.jpg70 */; };
		DA1BA26B1E6D1B92007F9FAC /* format.jpg80 in Resources */ = {isa = PBXBuildFile; fileRef = DA1BA2631E6D1B92007F9FAC /* format.jpg80 */; };
		DA1BA26C1E6D1B92007F9FAC /* format.jpg80 in Resources */ = {isa = PBXBuildFile; fileRef = DA1BA2631E6D1B92007F9FAC /* format.jpg80 */; };
		DA1BA26D1E6D1B92007F9FAC /* format.jpg80 in Resources */ = {isa = PBXBuildFile; fileRef = DA1BA2631E6D1B92007F9FAC /* format.jpg80 */; };
		DA1BA26E1E6D1B92007F9FAC /* format.jpg90 in Resources */ = {isa = PBXBuildFile; fileRef = DA1BA2641E6D1B92007F9FAC /* format.jpg90 */; };
		DA1BA26F1E6D1B92007F9FAC /* format.jpg90 in Resources */ = {isa = PBXBuildFile; fileRef = DA1BA2641E6D1B92007F9FAC /* format.jpg90 */; };
		DA1BA2701E6D1B92007F9FAC /* format.jpg90 in Resources */ = {isa = PBXBuildFile; fileRef = DA1BA2641E6D1B92007F9FAC /* format.jpg90 */; };
		DA1BA2721E6D1E8E007F9FAC /* ClassicOverlayTests.swift in Sources */ = {isa = PBXBuildFile; fileRef = DA1BA2711E6D1E8E007F9FAC /* ClassicOverlayTests.swift */; };
		DA1BA2731E6D1E8E007F9FAC /* ClassicOverlayTests.swift in Sources */ = {isa = PBXBuildFile; fileRef = DA1BA2711E6D1E8E007F9FAC /* ClassicOverlayTests.swift */; };
		DA1BA2741E6D1E8E007F9FAC /* ClassicOverlayTests.swift in Sources */ = {isa = PBXBuildFile; fileRef = DA1BA2711E6D1E8E007F9FAC /* ClassicOverlayTests.swift */; };
		DA1BA2761E6D2014007F9FAC /* cafe.png in Resources */ = {isa = PBXBuildFile; fileRef = DA1BA2751E6D2014007F9FAC /* cafe.png */; };
		DA1BA2771E6D2014007F9FAC /* cafe.png in Resources */ = {isa = PBXBuildFile; fileRef = DA1BA2751E6D2014007F9FAC /* cafe.png */; };
		DA1BA2781E6D2014007F9FAC /* cafe.png in Resources */ = {isa = PBXBuildFile; fileRef = DA1BA2751E6D2014007F9FAC /* cafe.png */; };
		DA1BA27A1E6D23DD007F9FAC /* marker.png in Resources */ = {isa = PBXBuildFile; fileRef = DA1BA2791E6D23DD007F9FAC /* marker.png */; };
		DA1BA27B1E6D23DD007F9FAC /* marker.png in Resources */ = {isa = PBXBuildFile; fileRef = DA1BA2791E6D23DD007F9FAC /* marker.png */; };
		DA1BA27C1E6D23DD007F9FAC /* marker.png in Resources */ = {isa = PBXBuildFile; fileRef = DA1BA2791E6D23DD007F9FAC /* marker.png */; };
		DA1BA27E1E6D2DE3007F9FAC /* rocket.png in Resources */ = {isa = PBXBuildFile; fileRef = DA1BA27D1E6D2DE3007F9FAC /* rocket.png */; };
		DA1BA27F1E6D2DE3007F9FAC /* rocket.png in Resources */ = {isa = PBXBuildFile; fileRef = DA1BA27D1E6D2DE3007F9FAC /* rocket.png */; };
		DA1BA2801E6D2DE3007F9FAC /* rocket.png in Resources */ = {isa = PBXBuildFile; fileRef = DA1BA27D1E6D2DE3007F9FAC /* rocket.png */; };
		DA1BA2821E6D3386007F9FAC /* geojson.png in Resources */ = {isa = PBXBuildFile; fileRef = DA1BA2811E6D3386007F9FAC /* geojson.png */; };
		DA1BA2831E6D3386007F9FAC /* geojson.png in Resources */ = {isa = PBXBuildFile; fileRef = DA1BA2811E6D3386007F9FAC /* geojson.png */; };
		DA1BA2841E6D3386007F9FAC /* geojson.png in Resources */ = {isa = PBXBuildFile; fileRef = DA1BA2811E6D3386007F9FAC /* geojson.png */; };
		DA1BA2861E6D39AE007F9FAC /* path.png in Resources */ = {isa = PBXBuildFile; fileRef = DA1BA2851E6D39AE007F9FAC /* path.png */; };
		DA1BA2871E6D39AE007F9FAC /* path.png in Resources */ = {isa = PBXBuildFile; fileRef = DA1BA2851E6D39AE007F9FAC /* path.png */; };
		DA1BA2881E6D39AE007F9FAC /* path.png in Resources */ = {isa = PBXBuildFile; fileRef = DA1BA2851E6D39AE007F9FAC /* path.png */; };
		DA20FB9E1CE3DEBB00B07762 /* MapboxStatic.h in Headers */ = {isa = PBXBuildFile; fileRef = DA20FB9D1CE3DEBB00B07762 /* MapboxStatic.h */; settings = {ATTRIBUTES = (Public, ); }; };
		DA20FBA81CE3DF6900B07762 /* Snapshot.swift in Sources */ = {isa = PBXBuildFile; fileRef = DDAD19871BD9B3970057AC9F /* Snapshot.swift */; };
		DA20FBAA1CE401E800B07762 /* Color.swift in Sources */ = {isa = PBXBuildFile; fileRef = DA20FBA91CE401E800B07762 /* Color.swift */; };
		DA20FBAC1CE4026B00B07762 /* Overlay.swift in Sources */ = {isa = PBXBuildFile; fileRef = DA20FBAB1CE4026B00B07762 /* Overlay.swift */; };
		DA20FBD01CE475F300B07762 /* MapboxStatic.h in Headers */ = {isa = PBXBuildFile; fileRef = DA20FB9D1CE3DEBB00B07762 /* MapboxStatic.h */; settings = {ATTRIBUTES = (Public, ); }; };
		DA20FBD11CE475F300B07762 /* Snapshot.swift in Sources */ = {isa = PBXBuildFile; fileRef = DDAD19871BD9B3970057AC9F /* Snapshot.swift */; };
		DA20FBD21CE475F300B07762 /* Overlay.swift in Sources */ = {isa = PBXBuildFile; fileRef = DA20FBAB1CE4026B00B07762 /* Overlay.swift */; };
		DA20FBD31CE475F300B07762 /* Color.swift in Sources */ = {isa = PBXBuildFile; fileRef = DA20FBA91CE401E800B07762 /* Color.swift */; };
		DA20FBD41CE475FD00B07762 /* MapboxStaticTests.swift in Sources */ = {isa = PBXBuildFile; fileRef = DDAD19831BD9B2F80057AC9F /* MapboxStaticTests.swift */; };
		DA20FBD51CE4760100B07762 /* polyline.geojson in Resources */ = {isa = PBXBuildFile; fileRef = DD0C88161BE1A9D400606E9F /* polyline.geojson */; };
		DA4B4BA91CE8F87000296A52 /* MapboxStatic.h in Headers */ = {isa = PBXBuildFile; fileRef = DA20FB9D1CE3DEBB00B07762 /* MapboxStatic.h */; settings = {ATTRIBUTES = (Public, ); }; };
		DA4B4BAA1CE8F87000296A52 /* Snapshot.swift in Sources */ = {isa = PBXBuildFile; fileRef = DDAD19871BD9B3970057AC9F /* Snapshot.swift */; };
		DA4B4BAB1CE8F87000296A52 /* Overlay.swift in Sources */ = {isa = PBXBuildFile; fileRef = DA20FBAB1CE4026B00B07762 /* Overlay.swift */; };
		DA4B4BAC1CE8F87000296A52 /* Color.swift in Sources */ = {isa = PBXBuildFile; fileRef = DA20FBA91CE401E800B07762 /* Color.swift */; };
		DA4B4BAD1CE8F87700296A52 /* MapboxStaticTests.swift in Sources */ = {isa = PBXBuildFile; fileRef = DDAD19831BD9B2F80057AC9F /* MapboxStaticTests.swift */; };
		DA4B4BAE1CE8F87C00296A52 /* polyline.geojson in Resources */ = {isa = PBXBuildFile; fileRef = DD0C88161BE1A9D400606E9F /* polyline.geojson */; };
		DA9CC68B1E5C550000A14964 /* OHHTTPStubs.framework in Frameworks */ = {isa = PBXBuildFile; fileRef = DA9CC68A1E5C550000A14964 /* OHHTTPStubs.framework */; };
		DA9CC68D1E5C551000A14964 /* OHHTTPStubs.framework in Frameworks */ = {isa = PBXBuildFile; fileRef = DA9CC68C1E5C551000A14964 /* OHHTTPStubs.framework */; };
		DA9CC68F1E5C551500A14964 /* OHHTTPStubs.framework in Frameworks */ = {isa = PBXBuildFile; fileRef = DA9CC68E1E5C551500A14964 /* OHHTTPStubs.framework */; };
		DAA4014D1E7652EE00998ACE /* Polyline.framework in Frameworks */ = {isa = PBXBuildFile; fileRef = DA0584D51E5EE5E6006F138F /* Polyline.framework */; };
		DAA4014E1E7652F600998ACE /* Polyline.framework in Frameworks */ = {isa = PBXBuildFile; fileRef = DA0584D71E5EE601006F138F /* Polyline.framework */; };
		DAA4014F1E7652FB00998ACE /* Polyline.framework in Frameworks */ = {isa = PBXBuildFile; fileRef = DA0584D91E5EE60A006F138F /* Polyline.framework */; };
		DAA401531E7656B900998ACE /* MapboxStatic.framework in Frameworks */ = {isa = PBXBuildFile; fileRef = DA20FB9B1CE3DEBB00B07762 /* MapboxStatic.framework */; };
		DAA401541E7656B900998ACE /* MapboxStatic.framework in Embed Frameworks */ = {isa = PBXBuildFile; fileRef = DA20FB9B1CE3DEBB00B07762 /* MapboxStatic.framework */; settings = {ATTRIBUTES = (CodeSignOnCopy, RemoveHeadersOnCopy, ); }; };
		DAA401561E7656F000998ACE /* MapboxStatic.framework in Frameworks */ = {isa = PBXBuildFile; fileRef = DA20FB9B1CE3DEBB00B07762 /* MapboxStatic.framework */; };
		DAA401571E7656F000998ACE /* MapboxStatic.framework in Embed Frameworks */ = {isa = PBXBuildFile; fileRef = DA20FB9B1CE3DEBB00B07762 /* MapboxStatic.framework */; settings = {ATTRIBUTES = (CodeSignOnCopy, RemoveHeadersOnCopy, ); }; };
		DAE8CCB01E6E8E6B009B5CB0 /* SnapshotTests.swift in Sources */ = {isa = PBXBuildFile; fileRef = DAE8CCAF1E6E8E6B009B5CB0 /* SnapshotTests.swift */; };
		DAE8CCB11E6E8E6B009B5CB0 /* SnapshotTests.swift in Sources */ = {isa = PBXBuildFile; fileRef = DAE8CCAF1E6E8E6B009B5CB0 /* SnapshotTests.swift */; };
		DAE8CCB21E6E8E6B009B5CB0 /* SnapshotTests.swift in Sources */ = {isa = PBXBuildFile; fileRef = DAE8CCAF1E6E8E6B009B5CB0 /* SnapshotTests.swift */; };
		DAE8CCB41E6E9770009B5CB0 /* basic-gl.png in Resources */ = {isa = PBXBuildFile; fileRef = DAE8CCB31E6E9770009B5CB0 /* basic-gl.png */; };
		DAE8CCB51E6E9770009B5CB0 /* basic-gl.png in Resources */ = {isa = PBXBuildFile; fileRef = DAE8CCB31E6E9770009B5CB0 /* basic-gl.png */; };
		DAE8CCB61E6E9770009B5CB0 /* basic-gl.png in Resources */ = {isa = PBXBuildFile; fileRef = DAE8CCB31E6E9770009B5CB0 /* basic-gl.png */; };
		DAE8CCB81E6E97A5009B5CB0 /* basic-gl@2x.png in Resources */ = {isa = PBXBuildFile; fileRef = DAE8CCB71E6E97A5009B5CB0 /* basic-gl@2x.png */; };
		DAE8CCB91E6E97A5009B5CB0 /* basic-gl@2x.png in Resources */ = {isa = PBXBuildFile; fileRef = DAE8CCB71E6E97A5009B5CB0 /* basic-gl@2x.png */; };
		DAE8CCBA1E6E97A5009B5CB0 /* basic-gl@2x.png in Resources */ = {isa = PBXBuildFile; fileRef = DAE8CCB71E6E97A5009B5CB0 /* basic-gl@2x.png */; };
		DAE8CCBD1E6E9842009B5CB0 /* center-gl.png in Resources */ = {isa = PBXBuildFile; fileRef = DAE8CCBB1E6E9842009B5CB0 /* center-gl.png */; };
		DAE8CCBE1E6E9842009B5CB0 /* center-gl.png in Resources */ = {isa = PBXBuildFile; fileRef = DAE8CCBB1E6E9842009B5CB0 /* center-gl.png */; };
		DAE8CCBF1E6E9842009B5CB0 /* center-gl.png in Resources */ = {isa = PBXBuildFile; fileRef = DAE8CCBB1E6E9842009B5CB0 /* center-gl.png */; };
		DAE8CCC41E6E992E009B5CB0 /* zoom-gl.png in Resources */ = {isa = PBXBuildFile; fileRef = DAE8CCC31E6E992E009B5CB0 /* zoom-gl.png */; };
		DAE8CCC51E6E992E009B5CB0 /* zoom-gl.png in Resources */ = {isa = PBXBuildFile; fileRef = DAE8CCC31E6E992E009B5CB0 /* zoom-gl.png */; };
		DAE8CCC61E6E992E009B5CB0 /* zoom-gl.png in Resources */ = {isa = PBXBuildFile; fileRef = DAE8CCC31E6E992E009B5CB0 /* zoom-gl.png */; };
		DAF158881D03E7AC00829B35 /* Launch Screen.storyboard in Resources */ = {isa = PBXBuildFile; fileRef = DAF158871D03E7AC00829B35 /* Launch Screen.storyboard */; };
		DAF158891D03E7AC00829B35 /* Launch Screen.storyboard in Resources */ = {isa = PBXBuildFile; fileRef = DAF158871D03E7AC00829B35 /* Launch Screen.storyboard */; };
		DAF15A431CE8FBBC0040E86C /* MapboxStatic.h in Headers */ = {isa = PBXBuildFile; fileRef = DA20FB9D1CE3DEBB00B07762 /* MapboxStatic.h */; settings = {ATTRIBUTES = (Public, ); }; };
		DAF15A441CE8FBBC0040E86C /* Snapshot.swift in Sources */ = {isa = PBXBuildFile; fileRef = DDAD19871BD9B3970057AC9F /* Snapshot.swift */; };
		DAF15A451CE8FBBC0040E86C /* Overlay.swift in Sources */ = {isa = PBXBuildFile; fileRef = DA20FBAB1CE4026B00B07762 /* Overlay.swift */; };
		DAF15A461CE8FBBC0040E86C /* Color.swift in Sources */ = {isa = PBXBuildFile; fileRef = DA20FBA91CE401E800B07762 /* Color.swift */; };
		DAF15A4F1CE90A6C0040E86C /* main.m in Sources */ = {isa = PBXBuildFile; fileRef = DAF15A4E1CE90A6C0040E86C /* main.m */; };
		DAF15A521CE90A6C0040E86C /* AppDelegate.m in Sources */ = {isa = PBXBuildFile; fileRef = DAF15A511CE90A6C0040E86C /* AppDelegate.m */; };
		DAF15A551CE90A6C0040E86C /* ViewController.m in Sources */ = {isa = PBXBuildFile; fileRef = DAF15A541CE90A6C0040E86C /* ViewController.m */; };
		DD0C88181BE1A9E100606E9F /* polyline.geojson in Resources */ = {isa = PBXBuildFile; fileRef = DD0C88161BE1A9D400606E9F /* polyline.geojson */; };
		DD685BA91BDB14C1002E2BB2 /* MapboxStaticTests.swift in Sources */ = {isa = PBXBuildFile; fileRef = DDAD19831BD9B2F80057AC9F /* MapboxStaticTests.swift */; };
		DDAD19711BD9B1A50057AC9F /* AppDelegate.swift in Sources */ = {isa = PBXBuildFile; fileRef = DDAD196E1BD9B1A50057AC9F /* AppDelegate.swift */; };
		DDAD19731BD9B1A50057AC9F /* ViewController.swift in Sources */ = {isa = PBXBuildFile; fileRef = DDAD19701BD9B1A50057AC9F /* ViewController.swift */; };
/* End PBXBuildFile section */

/* Begin PBXContainerItemProxy section */
		DA20FBA01CE3DEBB00B07762 /* PBXContainerItemProxy */ = {
			isa = PBXContainerItemProxy;
			containerPortal = DDAD19511BD9B1780057AC9F /* Project object */;
			proxyType = 1;
			remoteGlobalIDString = DA20FB9A1CE3DEBB00B07762;
			remoteInfo = MapboxStatic;
		};
		DA20FBC41CE4757E00B07762 /* PBXContainerItemProxy */ = {
			isa = PBXContainerItemProxy;
			containerPortal = DDAD19511BD9B1780057AC9F /* Project object */;
			proxyType = 1;
			remoteGlobalIDString = DA20FBB81CE4757E00B07762;
			remoteInfo = MapboxStaticMac;
		};
		DA4B4B9D1CE8F83100296A52 /* PBXContainerItemProxy */ = {
			isa = PBXContainerItemProxy;
			containerPortal = DDAD19511BD9B1780057AC9F /* Project object */;
			proxyType = 1;
			remoteGlobalIDString = DA4B4B911CE8F83100296A52;
			remoteInfo = MapboxStaticTV;
		};
		DAF15A651CE90CE70040E86C /* PBXContainerItemProxy */ = {
			isa = PBXContainerItemProxy;
			containerPortal = DDAD19511BD9B1780057AC9F /* Project object */;
			proxyType = 1;
			remoteGlobalIDString = DA20FB9A1CE3DEBB00B07762;
			remoteInfo = MapboxStatic;
		};
		DDAD197D1BD9B24F0057AC9F /* PBXContainerItemProxy */ = {
			isa = PBXContainerItemProxy;
			containerPortal = DDAD19511BD9B1780057AC9F /* Project object */;
			proxyType = 1;
			remoteGlobalIDString = DDAD19581BD9B1780057AC9F;
			remoteInfo = "Sample App";
		};
/* End PBXContainerItemProxy section */

/* Begin PBXCopyFilesBuildPhase section */
		DAA401551E7656B900998ACE /* Embed Frameworks */ = {
			isa = PBXCopyFilesBuildPhase;
			buildActionMask = 2147483647;
			dstPath = "";
			dstSubfolderSpec = 10;
			files = (
				DAA401541E7656B900998ACE /* MapboxStatic.framework in Embed Frameworks */,
			);
			name = "Embed Frameworks";
			runOnlyForDeploymentPostprocessing = 0;
		};
		DAA401581E7656F000998ACE /* Embed Frameworks */ = {
			isa = PBXCopyFilesBuildPhase;
			buildActionMask = 2147483647;
			dstPath = "";
			dstSubfolderSpec = 10;
			files = (
				DAA401571E7656F000998ACE /* MapboxStatic.framework in Embed Frameworks */,
			);
			name = "Embed Frameworks";
			runOnlyForDeploymentPostprocessing = 0;
		};
/* End PBXCopyFilesBuildPhase section */

/* Begin PBXFileReference section */
		DA031C611E6F4824007CA06A /* rotate.png */ = {isa = PBXFileReference; lastKnownFileType = image.png; path = rotate.png; sourceTree = "<group>"; };
		DA031C651E6F487E007CA06A /* tilt.png */ = {isa = PBXFileReference; lastKnownFileType = image.png; path = tilt.png; sourceTree = "<group>"; };
		DA031C691E6F4A7C007CA06A /* no-logo.png */ = {isa = PBXFileReference; lastKnownFileType = image.png; path = "no-logo.png"; sourceTree = "<group>"; };
		DA031C6D1E6F76FA007CA06A /* no-attribution.png */ = {isa = PBXFileReference; lastKnownFileType = image.png; path = "no-attribution.png"; sourceTree = "<group>"; };
		DA0584D51E5EE5E6006F138F /* Polyline.framework */ = {isa = PBXFileReference; lastKnownFileType = wrapper.framework; name = Polyline.framework; path = Carthage/Build/iOS/Polyline.framework; sourceTree = "<group>"; };
		DA0584D71E5EE601006F138F /* Polyline.framework */ = {isa = PBXFileReference; lastKnownFileType = wrapper.framework; name = Polyline.framework; path = Carthage/Build/Mac/Polyline.framework; sourceTree = "<group>"; };
		DA0584D91E5EE60A006F138F /* Polyline.framework */ = {isa = PBXFileReference; lastKnownFileType = wrapper.framework; name = Polyline.framework; path = Carthage/Build/tvOS/Polyline.framework; sourceTree = "<group>"; };
		DA0584DB1E5EE60F006F138F /* Polyline.framework */ = {isa = PBXFileReference; lastKnownFileType = wrapper.framework; name = Polyline.framework; path = Carthage/Build/watchOS/Polyline.framework; sourceTree = "<group>"; };
		DA1BA20C1E6B4A90007F9FAC /* ClassicSnapshotOptions.swift */ = {isa = PBXFileReference; fileEncoding = 4; lastKnownFileType = sourcecode.swift; path = ClassicSnapshotOptions.swift; sourceTree = "<group>"; };
		DA1BA2161E6BA8CB007F9FAC /* SnapshotOptions.swift */ = {isa = PBXFileReference; fileEncoding = 4; lastKnownFileType = sourcecode.swift; path = SnapshotOptions.swift; sourceTree = "<group>"; };
		DA1BA21B1E6BA918007F9FAC /* MarkerOptions.swift */ = {isa = PBXFileReference; fileEncoding = 4; lastKnownFileType = sourcecode.swift; path = MarkerOptions.swift; sourceTree = "<group>"; };
		DA1BA2201E6CD572007F9FAC /* ClassicSnapshotTests.swift */ = {isa = PBXFileReference; fileEncoding = 4; lastKnownFileType = sourcecode.swift; path = ClassicSnapshotTests.swift; sourceTree = "<group>"; };
		DA1BA2281E6CF00C007F9FAC /* basic.png */ = {isa = PBXFileReference; lastKnownFileType = image.png; path = basic.png; sourceTree = "<group>"; };
		DA1BA2291E6CF00C007F9FAC /* basic@2x.png */ = {isa = PBXFileReference; lastKnownFileType = image.png; path = "basic@2x.png"; sourceTree = "<group>"; };
		DA1BA2311E6D174E007F9FAC /* center.png */ = {isa = PBXFileReference; lastKnownFileType = image.png; path = center.png; sourceTree = "<group>"; };
		DA1BA2391E6D17B5007F9FAC /* zoom.png */ = {isa = PBXFileReference; lastKnownFileType = image.png; path = zoom.png; sourceTree = "<group>"; };
		DA1BA24D1E6D1B5B007F9FAC /* format.png */ = {isa = PBXFileReference; lastKnownFileType = image.png; path = format.png; sourceTree = "<group>"; };
		DA1BA24E1E6D1B5B007F9FAC /* format.png32 */ = {isa = PBXFileReference; lastKnownFileType = file; path = format.png32; sourceTree = "<group>"; };
		DA1BA24F1E6D1B5B007F9FAC /* format.png64 */ = {isa = PBXFileReference; lastKnownFileType = file; path = format.png64; sourceTree = "<group>"; };
		DA1BA2501E6D1B5B007F9FAC /* format.png128 */ = {isa = PBXFileReference; lastKnownFileType = file; path = format.png128; sourceTree = "<group>"; };
		DA1BA2511E6D1B5B007F9FAC /* format.png256 */ = {isa = PBXFileReference; lastKnownFileType = file; path = format.png256; sourceTree = "<group>"; };
		DA1BA2611E6D1B92007F9FAC /* format.jpg */ = {isa = PBXFileReference; lastKnownFileType = image.jpeg; path = format.jpg; sourceTree = "<group>"; };
		DA1BA2621E6D1B92007F9FAC /* format.jpg70 */ = {isa = PBXFileReference; lastKnownFileType = file; path = format.jpg70; sourceTree = "<group>"; };
		DA1BA2631E6D1B92007F9FAC /* format.jpg80 */ = {isa = PBXFileReference; lastKnownFileType = file; path = format.jpg80; sourceTree = "<group>"; };
		DA1BA2641E6D1B92007F9FAC /* format.jpg90 */ = {isa = PBXFileReference; lastKnownFileType = file; path = format.jpg90; sourceTree = "<group>"; };
		DA1BA2711E6D1E8E007F9FAC /* ClassicOverlayTests.swift */ = {isa = PBXFileReference; fileEncoding = 4; lastKnownFileType = sourcecode.swift; path = ClassicOverlayTests.swift; sourceTree = "<group>"; };
		DA1BA2751E6D2014007F9FAC /* cafe.png */ = {isa = PBXFileReference; lastKnownFileType = image.png; path = cafe.png; sourceTree = "<group>"; };
		DA1BA2791E6D23DD007F9FAC /* marker.png */ = {isa = PBXFileReference; lastKnownFileType = image.png; path = marker.png; sourceTree = "<group>"; };
		DA1BA27D1E6D2DE3007F9FAC /* rocket.png */ = {isa = PBXFileReference; lastKnownFileType = image.png; path = rocket.png; sourceTree = "<group>"; };
		DA1BA2811E6D3386007F9FAC /* geojson.png */ = {isa = PBXFileReference; lastKnownFileType = image.png; path = geojson.png; sourceTree = "<group>"; };
		DA1BA2851E6D39AE007F9FAC /* path.png */ = {isa = PBXFileReference; lastKnownFileType = image.png; path = path.png; sourceTree = "<group>"; };
		DA20FB9B1CE3DEBB00B07762 /* MapboxStatic.framework */ = {isa = PBXFileReference; explicitFileType = wrapper.framework; includeInIndex = 0; path = MapboxStatic.framework; sourceTree = BUILT_PRODUCTS_DIR; };
		DA20FB9D1CE3DEBB00B07762 /* MapboxStatic.h */ = {isa = PBXFileReference; lastKnownFileType = sourcecode.c.h; path = MapboxStatic.h; sourceTree = "<group>"; };
		DA20FB9F1CE3DEBB00B07762 /* Info.plist */ = {isa = PBXFileReference; lastKnownFileType = text.plist.xml; path = Info.plist; sourceTree = "<group>"; };
		DA20FBA91CE401E800B07762 /* Color.swift */ = {isa = PBXFileReference; fileEncoding = 4; lastKnownFileType = sourcecode.swift; path = Color.swift; sourceTree = "<group>"; };
		DA20FBAB1CE4026B00B07762 /* Overlay.swift */ = {isa = PBXFileReference; fileEncoding = 4; lastKnownFileType = sourcecode.swift; path = Overlay.swift; sourceTree = "<group>"; };
		DA20FBB21CE4682200B07762 /* iOS.playground */ = {isa = PBXFileReference; lastKnownFileType = file.playground; path = iOS.playground; sourceTree = "<group>"; xcLanguageSpecificationIdentifier = xcode.lang.swift; };
		DA20FBB31CE474CA00B07762 /* macOS.playground */ = {isa = PBXFileReference; lastKnownFileType = file.playground; path = macOS.playground; sourceTree = "<group>"; xcLanguageSpecificationIdentifier = xcode.lang.swift; };
		DA20FBB91CE4757E00B07762 /* MapboxStatic.framework */ = {isa = PBXFileReference; explicitFileType = wrapper.framework; includeInIndex = 0; path = MapboxStatic.framework; sourceTree = BUILT_PRODUCTS_DIR; };
		DA20FBC21CE4757E00B07762 /* MapboxStaticTests.xctest */ = {isa = PBXFileReference; explicitFileType = wrapper.cfbundle; includeInIndex = 0; path = MapboxStaticTests.xctest; sourceTree = BUILT_PRODUCTS_DIR; };
		DA4B4B921CE8F83100296A52 /* MapboxStatic.framework */ = {isa = PBXFileReference; explicitFileType = wrapper.framework; includeInIndex = 0; path = MapboxStatic.framework; sourceTree = BUILT_PRODUCTS_DIR; };
		DA4B4B9B1CE8F83100296A52 /* MapboxStaticTests.xctest */ = {isa = PBXFileReference; explicitFileType = wrapper.cfbundle; includeInIndex = 0; path = MapboxStaticTests.xctest; sourceTree = BUILT_PRODUCTS_DIR; };
		DA9CC68A1E5C550000A14964 /* OHHTTPStubs.framework */ = {isa = PBXFileReference; lastKnownFileType = wrapper.framework; name = OHHTTPStubs.framework; path = Carthage/Build/iOS/OHHTTPStubs.framework; sourceTree = "<group>"; };
		DA9CC68C1E5C551000A14964 /* OHHTTPStubs.framework */ = {isa = PBXFileReference; lastKnownFileType = wrapper.framework; name = OHHTTPStubs.framework; path = Carthage/Build/Mac/OHHTTPStubs.framework; sourceTree = "<group>"; };
		DA9CC68E1E5C551500A14964 /* OHHTTPStubs.framework */ = {isa = PBXFileReference; lastKnownFileType = wrapper.framework; name = OHHTTPStubs.framework; path = Carthage/Build/tvOS/OHHTTPStubs.framework; sourceTree = "<group>"; };
		DAE8CCAF1E6E8E6B009B5CB0 /* SnapshotTests.swift */ = {isa = PBXFileReference; fileEncoding = 4; lastKnownFileType = sourcecode.swift; path = SnapshotTests.swift; sourceTree = "<group>"; };
		DAE8CCB31E6E9770009B5CB0 /* basic-gl.png */ = {isa = PBXFileReference; lastKnownFileType = image.png; path = "basic-gl.png"; sourceTree = "<group>"; };
		DAE8CCB71E6E97A5009B5CB0 /* basic-gl@2x.png */ = {isa = PBXFileReference; lastKnownFileType = image.png; path = "basic-gl@2x.png"; sourceTree = "<group>"; };
		DAE8CCBB1E6E9842009B5CB0 /* center-gl.png */ = {isa = PBXFileReference; lastKnownFileType = image.png; path = "center-gl.png"; sourceTree = "<group>"; };
		DAE8CCC31E6E992E009B5CB0 /* zoom-gl.png */ = {isa = PBXFileReference; lastKnownFileType = image.png; path = "zoom-gl.png"; sourceTree = "<group>"; };
		DAF158871D03E7AC00829B35 /* Launch Screen.storyboard */ = {isa = PBXFileReference; fileEncoding = 4; lastKnownFileType = file.storyboard; path = "Launch Screen.storyboard"; sourceTree = "<group>"; };
		DAF15A3B1CE8FB8D0040E86C /* MapboxStatic.framework */ = {isa = PBXFileReference; explicitFileType = wrapper.framework; includeInIndex = 0; path = MapboxStatic.framework; sourceTree = BUILT_PRODUCTS_DIR; };
		DAF15A4B1CE90A6C0040E86C /* MapboxStatic (Objective-C).app */ = {isa = PBXFileReference; explicitFileType = wrapper.application; includeInIndex = 0; path = "MapboxStatic (Objective-C).app"; sourceTree = BUILT_PRODUCTS_DIR; };
		DAF15A4E1CE90A6C0040E86C /* main.m */ = {isa = PBXFileReference; lastKnownFileType = sourcecode.c.objc; path = main.m; sourceTree = "<group>"; };
		DAF15A501CE90A6C0040E86C /* AppDelegate.h */ = {isa = PBXFileReference; lastKnownFileType = sourcecode.c.h; path = AppDelegate.h; sourceTree = "<group>"; };
		DAF15A511CE90A6C0040E86C /* AppDelegate.m */ = {isa = PBXFileReference; lastKnownFileType = sourcecode.c.objc; path = AppDelegate.m; sourceTree = "<group>"; };
		DAF15A531CE90A6C0040E86C /* ViewController.h */ = {isa = PBXFileReference; lastKnownFileType = sourcecode.c.h; path = ViewController.h; sourceTree = "<group>"; };
		DAF15A541CE90A6C0040E86C /* ViewController.m */ = {isa = PBXFileReference; lastKnownFileType = sourcecode.c.objc; path = ViewController.m; sourceTree = "<group>"; };
		DD0C88161BE1A9D400606E9F /* polyline.geojson */ = {isa = PBXFileReference; fileEncoding = 4; lastKnownFileType = text; path = polyline.geojson; sourceTree = "<group>"; };
		DDAD19591BD9B1780057AC9F /* MapboxStatic (Swift).app */ = {isa = PBXFileReference; explicitFileType = wrapper.application; includeInIndex = 0; path = "MapboxStatic (Swift).app"; sourceTree = BUILT_PRODUCTS_DIR; };
		DDAD196E1BD9B1A50057AC9F /* AppDelegate.swift */ = {isa = PBXFileReference; fileEncoding = 4; lastKnownFileType = sourcecode.swift; path = AppDelegate.swift; sourceTree = "<group>"; };
		DDAD196F1BD9B1A50057AC9F /* Info.plist */ = {isa = PBXFileReference; fileEncoding = 4; lastKnownFileType = text.plist.xml; path = Info.plist; sourceTree = "<group>"; };
		DDAD19701BD9B1A50057AC9F /* ViewController.swift */ = {isa = PBXFileReference; fileEncoding = 4; lastKnownFileType = sourcecode.swift; path = ViewController.swift; sourceTree = "<group>"; };
		DDAD19781BD9B24F0057AC9F /* MapboxStaticTests.xctest */ = {isa = PBXFileReference; explicitFileType = wrapper.cfbundle; includeInIndex = 0; path = MapboxStaticTests.xctest; sourceTree = BUILT_PRODUCTS_DIR; };
		DDAD19831BD9B2F80057AC9F /* MapboxStaticTests.swift */ = {isa = PBXFileReference; fileEncoding = 4; lastKnownFileType = sourcecode.swift; path = MapboxStaticTests.swift; sourceTree = "<group>"; };
		DDAD19841BD9B2F80057AC9F /* Info.plist */ = {isa = PBXFileReference; fileEncoding = 4; lastKnownFileType = text.plist.xml; path = Info.plist; sourceTree = "<group>"; };
		DDAD19871BD9B3970057AC9F /* Snapshot.swift */ = {isa = PBXFileReference; fileEncoding = 4; lastKnownFileType = sourcecode.swift; path = Snapshot.swift; sourceTree = "<group>"; };
/* End PBXFileReference section */

/* Begin PBXFrameworksBuildPhase section */
		DA20FB971CE3DEBB00B07762 /* Frameworks */ = {
			isa = PBXFrameworksBuildPhase;
			buildActionMask = 2147483647;
			files = (
				DA0584D61E5EE5E6006F138F /* Polyline.framework in Frameworks */,
			);
			runOnlyForDeploymentPostprocessing = 0;
		};
		DA20FBB51CE4757E00B07762 /* Frameworks */ = {
			isa = PBXFrameworksBuildPhase;
			buildActionMask = 2147483647;
			files = (
				DA0584D81E5EE601006F138F /* Polyline.framework in Frameworks */,
			);
			runOnlyForDeploymentPostprocessing = 0;
		};
		DA20FBBF1CE4757E00B07762 /* Frameworks */ = {
			isa = PBXFrameworksBuildPhase;
			buildActionMask = 2147483647;
			files = (
				DA9CC68D1E5C551000A14964 /* OHHTTPStubs.framework in Frameworks */,
				DAA4014E1E7652F600998ACE /* Polyline.framework in Frameworks */,
			);
			runOnlyForDeploymentPostprocessing = 0;
		};
		DA4B4B8E1CE8F83100296A52 /* Frameworks */ = {
			isa = PBXFrameworksBuildPhase;
			buildActionMask = 2147483647;
			files = (
				DA0584DA1E5EE60A006F138F /* Polyline.framework in Frameworks */,
			);
			runOnlyForDeploymentPostprocessing = 0;
		};
		DA4B4B981CE8F83100296A52 /* Frameworks */ = {
			isa = PBXFrameworksBuildPhase;
			buildActionMask = 2147483647;
			files = (
				DA9CC68F1E5C551500A14964 /* OHHTTPStubs.framework in Frameworks */,
				DAA4014F1E7652FB00998ACE /* Polyline.framework in Frameworks */,
			);
			runOnlyForDeploymentPostprocessing = 0;
		};
		DAF15A371CE8FB8D0040E86C /* Frameworks */ = {
			isa = PBXFrameworksBuildPhase;
			buildActionMask = 2147483647;
			files = (
				DA0584DC1E5EE60F006F138F /* Polyline.framework in Frameworks */,
			);
			runOnlyForDeploymentPostprocessing = 0;
		};
		DAF15A481CE90A6C0040E86C /* Frameworks */ = {
			isa = PBXFrameworksBuildPhase;
			buildActionMask = 2147483647;
			files = (
				DAA401561E7656F000998ACE /* MapboxStatic.framework in Frameworks */,
			);
			runOnlyForDeploymentPostprocessing = 0;
		};
		DDAD19561BD9B1780057AC9F /* Frameworks */ = {
			isa = PBXFrameworksBuildPhase;
			buildActionMask = 2147483647;
			files = (
				DAA401531E7656B900998ACE /* MapboxStatic.framework in Frameworks */,
			);
			runOnlyForDeploymentPostprocessing = 0;
		};
		DDAD19751BD9B24F0057AC9F /* Frameworks */ = {
			isa = PBXFrameworksBuildPhase;
			buildActionMask = 2147483647;
			files = (
				DA9CC68B1E5C550000A14964 /* OHHTTPStubs.framework in Frameworks */,
				DAA4014D1E7652EE00998ACE /* Polyline.framework in Frameworks */,
			);
			runOnlyForDeploymentPostprocessing = 0;
		};
/* End PBXFrameworksBuildPhase section */

/* Begin PBXGroup section */
		DA20FB9C1CE3DEBB00B07762 /* MapboxStatic */ = {
			isa = PBXGroup;
			children = (
				DA20FB9D1CE3DEBB00B07762 /* MapboxStatic.h */,
				DDAD19871BD9B3970057AC9F /* Snapshot.swift */,
				DA1BA2161E6BA8CB007F9FAC /* SnapshotOptions.swift */,
				DA1BA20C1E6B4A90007F9FAC /* ClassicSnapshotOptions.swift */,
				DA1BA21B1E6BA918007F9FAC /* MarkerOptions.swift */,
				DA20FBAB1CE4026B00B07762 /* Overlay.swift */,
				DA20FBA91CE401E800B07762 /* Color.swift */,
				DA20FB9F1CE3DEBB00B07762 /* Info.plist */,
			);
			name = MapboxStatic;
			path = Sources/MapboxStatic;
			sourceTree = "<group>";
		};
		DA9CC6891E5C550000A14964 /* Frameworks */ = {
			isa = PBXGroup;
			children = (
				DA0584DB1E5EE60F006F138F /* Polyline.framework */,
				DA0584D91E5EE60A006F138F /* Polyline.framework */,
				DA0584D71E5EE601006F138F /* Polyline.framework */,
				DA0584D51E5EE5E6006F138F /* Polyline.framework */,
				DA9CC68E1E5C551500A14964 /* OHHTTPStubs.framework */,
				DA9CC68C1E5C551000A14964 /* OHHTTPStubs.framework */,
				DA9CC68A1E5C550000A14964 /* OHHTTPStubs.framework */,
			);
			name = Frameworks;
			sourceTree = "<group>";
		};
		DAF15A4C1CE90A6C0040E86C /* Objective-C */ = {
			isa = PBXGroup;
			children = (
				DAF15A501CE90A6C0040E86C /* AppDelegate.h */,
				DAF15A511CE90A6C0040E86C /* AppDelegate.m */,
				DAF15A531CE90A6C0040E86C /* ViewController.h */,
				DAF15A541CE90A6C0040E86C /* ViewController.m */,
				DAF15A4E1CE90A6C0040E86C /* main.m */,
			);
			name = "Objective-C";
			sourceTree = "<group>";
		};
		DAF15A621CE90AA60040E86C /* Swift */ = {
			isa = PBXGroup;
			children = (
				DDAD196E1BD9B1A50057AC9F /* AppDelegate.swift */,
				DDAD19701BD9B1A50057AC9F /* ViewController.swift */,
			);
			name = Swift;
			sourceTree = "<group>";
		};
		DD0C88151BE1A9CC00606E9F /* Fixtures */ = {
			isa = PBXGroup;
			children = (
				DA1BA2281E6CF00C007F9FAC /* basic.png */,
				DA1BA2291E6CF00C007F9FAC /* basic@2x.png */,
				DAE8CCB31E6E9770009B5CB0 /* basic-gl.png */,
				DAE8CCB71E6E97A5009B5CB0 /* basic-gl@2x.png */,
				DA1BA2751E6D2014007F9FAC /* cafe.png */,
				DA1BA2311E6D174E007F9FAC /* center.png */,
				DAE8CCBB1E6E9842009B5CB0 /* center-gl.png */,
				DA1BA2611E6D1B92007F9FAC /* format.jpg */,
				DA1BA2621E6D1B92007F9FAC /* format.jpg70 */,
				DA1BA2631E6D1B92007F9FAC /* format.jpg80 */,
				DA1BA2641E6D1B92007F9FAC /* format.jpg90 */,
				DA1BA24D1E6D1B5B007F9FAC /* format.png */,
				DA1BA24E1E6D1B5B007F9FAC /* format.png32 */,
				DA1BA24F1E6D1B5B007F9FAC /* format.png64 */,
				DA1BA2501E6D1B5B007F9FAC /* format.png128 */,
				DA1BA2511E6D1B5B007F9FAC /* format.png256 */,
				DA1BA2811E6D3386007F9FAC /* geojson.png */,
				DA1BA2791E6D23DD007F9FAC /* marker.png */,
				DA031C6D1E6F76FA007CA06A /* no-attribution.png */,
				DA031C691E6F4A7C007CA06A /* no-logo.png */,
				DA1BA2851E6D39AE007F9FAC /* path.png */,
				DD0C88161BE1A9D400606E9F /* polyline.geojson */,
				DA1BA27D1E6D2DE3007F9FAC /* rocket.png */,
				DA031C611E6F4824007CA06A /* rotate.png */,
				DA031C651E6F487E007CA06A /* tilt.png */,
				DA1BA2391E6D17B5007F9FAC /* zoom.png */,
				DAE8CCC31E6E992E009B5CB0 /* zoom-gl.png */,
			);
			name = Fixtures;
			path = fixtures;
			sourceTree = "<group>";
		};
		DDAD19501BD9B1780057AC9F = {
			isa = PBXGroup;
			children = (
				DA20FBB21CE4682200B07762 /* iOS.playground */,
				DA20FBB31CE474CA00B07762 /* macOS.playground */,
				DDAD195B1BD9B1780057AC9F /* Example */,
				DA20FB9C1CE3DEBB00B07762 /* MapboxStatic */,
				DDAD19791BD9B24F0057AC9F /* MapboxStaticTests */,
				DDAD195A1BD9B1780057AC9F /* Products */,
				DA9CC6891E5C550000A14964 /* Frameworks */,
			);
			sourceTree = "<group>";
		};
		DDAD195A1BD9B1780057AC9F /* Products */ = {
			isa = PBXGroup;
			children = (
				DDAD19591BD9B1780057AC9F /* MapboxStatic (Swift).app */,
				DDAD19781BD9B24F0057AC9F /* MapboxStaticTests.xctest */,
				DA20FB9B1CE3DEBB00B07762 /* MapboxStatic.framework */,
				DA20FBB91CE4757E00B07762 /* MapboxStatic.framework */,
				DA20FBC21CE4757E00B07762 /* MapboxStaticTests.xctest */,
				DA4B4B921CE8F83100296A52 /* MapboxStatic.framework */,
				DA4B4B9B1CE8F83100296A52 /* MapboxStaticTests.xctest */,
				DAF15A3B1CE8FB8D0040E86C /* MapboxStatic.framework */,
				DAF15A4B1CE90A6C0040E86C /* MapboxStatic (Objective-C).app */,
			);
			name = Products;
			sourceTree = "<group>";
		};
		DDAD195B1BD9B1780057AC9F /* Example */ = {
			isa = PBXGroup;
			children = (
				DAF15A621CE90AA60040E86C /* Swift */,
				DAF15A4C1CE90A6C0040E86C /* Objective-C */,
				DDAD196F1BD9B1A50057AC9F /* Info.plist */,
				DAF158871D03E7AC00829B35 /* Launch Screen.storyboard */,
			);
			path = Example;
			sourceTree = "<group>";
		};
		DDAD19791BD9B24F0057AC9F /* MapboxStaticTests */ = {
			isa = PBXGroup;
			children = (
				DDAD19831BD9B2F80057AC9F /* MapboxStaticTests.swift */,
				DAE8CCAF1E6E8E6B009B5CB0 /* SnapshotTests.swift */,
				DA1BA2201E6CD572007F9FAC /* ClassicSnapshotTests.swift */,
				DA1BA2711E6D1E8E007F9FAC /* ClassicOverlayTests.swift */,
				DDAD19841BD9B2F80057AC9F /* Info.plist */,
				DD0C88151BE1A9CC00606E9F /* Fixtures */,
			);
			name = MapboxStaticTests;
			path = Tests/MapboxStaticTests;
			sourceTree = "<group>";
		};
/* End PBXGroup section */

/* Begin PBXHeadersBuildPhase section */
		DA20FB981CE3DEBB00B07762 /* Headers */ = {
			isa = PBXHeadersBuildPhase;
			buildActionMask = 2147483647;
			files = (
				DA20FB9E1CE3DEBB00B07762 /* MapboxStatic.h in Headers */,
			);
			runOnlyForDeploymentPostprocessing = 0;
		};
		DA20FBB61CE4757E00B07762 /* Headers */ = {
			isa = PBXHeadersBuildPhase;
			buildActionMask = 2147483647;
			files = (
				DA20FBD01CE475F300B07762 /* MapboxStatic.h in Headers */,
			);
			runOnlyForDeploymentPostprocessing = 0;
		};
		DA4B4B8F1CE8F83100296A52 /* Headers */ = {
			isa = PBXHeadersBuildPhase;
			buildActionMask = 2147483647;
			files = (
				DA4B4BA91CE8F87000296A52 /* MapboxStatic.h in Headers */,
			);
			runOnlyForDeploymentPostprocessing = 0;
		};
		DAF15A381CE8FB8D0040E86C /* Headers */ = {
			isa = PBXHeadersBuildPhase;
			buildActionMask = 2147483647;
			files = (
				DAF15A431CE8FBBC0040E86C /* MapboxStatic.h in Headers */,
			);
			runOnlyForDeploymentPostprocessing = 0;
		};
/* End PBXHeadersBuildPhase section */

/* Begin PBXNativeTarget section */
		DA20FB9A1CE3DEBB00B07762 /* MapboxStatic */ = {
			isa = PBXNativeTarget;
			buildConfigurationList = DA20FBA41CE3DEBB00B07762 /* Build configuration list for PBXNativeTarget "MapboxStatic" */;
			buildPhases = (
				DA20FB961CE3DEBB00B07762 /* Sources */,
				DA20FB971CE3DEBB00B07762 /* Frameworks */,
				DA20FB981CE3DEBB00B07762 /* Headers */,
				DA20FB991CE3DEBB00B07762 /* Resources */,
			);
			buildRules = (
			);
			dependencies = (
			);
			name = MapboxStatic;
			productName = MapboxStatic;
			productReference = DA20FB9B1CE3DEBB00B07762 /* MapboxStatic.framework */;
			productType = "com.apple.product-type.framework";
		};
		DA20FBB81CE4757E00B07762 /* MapboxStaticMac */ = {
			isa = PBXNativeTarget;
			buildConfigurationList = DA20FBCA1CE4757E00B07762 /* Build configuration list for PBXNativeTarget "MapboxStaticMac" */;
			buildPhases = (
				DA20FBB41CE4757E00B07762 /* Sources */,
				DA20FBB51CE4757E00B07762 /* Frameworks */,
				DA20FBB61CE4757E00B07762 /* Headers */,
				DA20FBB71CE4757E00B07762 /* Resources */,
			);
			buildRules = (
			);
			dependencies = (
			);
			name = MapboxStaticMac;
			productName = MapboxStaticMac;
			productReference = DA20FBB91CE4757E00B07762 /* MapboxStatic.framework */;
			productType = "com.apple.product-type.framework";
		};
		DA20FBC11CE4757E00B07762 /* MapboxStaticMacTests */ = {
			isa = PBXNativeTarget;
			buildConfigurationList = DA20FBCD1CE4757E00B07762 /* Build configuration list for PBXNativeTarget "MapboxStaticMacTests" */;
			buildPhases = (
				DA20FBBE1CE4757E00B07762 /* Sources */,
				DA20FBBF1CE4757E00B07762 /* Frameworks */,
				DA20FBC01CE4757E00B07762 /* Resources */,
				DA9CC6911E5C572200A14964 /* Copy Frameworks */,
			);
			buildRules = (
			);
			dependencies = (
				DA20FBC51CE4757E00B07762 /* PBXTargetDependency */,
			);
			name = MapboxStaticMacTests;
			productName = MapboxStaticMacTests;
			productReference = DA20FBC21CE4757E00B07762 /* MapboxStaticTests.xctest */;
			productType = "com.apple.product-type.bundle.unit-test";
		};
		DA4B4B911CE8F83100296A52 /* MapboxStaticTV */ = {
			isa = PBXNativeTarget;
			buildConfigurationList = DA4B4BA71CE8F83100296A52 /* Build configuration list for PBXNativeTarget "MapboxStaticTV" */;
			buildPhases = (
				DA4B4B8D1CE8F83100296A52 /* Sources */,
				DA4B4B8E1CE8F83100296A52 /* Frameworks */,
				DA4B4B8F1CE8F83100296A52 /* Headers */,
				DA4B4B901CE8F83100296A52 /* Resources */,
			);
			buildRules = (
			);
			dependencies = (
			);
			name = MapboxStaticTV;
			productName = MapboxStaticTV;
			productReference = DA4B4B921CE8F83100296A52 /* MapboxStatic.framework */;
			productType = "com.apple.product-type.framework";
		};
		DA4B4B9A1CE8F83100296A52 /* MapboxStaticTVTests */ = {
			isa = PBXNativeTarget;
			buildConfigurationList = DA4B4BA81CE8F83100296A52 /* Build configuration list for PBXNativeTarget "MapboxStaticTVTests" */;
			buildPhases = (
				DA4B4B971CE8F83100296A52 /* Sources */,
				DA4B4B981CE8F83100296A52 /* Frameworks */,
				DA4B4B991CE8F83100296A52 /* Resources */,
				DA9CC6921E5C574400A14964 /* Copy Frameworks */,
			);
			buildRules = (
			);
			dependencies = (
				DA4B4B9E1CE8F83100296A52 /* PBXTargetDependency */,
			);
			name = MapboxStaticTVTests;
			productName = MapboxStaticTVTests;
			productReference = DA4B4B9B1CE8F83100296A52 /* MapboxStaticTests.xctest */;
			productType = "com.apple.product-type.bundle.unit-test";
		};
		DAF15A3A1CE8FB8D0040E86C /* MapboxStaticWatch */ = {
			isa = PBXNativeTarget;
			buildConfigurationList = DAF15A421CE8FB8D0040E86C /* Build configuration list for PBXNativeTarget "MapboxStaticWatch" */;
			buildPhases = (
				DAF15A361CE8FB8D0040E86C /* Sources */,
				DAF15A371CE8FB8D0040E86C /* Frameworks */,
				DAF15A381CE8FB8D0040E86C /* Headers */,
				DAF15A391CE8FB8D0040E86C /* Resources */,
			);
			buildRules = (
			);
			dependencies = (
			);
			name = MapboxStaticWatch;
			productName = MapboxStaticWatch;
			productReference = DAF15A3B1CE8FB8D0040E86C /* MapboxStatic.framework */;
			productType = "com.apple.product-type.framework";
		};
		DAF15A4A1CE90A6C0040E86C /* Example (Objective-C) */ = {
			isa = PBXNativeTarget;
			buildConfigurationList = DAF15A5F1CE90A6C0040E86C /* Build configuration list for PBXNativeTarget "Example (Objective-C)" */;
			buildPhases = (
				DAF15A471CE90A6C0040E86C /* Sources */,
				DAF15A481CE90A6C0040E86C /* Frameworks */,
				DAF15A491CE90A6C0040E86C /* Resources */,
				DAA401581E7656F000998ACE /* Embed Frameworks */,
			);
			buildRules = (
			);
			dependencies = (
				DAF15A661CE90CE70040E86C /* PBXTargetDependency */,
			);
			name = "Example (Objective-C)";
			productName = ExampleObjC;
			productReference = DAF15A4B1CE90A6C0040E86C /* MapboxStatic (Objective-C).app */;
			productType = "com.apple.product-type.application";
		};
		DDAD19581BD9B1780057AC9F /* Example (Swift) */ = {
			isa = PBXNativeTarget;
			buildConfigurationList = DDAD196B1BD9B1780057AC9F /* Build configuration list for PBXNativeTarget "Example (Swift)" */;
			buildPhases = (
				DDAD19551BD9B1780057AC9F /* Sources */,
				DDAD19561BD9B1780057AC9F /* Frameworks */,
				DDAD19571BD9B1780057AC9F /* Resources */,
				DAA401551E7656B900998ACE /* Embed Frameworks */,
			);
			buildRules = (
			);
			dependencies = (
				DA20FBA11CE3DEBB00B07762 /* PBXTargetDependency */,
			);
			name = "Example (Swift)";
			productName = "Sample App";
			productReference = DDAD19591BD9B1780057AC9F /* MapboxStatic (Swift).app */;
			productType = "com.apple.product-type.application";
		};
		DDAD19771BD9B24F0057AC9F /* MapboxStaticTests */ = {
			isa = PBXNativeTarget;
			buildConfigurationList = DDAD197F1BD9B24F0057AC9F /* Build configuration list for PBXNativeTarget "MapboxStaticTests" */;
			buildPhases = (
				DDAD19741BD9B24F0057AC9F /* Sources */,
				DDAD19751BD9B24F0057AC9F /* Frameworks */,
				DDAD19761BD9B24F0057AC9F /* Resources */,
				DA9CC6901E5C570C00A14964 /* Copy Frameworks */,
			);
			buildRules = (
			);
			dependencies = (
				DDAD197E1BD9B24F0057AC9F /* PBXTargetDependency */,
			);
			name = MapboxStaticTests;
			productName = "Unit Tests";
			productReference = DDAD19781BD9B24F0057AC9F /* MapboxStaticTests.xctest */;
			productType = "com.apple.product-type.bundle.unit-test";
		};
/* End PBXNativeTarget section */

/* Begin PBXProject section */
		DDAD19511BD9B1780057AC9F /* Project object */ = {
			isa = PBXProject;
			attributes = {
				LastSwiftUpdateCheck = 0730;
				LastUpgradeCheck = 1020;
				ORGANIZATIONNAME = Mapbox;
				TargetAttributes = {
					DA20FB9A1CE3DEBB00B07762 = {
						CreatedOnToolsVersion = 7.3.1;
						LastSwiftMigration = 1000;
					};
					DA20FBB81CE4757E00B07762 = {
						CreatedOnToolsVersion = 7.3.1;
						LastSwiftMigration = 1020;
					};
					DA20FBC11CE4757E00B07762 = {
						CreatedOnToolsVersion = 7.3.1;
						LastSwiftMigration = 1020;
					};
					DA4B4B911CE8F83100296A52 = {
						CreatedOnToolsVersion = 7.3.1;
						LastSwiftMigration = 0820;
					};
					DA4B4B9A1CE8F83100296A52 = {
						CreatedOnToolsVersion = 7.3.1;
						LastSwiftMigration = 0820;
					};
					DAF15A3A1CE8FB8D0040E86C = {
						CreatedOnToolsVersion = 7.3.1;
						LastSwiftMigration = 0820;
					};
					DAF15A4A1CE90A6C0040E86C = {
						CreatedOnToolsVersion = 7.3.1;
					};
					DDAD19581BD9B1780057AC9F = {
						CreatedOnToolsVersion = 7.1;
						LastSwiftMigration = 1000;
					};
					DDAD19771BD9B24F0057AC9F = {
						CreatedOnToolsVersion = 7.1;
						LastSwiftMigration = 1000;
					};
				};
			};
			buildConfigurationList = DDAD19541BD9B1780057AC9F /* Build configuration list for PBXProject "MapboxStatic" */;
			compatibilityVersion = "Xcode 3.2";
			developmentRegion = en;
			hasScannedForEncodings = 0;
			knownRegions = (
				en,
				Base,
			);
			mainGroup = DDAD19501BD9B1780057AC9F;
			productRefGroup = DDAD195A1BD9B1780057AC9F /* Products */;
			projectDirPath = "";
			projectRoot = "";
			targets = (
				DDAD19581BD9B1780057AC9F /* Example (Swift) */,
				DAF15A4A1CE90A6C0040E86C /* Example (Objective-C) */,
				DA20FB9A1CE3DEBB00B07762 /* MapboxStatic */,
				DDAD19771BD9B24F0057AC9F /* MapboxStaticTests */,
				DA20FBB81CE4757E00B07762 /* MapboxStaticMac */,
				DA20FBC11CE4757E00B07762 /* MapboxStaticMacTests */,
				DA4B4B911CE8F83100296A52 /* MapboxStaticTV */,
				DA4B4B9A1CE8F83100296A52 /* MapboxStaticTVTests */,
				DAF15A3A1CE8FB8D0040E86C /* MapboxStaticWatch */,
			);
		};
/* End PBXProject section */

/* Begin PBXResourcesBuildPhase section */
		DA20FB991CE3DEBB00B07762 /* Resources */ = {
			isa = PBXResourcesBuildPhase;
			buildActionMask = 2147483647;
			files = (
			);
			runOnlyForDeploymentPostprocessing = 0;
		};
		DA20FBB71CE4757E00B07762 /* Resources */ = {
			isa = PBXResourcesBuildPhase;
			buildActionMask = 2147483647;
			files = (
			);
			runOnlyForDeploymentPostprocessing = 0;
		};
		DA20FBC01CE4757E00B07762 /* Resources */ = {
			isa = PBXResourcesBuildPhase;
			buildActionMask = 2147483647;
			files = (
				DAE8CCC51E6E992E009B5CB0 /* zoom-gl.png in Resources */,
				DA1BA2301E6CF44C007F9FAC /* basic.png in Resources */,
				DA1BA23B1E6D17B5007F9FAC /* zoom.png in Resources */,
				DA1BA2831E6D3386007F9FAC /* geojson.png in Resources */,
				DA1BA25F1E6D1B5C007F9FAC /* format.png256 in Resources */,
				DA1BA25C1E6D1B5C007F9FAC /* format.png128 in Resources */,
				DA1BA2591E6D1B5C007F9FAC /* format.png64 in Resources */,
				DA20FBD51CE4760100B07762 /* polyline.geojson in Resources */,
				DA1BA2661E6D1B92007F9FAC /* format.jpg in Resources */,
				DA1BA26C1E6D1B92007F9FAC /* format.jpg80 in Resources */,
				DA1BA2691E6D1B92007F9FAC /* format.jpg70 in Resources */,
				DA1BA2341E6D174E007F9FAC /* center.png in Resources */,
				DAE8CCBE1E6E9842009B5CB0 /* center-gl.png in Resources */,
				DA031C6F1E6F76FA007CA06A /* no-attribution.png in Resources */,
				DA1BA2531E6D1B5C007F9FAC /* format.png in Resources */,
				DA1BA2871E6D39AE007F9FAC /* path.png in Resources */,
				DA1BA2771E6D2014007F9FAC /* cafe.png in Resources */,
				DA031C671E6F487E007CA06A /* tilt.png in Resources */,
				DA1BA26F1E6D1B92007F9FAC /* format.jpg90 in Resources */,
				DA1BA2561E6D1B5C007F9FAC /* format.png32 in Resources */,
				DA031C6B1E6F4A7C007CA06A /* no-logo.png in Resources */,
				DA1BA22E1E6CF00C007F9FAC /* basic@2x.png in Resources */,
				DAE8CCB51E6E9770009B5CB0 /* basic-gl.png in Resources */,
				DA031C631E6F4824007CA06A /* rotate.png in Resources */,
				DA1BA27B1E6D23DD007F9FAC /* marker.png in Resources */,
				DAE8CCB91E6E97A5009B5CB0 /* basic-gl@2x.png in Resources */,
				DA1BA27F1E6D2DE3007F9FAC /* rocket.png in Resources */,
			);
			runOnlyForDeploymentPostprocessing = 0;
		};
		DA4B4B901CE8F83100296A52 /* Resources */ = {
			isa = PBXResourcesBuildPhase;
			buildActionMask = 2147483647;
			files = (
			);
			runOnlyForDeploymentPostprocessing = 0;
		};
		DA4B4B991CE8F83100296A52 /* Resources */ = {
			isa = PBXResourcesBuildPhase;
			buildActionMask = 2147483647;
			files = (
				DAE8CCC61E6E992E009B5CB0 /* zoom-gl.png in Resources */,
				DA1BA22C1E6CF00C007F9FAC /* basic.png in Resources */,
				DA1BA23C1E6D17B5007F9FAC /* zoom.png in Resources */,
				DA1BA2841E6D3386007F9FAC /* geojson.png in Resources */,
				DA1BA2601E6D1B5C007F9FAC /* format.png256 in Resources */,
				DA1BA25D1E6D1B5C007F9FAC /* format.png128 in Resources */,
				DA1BA25A1E6D1B5C007F9FAC /* format.png64 in Resources */,
				DA4B4BAE1CE8F87C00296A52 /* polyline.geojson in Resources */,
				DA1BA2671E6D1B92007F9FAC /* format.jpg in Resources */,
				DA1BA26D1E6D1B92007F9FAC /* format.jpg80 in Resources */,
				DA1BA26A1E6D1B92007F9FAC /* format.jpg70 in Resources */,
				DA1BA2351E6D174E007F9FAC /* center.png in Resources */,
				DAE8CCBF1E6E9842009B5CB0 /* center-gl.png in Resources */,
				DA031C701E6F76FA007CA06A /* no-attribution.png in Resources */,
				DA1BA2541E6D1B5C007F9FAC /* format.png in Resources */,
				DA1BA2881E6D39AE007F9FAC /* path.png in Resources */,
				DA1BA2781E6D2014007F9FAC /* cafe.png in Resources */,
				DA031C681E6F487E007CA06A /* tilt.png in Resources */,
				DA1BA2701E6D1B92007F9FAC /* format.jpg90 in Resources */,
				DA1BA2571E6D1B5C007F9FAC /* format.png32 in Resources */,
				DA031C6C1E6F4A7C007CA06A /* no-logo.png in Resources */,
				DA1BA22F1E6CF00C007F9FAC /* basic@2x.png in Resources */,
				DAE8CCB61E6E9770009B5CB0 /* basic-gl.png in Resources */,
				DA031C641E6F4824007CA06A /* rotate.png in Resources */,
				DA1BA27C1E6D23DD007F9FAC /* marker.png in Resources */,
				DAE8CCBA1E6E97A5009B5CB0 /* basic-gl@2x.png in Resources */,
				DA1BA2801E6D2DE3007F9FAC /* rocket.png in Resources */,
			);
			runOnlyForDeploymentPostprocessing = 0;
		};
		DAF15A391CE8FB8D0040E86C /* Resources */ = {
			isa = PBXResourcesBuildPhase;
			buildActionMask = 2147483647;
			files = (
			);
			runOnlyForDeploymentPostprocessing = 0;
		};
		DAF15A491CE90A6C0040E86C /* Resources */ = {
			isa = PBXResourcesBuildPhase;
			buildActionMask = 2147483647;
			files = (
				DAF158891D03E7AC00829B35 /* Launch Screen.storyboard in Resources */,
			);
			runOnlyForDeploymentPostprocessing = 0;
		};
		DDAD19571BD9B1780057AC9F /* Resources */ = {
			isa = PBXResourcesBuildPhase;
			buildActionMask = 2147483647;
			files = (
				DAF158881D03E7AC00829B35 /* Launch Screen.storyboard in Resources */,
			);
			runOnlyForDeploymentPostprocessing = 0;
		};
		DDAD19761BD9B24F0057AC9F /* Resources */ = {
			isa = PBXResourcesBuildPhase;
			buildActionMask = 2147483647;
			files = (
				DAE8CCC41E6E992E009B5CB0 /* zoom-gl.png in Resources */,
				DA1BA22A1E6CF00C007F9FAC /* basic.png in Resources */,
				DA1BA23A1E6D17B5007F9FAC /* zoom.png in Resources */,
				DA1BA2821E6D3386007F9FAC /* geojson.png in Resources */,
				DA1BA25E1E6D1B5C007F9FAC /* format.png256 in Resources */,
				DA1BA25B1E6D1B5C007F9FAC /* format.png128 in Resources */,
				DA1BA2581E6D1B5C007F9FAC /* format.png64 in Resources */,
				DD0C88181BE1A9E100606E9F /* polyline.geojson in Resources */,
				DA1BA2651E6D1B92007F9FAC /* format.jpg in Resources */,
				DA1BA26B1E6D1B92007F9FAC /* format.jpg80 in Resources */,
				DA1BA2681E6D1B92007F9FAC /* format.jpg70 in Resources */,
				DA1BA2331E6D174E007F9FAC /* center.png in Resources */,
				DAE8CCBD1E6E9842009B5CB0 /* center-gl.png in Resources */,
				DA031C6E1E6F76FA007CA06A /* no-attribution.png in Resources */,
				DA1BA2521E6D1B5B007F9FAC /* format.png in Resources */,
				DA1BA2861E6D39AE007F9FAC /* path.png in Resources */,
				DA1BA2761E6D2014007F9FAC /* cafe.png in Resources */,
				DA031C661E6F487E007CA06A /* tilt.png in Resources */,
				DA1BA26E1E6D1B92007F9FAC /* format.jpg90 in Resources */,
				DA1BA2551E6D1B5C007F9FAC /* format.png32 in Resources */,
				DA031C6A1E6F4A7C007CA06A /* no-logo.png in Resources */,
				DA1BA22D1E6CF00C007F9FAC /* basic@2x.png in Resources */,
				DAE8CCB41E6E9770009B5CB0 /* basic-gl.png in Resources */,
				DA031C621E6F4824007CA06A /* rotate.png in Resources */,
				DA1BA27A1E6D23DD007F9FAC /* marker.png in Resources */,
				DAE8CCB81E6E97A5009B5CB0 /* basic-gl@2x.png in Resources */,
				DA1BA27E1E6D2DE3007F9FAC /* rocket.png in Resources */,
			);
			runOnlyForDeploymentPostprocessing = 0;
		};
/* End PBXResourcesBuildPhase section */

/* Begin PBXShellScriptBuildPhase section */
		DA9CC6901E5C570C00A14964 /* Copy Frameworks */ = {
			isa = PBXShellScriptBuildPhase;
			buildActionMask = 2147483647;
			files = (
			);
			inputPaths = (
				"$(SRCROOT)/Carthage/Build/iOS/OHHTTPStubs.framework",
				"$(SRCROOT)/Carthage/Build/iOS/Polyline.framework",
			);
			name = "Copy Frameworks";
			outputPaths = (
			);
			runOnlyForDeploymentPostprocessing = 0;
			shellPath = /bin/sh;
			shellScript = "/usr/local/bin/carthage copy-frameworks";
		};
		DA9CC6911E5C572200A14964 /* Copy Frameworks */ = {
			isa = PBXShellScriptBuildPhase;
			buildActionMask = 2147483647;
			files = (
			);
			inputPaths = (
				"$(SRCROOT)/Carthage/Build/Mac/OHHTTPStubs.framework",
				"$(SRCROOT)/Carthage/Build/Mac/Polyline.framework",
			);
			name = "Copy Frameworks";
			outputPaths = (
			);
			runOnlyForDeploymentPostprocessing = 0;
			shellPath = /bin/sh;
			shellScript = "/usr/local/bin/carthage copy-frameworks ";
		};
		DA9CC6921E5C574400A14964 /* Copy Frameworks */ = {
			isa = PBXShellScriptBuildPhase;
			buildActionMask = 2147483647;
			files = (
			);
			inputPaths = (
				"$(SRCROOT)/Carthage/Build/tvOS/OHHTTPStubs.framework",
				"$(SRCROOT)/Carthage/Build/tvOS/Polyline.framework",
			);
			name = "Copy Frameworks";
			outputPaths = (
			);
			runOnlyForDeploymentPostprocessing = 0;
			shellPath = /bin/sh;
			shellScript = "/usr/local/bin/carthage copy-frameworks";
		};
/* End PBXShellScriptBuildPhase section */

/* Begin PBXSourcesBuildPhase section */
		DA20FB961CE3DEBB00B07762 /* Sources */ = {
			isa = PBXSourcesBuildPhase;
			buildActionMask = 2147483647;
			files = (
				DA1BA21C1E6BA918007F9FAC /* MarkerOptions.swift in Sources */,
				DA1BA2171E6BA8CB007F9FAC /* SnapshotOptions.swift in Sources */,
				DA20FBA81CE3DF6900B07762 /* Snapshot.swift in Sources */,
				DA20FBAC1CE4026B00B07762 /* Overlay.swift in Sources */,
				DA1BA20D1E6B4A90007F9FAC /* ClassicSnapshotOptions.swift in Sources */,
				DA20FBAA1CE401E800B07762 /* Color.swift in Sources */,
			);
			runOnlyForDeploymentPostprocessing = 0;
		};
		DA20FBB41CE4757E00B07762 /* Sources */ = {
			isa = PBXSourcesBuildPhase;
			buildActionMask = 2147483647;
			files = (
				DA1BA21D1E6BA918007F9FAC /* MarkerOptions.swift in Sources */,
				DA1BA2181E6BA8CB007F9FAC /* SnapshotOptions.swift in Sources */,
				DA20FBD21CE475F300B07762 /* Overlay.swift in Sources */,
				DA20FBD31CE475F300B07762 /* Color.swift in Sources */,
				DA1BA20E1E6B4A90007F9FAC /* ClassicSnapshotOptions.swift in Sources */,
				DA20FBD11CE475F300B07762 /* Snapshot.swift in Sources */,
			);
			runOnlyForDeploymentPostprocessing = 0;
		};
		DA20FBBE1CE4757E00B07762 /* Sources */ = {
			isa = PBXSourcesBuildPhase;
			buildActionMask = 2147483647;
			files = (
				DA1BA2221E6CD572007F9FAC /* ClassicSnapshotTests.swift in Sources */,
				DAE8CCB11E6E8E6B009B5CB0 /* SnapshotTests.swift in Sources */,
				DA1BA2731E6D1E8E007F9FAC /* ClassicOverlayTests.swift in Sources */,
				DA20FBD41CE475FD00B07762 /* MapboxStaticTests.swift in Sources */,
			);
			runOnlyForDeploymentPostprocessing = 0;
		};
		DA4B4B8D1CE8F83100296A52 /* Sources */ = {
			isa = PBXSourcesBuildPhase;
			buildActionMask = 2147483647;
			files = (
				DA1BA21E1E6BA918007F9FAC /* MarkerOptions.swift in Sources */,
				DA1BA2191E6BA8CB007F9FAC /* SnapshotOptions.swift in Sources */,
				DA4B4BAB1CE8F87000296A52 /* Overlay.swift in Sources */,
				DA4B4BAA1CE8F87000296A52 /* Snapshot.swift in Sources */,
				DA1BA20F1E6B4A90007F9FAC /* ClassicSnapshotOptions.swift in Sources */,
				DA4B4BAC1CE8F87000296A52 /* Color.swift in Sources */,
			);
			runOnlyForDeploymentPostprocessing = 0;
		};
		DA4B4B971CE8F83100296A52 /* Sources */ = {
			isa = PBXSourcesBuildPhase;
			buildActionMask = 2147483647;
			files = (
				DA1BA2231E6CD572007F9FAC /* ClassicSnapshotTests.swift in Sources */,
				DAE8CCB21E6E8E6B009B5CB0 /* SnapshotTests.swift in Sources */,
				DA1BA2741E6D1E8E007F9FAC /* ClassicOverlayTests.swift in Sources */,
				DA4B4BAD1CE8F87700296A52 /* MapboxStaticTests.swift in Sources */,
			);
			runOnlyForDeploymentPostprocessing = 0;
		};
		DAF15A361CE8FB8D0040E86C /* Sources */ = {
			isa = PBXSourcesBuildPhase;
			buildActionMask = 2147483647;
			files = (
				DA1BA21F1E6BA918007F9FAC /* MarkerOptions.swift in Sources */,
				DA1BA21A1E6BA8CB007F9FAC /* SnapshotOptions.swift in Sources */,
				DAF15A451CE8FBBC0040E86C /* Overlay.swift in Sources */,
				DAF15A441CE8FBBC0040E86C /* Snapshot.swift in Sources */,
				DA1BA2101E6B4A90007F9FAC /* ClassicSnapshotOptions.swift in Sources */,
				DAF15A461CE8FBBC0040E86C /* Color.swift in Sources */,
			);
			runOnlyForDeploymentPostprocessing = 0;
		};
		DAF15A471CE90A6C0040E86C /* Sources */ = {
			isa = PBXSourcesBuildPhase;
			buildActionMask = 2147483647;
			files = (
				DAF15A551CE90A6C0040E86C /* ViewController.m in Sources */,
				DAF15A521CE90A6C0040E86C /* AppDelegate.m in Sources */,
				DAF15A4F1CE90A6C0040E86C /* main.m in Sources */,
			);
			runOnlyForDeploymentPostprocessing = 0;
		};
		DDAD19551BD9B1780057AC9F /* Sources */ = {
			isa = PBXSourcesBuildPhase;
			buildActionMask = 2147483647;
			files = (
				DDAD19711BD9B1A50057AC9F /* AppDelegate.swift in Sources */,
				DDAD19731BD9B1A50057AC9F /* ViewController.swift in Sources */,
			);
			runOnlyForDeploymentPostprocessing = 0;
		};
		DDAD19741BD9B24F0057AC9F /* Sources */ = {
			isa = PBXSourcesBuildPhase;
			buildActionMask = 2147483647;
			files = (
				DA1BA2211E6CD572007F9FAC /* ClassicSnapshotTests.swift in Sources */,
				DAE8CCB01E6E8E6B009B5CB0 /* SnapshotTests.swift in Sources */,
				DA1BA2721E6D1E8E007F9FAC /* ClassicOverlayTests.swift in Sources */,
				DD685BA91BDB14C1002E2BB2 /* MapboxStaticTests.swift in Sources */,
			);
			runOnlyForDeploymentPostprocessing = 0;
		};
/* End PBXSourcesBuildPhase section */

/* Begin PBXTargetDependency section */
		DA20FBA11CE3DEBB00B07762 /* PBXTargetDependency */ = {
			isa = PBXTargetDependency;
			target = DA20FB9A1CE3DEBB00B07762 /* MapboxStatic */;
			targetProxy = DA20FBA01CE3DEBB00B07762 /* PBXContainerItemProxy */;
		};
		DA20FBC51CE4757E00B07762 /* PBXTargetDependency */ = {
			isa = PBXTargetDependency;
			target = DA20FBB81CE4757E00B07762 /* MapboxStaticMac */;
			targetProxy = DA20FBC41CE4757E00B07762 /* PBXContainerItemProxy */;
		};
		DA4B4B9E1CE8F83100296A52 /* PBXTargetDependency */ = {
			isa = PBXTargetDependency;
			target = DA4B4B911CE8F83100296A52 /* MapboxStaticTV */;
			targetProxy = DA4B4B9D1CE8F83100296A52 /* PBXContainerItemProxy */;
		};
		DAF15A661CE90CE70040E86C /* PBXTargetDependency */ = {
			isa = PBXTargetDependency;
			target = DA20FB9A1CE3DEBB00B07762 /* MapboxStatic */;
			targetProxy = DAF15A651CE90CE70040E86C /* PBXContainerItemProxy */;
		};
		DDAD197E1BD9B24F0057AC9F /* PBXTargetDependency */ = {
			isa = PBXTargetDependency;
			target = DDAD19581BD9B1780057AC9F /* Example (Swift) */;
			targetProxy = DDAD197D1BD9B24F0057AC9F /* PBXContainerItemProxy */;
		};
/* End PBXTargetDependency section */

/* Begin XCBuildConfiguration section */
		DA20FBA51CE3DEBB00B07762 /* Debug */ = {
			isa = XCBuildConfiguration;
			buildSettings = {
				CLANG_ANALYZER_NONNULL = YES;
				"CODE_SIGN_IDENTITY[sdk=iphoneos*]" = "";
				CURRENT_PROJECT_VERSION = 8;
				DEFINES_MODULE = YES;
				DYLIB_COMPATIBILITY_VERSION = 1;
				DYLIB_CURRENT_VERSION = 8;
				DYLIB_INSTALL_NAME_BASE = "@rpath";
				FRAMEWORK_SEARCH_PATHS = (
					"$(inherited)",
					"$(PROJECT_DIR)/Carthage/Build/iOS",
				);
				INFOPLIST_FILE = Sources/MapboxStatic/Info.plist;
				INSTALL_PATH = "$(LOCAL_LIBRARY_DIR)/Frameworks";
				LD_RUNPATH_SEARCH_PATHS = "$(inherited) @executable_path/Frameworks @loader_path/Frameworks";
				OTHER_SWIFT_FLAGS = "-D DEBUG";
				PRODUCT_BUNDLE_IDENTIFIER = com.mapbox.MapboxStatic;
				PRODUCT_NAME = "$(TARGET_NAME)";
				SKIP_INSTALL = YES;
				VERSIONING_SYSTEM = "apple-generic";
				VERSION_INFO_PREFIX = "";
			};
			name = Debug;
		};
		DA20FBA61CE3DEBB00B07762 /* Release */ = {
			isa = XCBuildConfiguration;
			buildSettings = {
				CLANG_ANALYZER_NONNULL = YES;
				"CODE_SIGN_IDENTITY[sdk=iphoneos*]" = "";
				CURRENT_PROJECT_VERSION = 8;
				DEFINES_MODULE = YES;
				DYLIB_COMPATIBILITY_VERSION = 1;
				DYLIB_CURRENT_VERSION = 8;
				DYLIB_INSTALL_NAME_BASE = "@rpath";
				FRAMEWORK_SEARCH_PATHS = (
					"$(inherited)",
					"$(PROJECT_DIR)/Carthage/Build/iOS",
				);
				INFOPLIST_FILE = Sources/MapboxStatic/Info.plist;
				INSTALL_PATH = "$(LOCAL_LIBRARY_DIR)/Frameworks";
				LD_RUNPATH_SEARCH_PATHS = "$(inherited) @executable_path/Frameworks @loader_path/Frameworks";
				PRODUCT_BUNDLE_IDENTIFIER = com.mapbox.MapboxStatic;
				PRODUCT_NAME = "$(TARGET_NAME)";
				SKIP_INSTALL = YES;
				VERSIONING_SYSTEM = "apple-generic";
				VERSION_INFO_PREFIX = "";
			};
			name = Release;
		};
		DA20FBCB1CE4757E00B07762 /* Debug */ = {
			isa = XCBuildConfiguration;
			buildSettings = {
				CLANG_ANALYZER_NONNULL = YES;
				CODE_SIGN_IDENTITY = "";
				COMBINE_HIDPI_IMAGES = YES;
				CURRENT_PROJECT_VERSION = 8;
				DEFINES_MODULE = YES;
				DYLIB_COMPATIBILITY_VERSION = 1;
				DYLIB_CURRENT_VERSION = 8;
				DYLIB_INSTALL_NAME_BASE = "@rpath";
				FRAMEWORK_SEARCH_PATHS = (
					"$(inherited)",
					"$(PROJECT_DIR)/Carthage/Build/Mac",
				);
				FRAMEWORK_VERSION = A;
				INFOPLIST_FILE = Sources/MapboxStatic/Info.plist;
				INSTALL_PATH = "$(LOCAL_LIBRARY_DIR)/Frameworks";
				LD_RUNPATH_SEARCH_PATHS = "$(inherited) @executable_path/../Frameworks @loader_path/Frameworks";
				OTHER_SWIFT_FLAGS = "-D DEBUG";
				PRODUCT_BUNDLE_IDENTIFIER = com.mapbox.MapboxStatic;
				PRODUCT_NAME = MapboxStatic;
				SDKROOT = macosx;
				SKIP_INSTALL = YES;
				SWIFT_VERSION = 5.0;
				VERSIONING_SYSTEM = "apple-generic";
				VERSION_INFO_PREFIX = "";
			};
			name = Debug;
		};
		DA20FBCC1CE4757E00B07762 /* Release */ = {
			isa = XCBuildConfiguration;
			buildSettings = {
				CLANG_ANALYZER_NONNULL = YES;
				CODE_SIGN_IDENTITY = "";
				COMBINE_HIDPI_IMAGES = YES;
				CURRENT_PROJECT_VERSION = 8;
				DEFINES_MODULE = YES;
				DYLIB_COMPATIBILITY_VERSION = 1;
				DYLIB_CURRENT_VERSION = 8;
				DYLIB_INSTALL_NAME_BASE = "@rpath";
				FRAMEWORK_SEARCH_PATHS = (
					"$(inherited)",
					"$(PROJECT_DIR)/Carthage/Build/Mac",
				);
				FRAMEWORK_VERSION = A;
				INFOPLIST_FILE = Sources/MapboxStatic/Info.plist;
				INSTALL_PATH = "$(LOCAL_LIBRARY_DIR)/Frameworks";
				LD_RUNPATH_SEARCH_PATHS = "$(inherited) @executable_path/../Frameworks @loader_path/Frameworks";
				PRODUCT_BUNDLE_IDENTIFIER = com.mapbox.MapboxStatic;
				PRODUCT_NAME = MapboxStatic;
				SDKROOT = macosx;
				SKIP_INSTALL = YES;
				SWIFT_VERSION = 5.0;
				VERSIONING_SYSTEM = "apple-generic";
				VERSION_INFO_PREFIX = "";
			};
			name = Release;
		};
		DA20FBCE1CE4757E00B07762 /* Debug */ = {
			isa = XCBuildConfiguration;
			buildSettings = {
				CLANG_ANALYZER_NONNULL = YES;
				CODE_SIGN_IDENTITY = "-";
				CURRENT_PROJECT_VERSION = 8;
				FRAMEWORK_SEARCH_PATHS = (
					"$(inherited)",
					"$(PROJECT_DIR)/Carthage/Build/Mac",
				);
				INFOPLIST_FILE = Tests/MapboxStaticTests/Info.plist;
				LD_RUNPATH_SEARCH_PATHS = "$(inherited) @executable_path/../Frameworks @loader_path/../Frameworks";
				PRODUCT_BUNDLE_IDENTIFIER = com.mapbox.MapboxStaticTests;
				PRODUCT_NAME = MapboxStaticTests;
				SDKROOT = macosx;
				SWIFT_VERSION = 5.0;
			};
			name = Debug;
		};
		DA20FBCF1CE4757E00B07762 /* Release */ = {
			isa = XCBuildConfiguration;
			buildSettings = {
				CLANG_ANALYZER_NONNULL = YES;
				CODE_SIGN_IDENTITY = "-";
				CURRENT_PROJECT_VERSION = 8;
				FRAMEWORK_SEARCH_PATHS = (
					"$(inherited)",
					"$(PROJECT_DIR)/Carthage/Build/Mac",
				);
				INFOPLIST_FILE = Tests/MapboxStaticTests/Info.plist;
				LD_RUNPATH_SEARCH_PATHS = "$(inherited) @executable_path/../Frameworks @loader_path/../Frameworks";
				PRODUCT_BUNDLE_IDENTIFIER = com.mapbox.MapboxStaticTests;
				PRODUCT_NAME = MapboxStaticTests;
				SDKROOT = macosx;
				SWIFT_VERSION = 5.0;
			};
			name = Release;
		};
		DA4B4BA31CE8F83100296A52 /* Debug */ = {
			isa = XCBuildConfiguration;
			buildSettings = {
				CLANG_ANALYZER_NONNULL = YES;
				"CODE_SIGN_IDENTITY[sdk=appletvos*]" = "";
				CURRENT_PROJECT_VERSION = 8;
				DEFINES_MODULE = YES;
				DYLIB_COMPATIBILITY_VERSION = 1;
				DYLIB_CURRENT_VERSION = 8;
				DYLIB_INSTALL_NAME_BASE = "@rpath";
				FRAMEWORK_SEARCH_PATHS = (
					"$(inherited)",
					"$(PROJECT_DIR)/Carthage/Build/tvOS",
				);
				INFOPLIST_FILE = Sources/MapboxStatic/Info.plist;
				INSTALL_PATH = "$(LOCAL_LIBRARY_DIR)/Frameworks";
				LD_RUNPATH_SEARCH_PATHS = "$(inherited) @executable_path/Frameworks @loader_path/Frameworks";
				OTHER_SWIFT_FLAGS = "-D DEBUG";
				PRODUCT_BUNDLE_IDENTIFIER = com.mapbox.MapboxStatic;
				PRODUCT_NAME = MapboxStatic;
				SDKROOT = appletvos;
				SKIP_INSTALL = YES;
				TARGETED_DEVICE_FAMILY = 3;
				TVOS_DEPLOYMENT_TARGET = 9.0;
				VERSIONING_SYSTEM = "apple-generic";
				VERSION_INFO_PREFIX = "";
			};
			name = Debug;
		};
		DA4B4BA41CE8F83100296A52 /* Release */ = {
			isa = XCBuildConfiguration;
			buildSettings = {
				CLANG_ANALYZER_NONNULL = YES;
				"CODE_SIGN_IDENTITY[sdk=appletvos*]" = "";
				CURRENT_PROJECT_VERSION = 8;
				DEFINES_MODULE = YES;
				DYLIB_COMPATIBILITY_VERSION = 1;
				DYLIB_CURRENT_VERSION = 8;
				DYLIB_INSTALL_NAME_BASE = "@rpath";
				FRAMEWORK_SEARCH_PATHS = (
					"$(inherited)",
					"$(PROJECT_DIR)/Carthage/Build/tvOS",
				);
				INFOPLIST_FILE = Sources/MapboxStatic/Info.plist;
				INSTALL_PATH = "$(LOCAL_LIBRARY_DIR)/Frameworks";
				LD_RUNPATH_SEARCH_PATHS = "$(inherited) @executable_path/Frameworks @loader_path/Frameworks";
				PRODUCT_BUNDLE_IDENTIFIER = com.mapbox.MapboxStatic;
				PRODUCT_NAME = MapboxStatic;
				SDKROOT = appletvos;
				SKIP_INSTALL = YES;
				TARGETED_DEVICE_FAMILY = 3;
				TVOS_DEPLOYMENT_TARGET = 9.0;
				VERSIONING_SYSTEM = "apple-generic";
				VERSION_INFO_PREFIX = "";
			};
			name = Release;
		};
		DA4B4BA51CE8F83100296A52 /* Debug */ = {
			isa = XCBuildConfiguration;
			buildSettings = {
				CLANG_ANALYZER_NONNULL = YES;
				FRAMEWORK_SEARCH_PATHS = (
					"$(inherited)",
					"$(PROJECT_DIR)/Carthage/Build/tvOS",
				);
				INFOPLIST_FILE = Tests/MapboxStaticTests/Info.plist;
				LD_RUNPATH_SEARCH_PATHS = "$(inherited) @executable_path/Frameworks @loader_path/Frameworks";
				PRODUCT_BUNDLE_IDENTIFIER = com.mapbox.MapboxStaticTests;
				PRODUCT_NAME = MapboxStaticTests;
				SDKROOT = appletvos;
				TVOS_DEPLOYMENT_TARGET = 9.0;
			};
			name = Debug;
		};
		DA4B4BA61CE8F83100296A52 /* Release */ = {
			isa = XCBuildConfiguration;
			buildSettings = {
				CLANG_ANALYZER_NONNULL = YES;
				FRAMEWORK_SEARCH_PATHS = (
					"$(inherited)",
					"$(PROJECT_DIR)/Carthage/Build/tvOS",
				);
				INFOPLIST_FILE = Tests/MapboxStaticTests/Info.plist;
				LD_RUNPATH_SEARCH_PATHS = "$(inherited) @executable_path/Frameworks @loader_path/Frameworks";
				PRODUCT_BUNDLE_IDENTIFIER = com.mapbox.MapboxStaticTests;
				PRODUCT_NAME = MapboxStaticTests;
				SDKROOT = appletvos;
				TVOS_DEPLOYMENT_TARGET = 9.0;
			};
			name = Release;
		};
		DAF15A401CE8FB8D0040E86C /* Debug */ = {
			isa = XCBuildConfiguration;
			buildSettings = {
				APPLICATION_EXTENSION_API_ONLY = YES;
				CLANG_ANALYZER_NONNULL = YES;
				"CODE_SIGN_IDENTITY[sdk=watchos*]" = "";
				CURRENT_PROJECT_VERSION = 8;
				DEFINES_MODULE = YES;
				DYLIB_COMPATIBILITY_VERSION = 1;
				DYLIB_CURRENT_VERSION = 8;
				DYLIB_INSTALL_NAME_BASE = "@rpath";
				FRAMEWORK_SEARCH_PATHS = (
					"$(inherited)",
					"$(PROJECT_DIR)/Carthage/Build/watchOS",
				);
				INFOPLIST_FILE = Sources/MapboxStatic/Info.plist;
				INSTALL_PATH = "$(LOCAL_LIBRARY_DIR)/Frameworks";
				LD_RUNPATH_SEARCH_PATHS = "$(inherited) @executable_path/Frameworks @loader_path/Frameworks";
				OTHER_SWIFT_FLAGS = "-D DEBUG";
				PRODUCT_BUNDLE_IDENTIFIER = com.mapbox.MapboxStatic;
				PRODUCT_NAME = MapboxStatic;
				SDKROOT = watchos;
				SKIP_INSTALL = YES;
				TARGETED_DEVICE_FAMILY = 4;
				VERSIONING_SYSTEM = "apple-generic";
				VERSION_INFO_PREFIX = "";
				WATCHOS_DEPLOYMENT_TARGET = 2.0;
			};
			name = Debug;
		};
		DAF15A411CE8FB8D0040E86C /* Release */ = {
			isa = XCBuildConfiguration;
			buildSettings = {
				APPLICATION_EXTENSION_API_ONLY = YES;
				CLANG_ANALYZER_NONNULL = YES;
				"CODE_SIGN_IDENTITY[sdk=watchos*]" = "";
				CURRENT_PROJECT_VERSION = 8;
				DEFINES_MODULE = YES;
				DYLIB_COMPATIBILITY_VERSION = 1;
				DYLIB_CURRENT_VERSION = 8;
				DYLIB_INSTALL_NAME_BASE = "@rpath";
				FRAMEWORK_SEARCH_PATHS = (
					"$(inherited)",
					"$(PROJECT_DIR)/Carthage/Build/watchOS",
				);
				INFOPLIST_FILE = Sources/MapboxStatic/Info.plist;
				INSTALL_PATH = "$(LOCAL_LIBRARY_DIR)/Frameworks";
				LD_RUNPATH_SEARCH_PATHS = "$(inherited) @executable_path/Frameworks @loader_path/Frameworks";
				PRODUCT_BUNDLE_IDENTIFIER = com.mapbox.MapboxStatic;
				PRODUCT_NAME = MapboxStatic;
				SDKROOT = watchos;
				SKIP_INSTALL = YES;
				TARGETED_DEVICE_FAMILY = 4;
				VERSIONING_SYSTEM = "apple-generic";
				VERSION_INFO_PREFIX = "";
				WATCHOS_DEPLOYMENT_TARGET = 2.0;
			};
			name = Release;
		};
		DAF15A601CE90A6C0040E86C /* Debug */ = {
			isa = XCBuildConfiguration;
			buildSettings = {
				ALWAYS_EMBED_SWIFT_STANDARD_LIBRARIES = YES;
				ASSETCATALOG_COMPILER_APPICON_NAME = AppIcon;
				CLANG_ANALYZER_NONNULL = YES;
				INFOPLIST_FILE = Example/Info.plist;
				LD_RUNPATH_SEARCH_PATHS = "$(inherited) @executable_path/Frameworks";
				PRODUCT_BUNDLE_IDENTIFIER = com.mapbox.MapboxStaticExample.ObjC;
				PRODUCT_NAME = "MapboxStatic (Objective-C)";
			};
			name = Debug;
		};
		DAF15A611CE90A6C0040E86C /* Release */ = {
			isa = XCBuildConfiguration;
			buildSettings = {
				ALWAYS_EMBED_SWIFT_STANDARD_LIBRARIES = YES;
				ASSETCATALOG_COMPILER_APPICON_NAME = AppIcon;
				CLANG_ANALYZER_NONNULL = YES;
				INFOPLIST_FILE = Example/Info.plist;
				LD_RUNPATH_SEARCH_PATHS = "$(inherited) @executable_path/Frameworks";
				PRODUCT_BUNDLE_IDENTIFIER = com.mapbox.MapboxStaticExample.ObjC;
				PRODUCT_NAME = "MapboxStatic (Objective-C)";
			};
			name = Release;
		};
		DDAD19691BD9B1780057AC9F /* Debug */ = {
			isa = XCBuildConfiguration;
			buildSettings = {
				ALWAYS_SEARCH_USER_PATHS = NO;
				BITCODE_GENERATION_MODE = bitcode;
				CLANG_ANALYZER_LOCALIZABILITY_NONLOCALIZED = YES;
				CLANG_CXX_LANGUAGE_STANDARD = "gnu++0x";
				CLANG_CXX_LIBRARY = "libc++";
				CLANG_ENABLE_MODULES = YES;
				CLANG_ENABLE_OBJC_ARC = YES;
				CLANG_WARN_BLOCK_CAPTURE_AUTORELEASING = YES;
				CLANG_WARN_BOOL_CONVERSION = YES;
				CLANG_WARN_COMMA = YES;
				CLANG_WARN_CONSTANT_CONVERSION = YES;
				CLANG_WARN_DEPRECATED_OBJC_IMPLEMENTATIONS = YES;
				CLANG_WARN_DIRECT_OBJC_ISA_USAGE = YES_ERROR;
				CLANG_WARN_EMPTY_BODY = YES;
				CLANG_WARN_ENUM_CONVERSION = YES;
				CLANG_WARN_INFINITE_RECURSION = YES;
				CLANG_WARN_INT_CONVERSION = YES;
				CLANG_WARN_NON_LITERAL_NULL_CONVERSION = YES;
				CLANG_WARN_OBJC_IMPLICIT_RETAIN_SELF = YES;
				CLANG_WARN_OBJC_LITERAL_CONVERSION = YES;
				CLANG_WARN_OBJC_ROOT_CLASS = YES_ERROR;
				CLANG_WARN_RANGE_LOOP_ANALYSIS = YES;
				CLANG_WARN_STRICT_PROTOTYPES = YES;
				CLANG_WARN_SUSPICIOUS_MOVE = YES;
				CLANG_WARN_UNREACHABLE_CODE = YES;
				CLANG_WARN__DUPLICATE_METHOD_MATCH = YES;
				"CODE_SIGN_IDENTITY[sdk=iphoneos*]" = "iPhone Developer";
				COPY_PHASE_STRIP = NO;
				DEBUG_INFORMATION_FORMAT = dwarf;
				ENABLE_STRICT_OBJC_MSGSEND = YES;
				ENABLE_TESTABILITY = YES;
				GCC_C_LANGUAGE_STANDARD = gnu99;
				GCC_DYNAMIC_NO_PIC = NO;
				GCC_NO_COMMON_BLOCKS = YES;
				GCC_OPTIMIZATION_LEVEL = 0;
				GCC_PREPROCESSOR_DEFINITIONS = (
					"DEBUG=1",
					"$(inherited)",
				);
				GCC_WARN_64_TO_32_BIT_CONVERSION = YES;
				GCC_WARN_ABOUT_RETURN_TYPE = YES_ERROR;
				GCC_WARN_UNDECLARED_SELECTOR = YES;
				GCC_WARN_UNINITIALIZED_AUTOS = YES_AGGRESSIVE;
				GCC_WARN_UNUSED_FUNCTION = YES;
				GCC_WARN_UNUSED_VARIABLE = YES;
				IPHONEOS_DEPLOYMENT_TARGET = 8.0;
				MACOSX_DEPLOYMENT_TARGET = 10.10;
				MTL_ENABLE_DEBUG_INFO = YES;
				ONLY_ACTIVE_ARCH = YES;
				SDKROOT = iphoneos;
				SWIFT_OPTIMIZATION_LEVEL = "-Onone";
				SWIFT_VERSION = 4.2;
				TARGETED_DEVICE_FAMILY = "1,2";
			};
			name = Debug;
		};
		DDAD196A1BD9B1780057AC9F /* Release */ = {
			isa = XCBuildConfiguration;
			buildSettings = {
				ALWAYS_SEARCH_USER_PATHS = NO;
				BITCODE_GENERATION_MODE = bitcode;
				CLANG_ANALYZER_LOCALIZABILITY_NONLOCALIZED = YES;
				CLANG_CXX_LANGUAGE_STANDARD = "gnu++0x";
				CLANG_CXX_LIBRARY = "libc++";
				CLANG_ENABLE_MODULES = YES;
				CLANG_ENABLE_OBJC_ARC = YES;
				CLANG_WARN_BLOCK_CAPTURE_AUTORELEASING = YES;
				CLANG_WARN_BOOL_CONVERSION = YES;
				CLANG_WARN_COMMA = YES;
				CLANG_WARN_CONSTANT_CONVERSION = YES;
				CLANG_WARN_DEPRECATED_OBJC_IMPLEMENTATIONS = YES;
				CLANG_WARN_DIRECT_OBJC_ISA_USAGE = YES_ERROR;
				CLANG_WARN_EMPTY_BODY = YES;
				CLANG_WARN_ENUM_CONVERSION = YES;
				CLANG_WARN_INFINITE_RECURSION = YES;
				CLANG_WARN_INT_CONVERSION = YES;
				CLANG_WARN_NON_LITERAL_NULL_CONVERSION = YES;
				CLANG_WARN_OBJC_IMPLICIT_RETAIN_SELF = YES;
				CLANG_WARN_OBJC_LITERAL_CONVERSION = YES;
				CLANG_WARN_OBJC_ROOT_CLASS = YES_ERROR;
				CLANG_WARN_RANGE_LOOP_ANALYSIS = YES;
				CLANG_WARN_STRICT_PROTOTYPES = YES;
				CLANG_WARN_SUSPICIOUS_MOVE = YES;
				CLANG_WARN_UNREACHABLE_CODE = YES;
				CLANG_WARN__DUPLICATE_METHOD_MATCH = YES;
				"CODE_SIGN_IDENTITY[sdk=iphoneos*]" = "iPhone Developer";
				COPY_PHASE_STRIP = NO;
				DEBUG_INFORMATION_FORMAT = "dwarf-with-dsym";
				ENABLE_NS_ASSERTIONS = NO;
				ENABLE_STRICT_OBJC_MSGSEND = YES;
				GCC_C_LANGUAGE_STANDARD = gnu99;
				GCC_NO_COMMON_BLOCKS = YES;
				GCC_WARN_64_TO_32_BIT_CONVERSION = YES;
				GCC_WARN_ABOUT_RETURN_TYPE = YES_ERROR;
				GCC_WARN_UNDECLARED_SELECTOR = YES;
				GCC_WARN_UNINITIALIZED_AUTOS = YES_AGGRESSIVE;
				GCC_WARN_UNUSED_FUNCTION = YES;
				GCC_WARN_UNUSED_VARIABLE = YES;
				IPHONEOS_DEPLOYMENT_TARGET = 8.0;
				MACOSX_DEPLOYMENT_TARGET = 10.10;
				MTL_ENABLE_DEBUG_INFO = NO;
				SDKROOT = iphoneos;
				SWIFT_OPTIMIZATION_LEVEL = "-Owholemodule";
				SWIFT_VERSION = 4.2;
				TARGETED_DEVICE_FAMILY = "1,2";
				VALIDATE_PRODUCT = YES;
			};
			name = Release;
		};
		DDAD196C1BD9B1780057AC9F /* Debug */ = {
			isa = XCBuildConfiguration;
			buildSettings = {
				ALWAYS_EMBED_SWIFT_STANDARD_LIBRARIES = YES;
				CURRENT_PROJECT_VERSION = 8;
				INFOPLIST_FILE = "$(SRCROOT)/Example/Info.plist";
				LD_RUNPATH_SEARCH_PATHS = "$(inherited) @executable_path/Frameworks";
				PRODUCT_BUNDLE_IDENTIFIER = com.mapbox.MapboxStaticExample.Swift;
				PRODUCT_NAME = "MapboxStatic (Swift)";
				SWIFT_VERSION = 4.2;
				VERSIONING_SYSTEM = "apple-generic";
			};
			name = Debug;
		};
		DDAD196D1BD9B1780057AC9F /* Release */ = {
			isa = XCBuildConfiguration;
			buildSettings = {
				ALWAYS_EMBED_SWIFT_STANDARD_LIBRARIES = YES;
				CURRENT_PROJECT_VERSION = 8;
				INFOPLIST_FILE = "$(SRCROOT)/Example/Info.plist";
				LD_RUNPATH_SEARCH_PATHS = "$(inherited) @executable_path/Frameworks";
				PRODUCT_BUNDLE_IDENTIFIER = com.mapbox.MapboxStaticExample.Swift;
				PRODUCT_NAME = "MapboxStatic (Swift)";
				SWIFT_VERSION = 4.2;
				VERSIONING_SYSTEM = "apple-generic";
			};
			name = Release;
		};
		DDAD19801BD9B24F0057AC9F /* Debug */ = {
			isa = XCBuildConfiguration;
			buildSettings = {
				CLANG_ENABLE_MODULES = YES;
				CURRENT_PROJECT_VERSION = 8;
				FRAMEWORK_SEARCH_PATHS = (
					"$(inherited)",
					"$(PROJECT_DIR)/Carthage/Build/iOS",
				);
				INFOPLIST_FILE = Tests/MapboxStaticTests/Info.plist;
				LD_RUNPATH_SEARCH_PATHS = "$(inherited) @executable_path/Frameworks @loader_path/Frameworks";
				PRODUCT_BUNDLE_IDENTIFIER = com.mapbox.StaticTests;
				PRODUCT_NAME = "$(TARGET_NAME)";
				SWIFT_OPTIMIZATION_LEVEL = "-Onone";
			};
			name = Debug;
		};
		DDAD19811BD9B24F0057AC9F /* Release */ = {
			isa = XCBuildConfiguration;
			buildSettings = {
				CLANG_ENABLE_MODULES = YES;
				CURRENT_PROJECT_VERSION = 8;
				FRAMEWORK_SEARCH_PATHS = (
					"$(inherited)",
					"$(PROJECT_DIR)/Carthage/Build/iOS",
				);
				INFOPLIST_FILE = Tests/MapboxStaticTests/Info.plist;
				LD_RUNPATH_SEARCH_PATHS = "$(inherited) @executable_path/Frameworks @loader_path/Frameworks";
				PRODUCT_BUNDLE_IDENTIFIER = com.mapbox.StaticTests;
				PRODUCT_NAME = "$(TARGET_NAME)";
			};
			name = Release;
		};
/* End XCBuildConfiguration section */

/* Begin XCConfigurationList section */
		DA20FBA41CE3DEBB00B07762 /* Build configuration list for PBXNativeTarget "MapboxStatic" */ = {
			isa = XCConfigurationList;
			buildConfigurations = (
				DA20FBA51CE3DEBB00B07762 /* Debug */,
				DA20FBA61CE3DEBB00B07762 /* Release */,
			);
			defaultConfigurationIsVisible = 0;
			defaultConfigurationName = Release;
		};
		DA20FBCA1CE4757E00B07762 /* Build configuration list for PBXNativeTarget "MapboxStaticMac" */ = {
			isa = XCConfigurationList;
			buildConfigurations = (
				DA20FBCB1CE4757E00B07762 /* Debug */,
				DA20FBCC1CE4757E00B07762 /* Release */,
			);
			defaultConfigurationIsVisible = 0;
			defaultConfigurationName = Release;
		};
		DA20FBCD1CE4757E00B07762 /* Build configuration list for PBXNativeTarget "MapboxStaticMacTests" */ = {
			isa = XCConfigurationList;
			buildConfigurations = (
				DA20FBCE1CE4757E00B07762 /* Debug */,
				DA20FBCF1CE4757E00B07762 /* Release */,
			);
			defaultConfigurationIsVisible = 0;
			defaultConfigurationName = Release;
		};
		DA4B4BA71CE8F83100296A52 /* Build configuration list for PBXNativeTarget "MapboxStaticTV" */ = {
			isa = XCConfigurationList;
			buildConfigurations = (
				DA4B4BA31CE8F83100296A52 /* Debug */,
				DA4B4BA41CE8F83100296A52 /* Release */,
			);
			defaultConfigurationIsVisible = 0;
			defaultConfigurationName = Release;
		};
		DA4B4BA81CE8F83100296A52 /* Build configuration list for PBXNativeTarget "MapboxStaticTVTests" */ = {
			isa = XCConfigurationList;
			buildConfigurations = (
				DA4B4BA51CE8F83100296A52 /* Debug */,
				DA4B4BA61CE8F83100296A52 /* Release */,
			);
			defaultConfigurationIsVisible = 0;
			defaultConfigurationName = Release;
		};
		DAF15A421CE8FB8D0040E86C /* Build configuration list for PBXNativeTarget "MapboxStaticWatch" */ = {
			isa = XCConfigurationList;
			buildConfigurations = (
				DAF15A401CE8FB8D0040E86C /* Debug */,
				DAF15A411CE8FB8D0040E86C /* Release */,
			);
			defaultConfigurationIsVisible = 0;
			defaultConfigurationName = Release;
		};
		DAF15A5F1CE90A6C0040E86C /* Build configuration list for PBXNativeTarget "Example (Objective-C)" */ = {
			isa = XCConfigurationList;
			buildConfigurations = (
				DAF15A601CE90A6C0040E86C /* Debug */,
				DAF15A611CE90A6C0040E86C /* Release */,
			);
			defaultConfigurationIsVisible = 0;
			defaultConfigurationName = Release;
		};
		DDAD19541BD9B1780057AC9F /* Build configuration list for PBXProject "MapboxStatic" */ = {
			isa = XCConfigurationList;
			buildConfigurations = (
				DDAD19691BD9B1780057AC9F /* Debug */,
				DDAD196A1BD9B1780057AC9F /* Release */,
			);
			defaultConfigurationIsVisible = 0;
			defaultConfigurationName = Release;
		};
		DDAD196B1BD9B1780057AC9F /* Build configuration list for PBXNativeTarget "Example (Swift)" */ = {
			isa = XCConfigurationList;
			buildConfigurations = (
				DDAD196C1BD9B1780057AC9F /* Debug */,
				DDAD196D1BD9B1780057AC9F /* Release */,
			);
			defaultConfigurationIsVisible = 0;
			defaultConfigurationName = Release;
		};
		DDAD197F1BD9B24F0057AC9F /* Build configuration list for PBXNativeTarget "MapboxStaticTests" */ = {
			isa = XCConfigurationList;
			buildConfigurations = (
				DDAD19801BD9B24F0057AC9F /* Debug */,
				DDAD19811BD9B24F0057AC9F /* Release */,
			);
			defaultConfigurationIsVisible = 0;
			defaultConfigurationName = Release;
		};
/* End XCConfigurationList section */
	};
	rootObject = DDAD19511BD9B1780057AC9F /* Project object */;
}
