<?xml version="1.0" encoding="UTF-8"?>
<!DOCTYPE plist PUBLIC "-//Apple//DTD PLIST 1.0//EN" "http://www.apple.com/DTDs/PropertyList-1.0.dtd">
<plist version="1.0">
<dict>
	<key>archiveVersion</key>
	<string>1</string>
	<key>classes</key>
	<dict/>
	<key>objectVersion</key>
	<string>46</string>
	<key>objects</key>
	<dict>
		<key>0ED9A3D399DBFF0D29EB538D</key>
		<dict>
			<key>fileRef</key>
			<string>7D3DEA5BAEBEE5A5E2D5A451</string>
			<key>isa</key>
			<string>PBXBuildFile</string>
		</dict>
		<key>20757D6C38E229374CC0488B</key>
		<dict>
			<key>explicitFileType</key>
			<string>wrapper.framework</string>
			<key>includeInIndex</key>
			<string>0</string>
			<key>isa</key>
			<string>PBXFileReference</string>
			<key>path</key>
			<string>Pods_MapboxStatic.framework</string>
			<key>sourceTree</key>
			<string>BUILT_PRODUCTS_DIR</string>
		</dict>
		<key>28CC27E80B7FF2D37662BE6B</key>
		<dict>
			<key>includeInIndex</key>
			<string>1</string>
			<key>isa</key>
			<string>PBXFileReference</string>
			<key>lastKnownFileType</key>
			<string>text.xcconfig</string>
			<key>name</key>
			<string>Pods-MapboxStaticMacTests.debug.xcconfig</string>
			<key>path</key>
			<string>Pods/Target Support Files/Pods-MapboxStaticMacTests/Pods-MapboxStaticMacTests.debug.xcconfig</string>
			<key>sourceTree</key>
			<string>&lt;group&gt;</string>
		</dict>
		<key>54F68F1C4290CF8B973B22E9</key>
		<dict>
			<key>buildActionMask</key>
			<string>2147483647</string>
			<key>files</key>
			<array/>
			<key>inputPaths</key>
			<array/>
			<key>isa</key>
			<string>PBXShellScriptBuildPhase</string>
			<key>name</key>
			<string>Copy Pods Resources</string>
			<key>outputPaths</key>
			<array/>
			<key>runOnlyForDeploymentPostprocessing</key>
			<string>0</string>
			<key>shellPath</key>
			<string>/bin/sh</string>
			<key>shellScript</key>
			<string>"${SRCROOT}/Pods/Target Support Files/Pods-MapboxStaticMacTests/Pods-MapboxStaticMacTests-resources.sh"
</string>
			<key>showEnvVarsInLog</key>
			<string>0</string>
		</dict>
		<key>70E811F2996100A2FA178EF4</key>
		<dict>
			<key>buildActionMask</key>
			<string>2147483647</string>
			<key>files</key>
			<array/>
			<key>inputPaths</key>
			<array/>
			<key>isa</key>
			<string>PBXShellScriptBuildPhase</string>
			<key>name</key>
			<string>Embed Pods Frameworks</string>
			<key>outputPaths</key>
			<array/>
			<key>runOnlyForDeploymentPostprocessing</key>
			<string>0</string>
			<key>shellPath</key>
			<string>/bin/sh</string>
			<key>shellScript</key>
			<string>"${SRCROOT}/Pods/Target Support Files/Pods-MapboxStaticTests/Pods-MapboxStaticTests-frameworks.sh"
</string>
			<key>showEnvVarsInLog</key>
			<string>0</string>
		</dict>
		<key>7D3DEA5BAEBEE5A5E2D5A451</key>
		<dict>
			<key>explicitFileType</key>
			<string>wrapper.framework</string>
			<key>includeInIndex</key>
			<string>0</string>
			<key>isa</key>
			<string>PBXFileReference</string>
			<key>path</key>
			<string>Pods_MapboxStaticMacTests.framework</string>
			<key>sourceTree</key>
			<string>BUILT_PRODUCTS_DIR</string>
		</dict>
		<key>84F6A9708C9492676B182C3A</key>
		<dict>
			<key>children</key>
			<array>
				<string>BBD735B8583D022CA2165EFB</string>
				<string>20757D6C38E229374CC0488B</string>
				<string>7D3DEA5BAEBEE5A5E2D5A451</string>
			</array>
			<key>isa</key>
			<string>PBXGroup</string>
			<key>name</key>
			<string>Frameworks</string>
			<key>sourceTree</key>
			<string>&lt;group&gt;</string>
		</dict>
		<key>8D6EE47FD26DFA5AB2812FB2</key>
		<dict>
			<key>includeInIndex</key>
			<string>1</string>
			<key>isa</key>
			<string>PBXFileReference</string>
			<key>lastKnownFileType</key>
			<string>text.xcconfig</string>
			<key>name</key>
			<string>Pods-MapboxStaticTests.debug.xcconfig</string>
			<key>path</key>
			<string>Pods/Target Support Files/Pods-MapboxStaticTests/Pods-MapboxStaticTests.debug.xcconfig</string>
			<key>sourceTree</key>
			<string>&lt;group&gt;</string>
		</dict>
		<key>B4D1009D4B831C7BA3D1ED4A</key>
		<dict>
			<key>children</key>
			<array>
				<string>8D6EE47FD26DFA5AB2812FB2</string>
				<string>BA5C146F8A26FA67089F5234</string>
				<string>28CC27E80B7FF2D37662BE6B</string>
				<string>CFF167EC71AC2058F825CEB9</string>
			</array>
			<key>isa</key>
			<string>PBXGroup</string>
			<key>name</key>
			<string>Pods</string>
			<key>sourceTree</key>
			<string>&lt;group&gt;</string>
		</dict>
		<key>BA5C146F8A26FA67089F5234</key>
		<dict>
			<key>includeInIndex</key>
			<string>1</string>
			<key>isa</key>
			<string>PBXFileReference</string>
			<key>lastKnownFileType</key>
			<string>text.xcconfig</string>
			<key>name</key>
			<string>Pods-MapboxStaticTests.release.xcconfig</string>
			<key>path</key>
			<string>Pods/Target Support Files/Pods-MapboxStaticTests/Pods-MapboxStaticTests.release.xcconfig</string>
			<key>sourceTree</key>
			<string>&lt;group&gt;</string>
		</dict>
		<key>BBD735B8583D022CA2165EFB</key>
		<dict>
			<key>explicitFileType</key>
			<string>wrapper.framework</string>
			<key>includeInIndex</key>
			<string>0</string>
			<key>isa</key>
			<string>PBXFileReference</string>
			<key>path</key>
			<string>Pods_MapboxStaticTests.framework</string>
			<key>sourceTree</key>
			<string>BUILT_PRODUCTS_DIR</string>
		</dict>
		<key>CFF167EC71AC2058F825CEB9</key>
		<dict>
			<key>includeInIndex</key>
			<string>1</string>
			<key>isa</key>
			<string>PBXFileReference</string>
			<key>lastKnownFileType</key>
			<string>text.xcconfig</string>
			<key>name</key>
			<string>Pods-MapboxStaticMacTests.release.xcconfig</string>
			<key>path</key>
			<string>Pods/Target Support Files/Pods-MapboxStaticMacTests/Pods-MapboxStaticMacTests.release.xcconfig</string>
			<key>sourceTree</key>
			<string>&lt;group&gt;</string>
		</dict>
		<key>DA20FB961CE3DEBB00B07762</key>
		<dict>
			<key>buildActionMask</key>
			<string>2147483647</string>
			<key>files</key>
			<array>
				<string>DA20FBA81CE3DF6900B07762</string>
				<string>DA20FBAC1CE4026B00B07762</string>
				<string>DA20FBAA1CE401E800B07762</string>
			</array>
			<key>isa</key>
			<string>PBXSourcesBuildPhase</string>
			<key>runOnlyForDeploymentPostprocessing</key>
			<string>0</string>
		</dict>
		<key>DA20FB971CE3DEBB00B07762</key>
		<dict>
			<key>buildActionMask</key>
			<string>2147483647</string>
			<key>files</key>
			<array/>
			<key>isa</key>
			<string>PBXFrameworksBuildPhase</string>
			<key>runOnlyForDeploymentPostprocessing</key>
			<string>0</string>
		</dict>
		<key>DA20FB981CE3DEBB00B07762</key>
		<dict>
			<key>buildActionMask</key>
			<string>2147483647</string>
			<key>files</key>
			<array>
				<string>DA20FB9E1CE3DEBB00B07762</string>
			</array>
			<key>isa</key>
			<string>PBXHeadersBuildPhase</string>
			<key>runOnlyForDeploymentPostprocessing</key>
			<string>0</string>
		</dict>
		<key>DA20FB991CE3DEBB00B07762</key>
		<dict>
			<key>buildActionMask</key>
			<string>2147483647</string>
			<key>files</key>
			<array/>
			<key>isa</key>
			<string>PBXResourcesBuildPhase</string>
			<key>runOnlyForDeploymentPostprocessing</key>
			<string>0</string>
		</dict>
		<key>DA20FB9A1CE3DEBB00B07762</key>
		<dict>
			<key>buildConfigurationList</key>
			<string>DA20FBA41CE3DEBB00B07762</string>
			<key>buildPhases</key>
			<array>
				<string>DA20FB961CE3DEBB00B07762</string>
				<string>DA20FB971CE3DEBB00B07762</string>
				<string>DA20FB981CE3DEBB00B07762</string>
				<string>DA20FB991CE3DEBB00B07762</string>
			</array>
			<key>buildRules</key>
			<array/>
			<key>dependencies</key>
			<array/>
			<key>isa</key>
			<string>PBXNativeTarget</string>
			<key>name</key>
			<string>MapboxStatic</string>
			<key>productName</key>
			<string>MapboxStatic</string>
			<key>productReference</key>
			<string>DA20FB9B1CE3DEBB00B07762</string>
			<key>productType</key>
			<string>com.apple.product-type.framework</string>
		</dict>
		<key>DA20FB9B1CE3DEBB00B07762</key>
		<dict>
			<key>explicitFileType</key>
			<string>wrapper.framework</string>
			<key>includeInIndex</key>
			<string>0</string>
			<key>isa</key>
			<string>PBXFileReference</string>
			<key>path</key>
			<string>MapboxStatic.framework</string>
			<key>sourceTree</key>
			<string>BUILT_PRODUCTS_DIR</string>
		</dict>
		<key>DA20FB9C1CE3DEBB00B07762</key>
		<dict>
			<key>children</key>
			<array>
				<string>DA20FB9D1CE3DEBB00B07762</string>
				<string>DDAD19871BD9B3970057AC9F</string>
				<string>DA20FBAB1CE4026B00B07762</string>
				<string>DA20FBA91CE401E800B07762</string>
				<string>DA20FB9F1CE3DEBB00B07762</string>
			</array>
			<key>isa</key>
			<string>PBXGroup</string>
			<key>path</key>
			<string>MapboxStatic</string>
			<key>sourceTree</key>
			<string>&lt;group&gt;</string>
		</dict>
		<key>DA20FB9D1CE3DEBB00B07762</key>
		<dict>
			<key>isa</key>
			<string>PBXFileReference</string>
			<key>lastKnownFileType</key>
			<string>sourcecode.c.h</string>
			<key>path</key>
			<string>MapboxStatic.h</string>
			<key>sourceTree</key>
			<string>&lt;group&gt;</string>
		</dict>
		<key>DA20FB9E1CE3DEBB00B07762</key>
		<dict>
			<key>fileRef</key>
			<string>DA20FB9D1CE3DEBB00B07762</string>
			<key>isa</key>
			<string>PBXBuildFile</string>
			<key>settings</key>
			<dict>
				<key>ATTRIBUTES</key>
				<array>
					<string>Public</string>
				</array>
			</dict>
		</dict>
		<key>DA20FB9F1CE3DEBB00B07762</key>
		<dict>
			<key>isa</key>
			<string>PBXFileReference</string>
			<key>lastKnownFileType</key>
			<string>text.plist.xml</string>
			<key>path</key>
			<string>Info.plist</string>
			<key>sourceTree</key>
			<string>&lt;group&gt;</string>
		</dict>
		<key>DA20FBA01CE3DEBB00B07762</key>
		<dict>
			<key>containerPortal</key>
			<string>DDAD19511BD9B1780057AC9F</string>
			<key>isa</key>
			<string>PBXContainerItemProxy</string>
			<key>proxyType</key>
			<string>1</string>
			<key>remoteGlobalIDString</key>
			<string>DA20FB9A1CE3DEBB00B07762</string>
			<key>remoteInfo</key>
			<string>MapboxStatic</string>
		</dict>
		<key>DA20FBA11CE3DEBB00B07762</key>
		<dict>
			<key>isa</key>
			<string>PBXTargetDependency</string>
			<key>target</key>
			<string>DA20FB9A1CE3DEBB00B07762</string>
			<key>targetProxy</key>
			<string>DA20FBA01CE3DEBB00B07762</string>
		</dict>
		<key>DA20FBA21CE3DEBB00B07762</key>
		<dict>
			<key>fileRef</key>
			<string>DA20FB9B1CE3DEBB00B07762</string>
			<key>isa</key>
			<string>PBXBuildFile</string>
		</dict>
		<key>DA20FBA31CE3DEBB00B07762</key>
		<dict>
			<key>fileRef</key>
			<string>DA20FB9B1CE3DEBB00B07762</string>
			<key>isa</key>
			<string>PBXBuildFile</string>
			<key>settings</key>
			<dict>
				<key>ATTRIBUTES</key>
				<array>
					<string>CodeSignOnCopy</string>
					<string>RemoveHeadersOnCopy</string>
				</array>
			</dict>
		</dict>
		<key>DA20FBA41CE3DEBB00B07762</key>
		<dict>
			<key>buildConfigurations</key>
			<array>
				<string>DA20FBA51CE3DEBB00B07762</string>
				<string>DA20FBA61CE3DEBB00B07762</string>
			</array>
			<key>defaultConfigurationIsVisible</key>
			<string>0</string>
			<key>defaultConfigurationName</key>
			<string>Release</string>
			<key>isa</key>
			<string>XCConfigurationList</string>
		</dict>
		<key>DA20FBA51CE3DEBB00B07762</key>
		<dict>
			<key>buildSettings</key>
			<dict>
				<key>CLANG_ANALYZER_NONNULL</key>
				<string>YES</string>
				<key>CURRENT_PROJECT_VERSION</key>
				<string>1</string>
				<key>DEFINES_MODULE</key>
				<string>YES</string>
				<key>DYLIB_COMPATIBILITY_VERSION</key>
				<string>1</string>
				<key>DYLIB_CURRENT_VERSION</key>
				<string>1</string>
				<key>DYLIB_INSTALL_NAME_BASE</key>
				<string>@rpath</string>
				<key>INFOPLIST_FILE</key>
				<string>MapboxStatic/Info.plist</string>
				<key>INSTALL_PATH</key>
				<string>$(LOCAL_LIBRARY_DIR)/Frameworks</string>
				<key>LD_RUNPATH_SEARCH_PATHS</key>
				<string>$(inherited) @executable_path/Frameworks @loader_path/Frameworks</string>
				<key>PRODUCT_BUNDLE_IDENTIFIER</key>
				<string>com.mapbox.MapboxStatic</string>
				<key>PRODUCT_NAME</key>
				<string>$(TARGET_NAME)</string>
				<key>SKIP_INSTALL</key>
				<string>YES</string>
				<key>VERSIONING_SYSTEM</key>
				<string>apple-generic</string>
				<key>VERSION_INFO_PREFIX</key>
				<string></string>
			</dict>
			<key>isa</key>
			<string>XCBuildConfiguration</string>
			<key>name</key>
			<string>Debug</string>
		</dict>
		<key>DA20FBA61CE3DEBB00B07762</key>
		<dict>
			<key>buildSettings</key>
			<dict>
				<key>CLANG_ANALYZER_NONNULL</key>
				<string>YES</string>
				<key>CURRENT_PROJECT_VERSION</key>
				<string>1</string>
				<key>DEFINES_MODULE</key>
				<string>YES</string>
				<key>DYLIB_COMPATIBILITY_VERSION</key>
				<string>1</string>
				<key>DYLIB_CURRENT_VERSION</key>
				<string>1</string>
				<key>DYLIB_INSTALL_NAME_BASE</key>
				<string>@rpath</string>
				<key>INFOPLIST_FILE</key>
				<string>MapboxStatic/Info.plist</string>
				<key>INSTALL_PATH</key>
				<string>$(LOCAL_LIBRARY_DIR)/Frameworks</string>
				<key>LD_RUNPATH_SEARCH_PATHS</key>
				<string>$(inherited) @executable_path/Frameworks @loader_path/Frameworks</string>
				<key>PRODUCT_BUNDLE_IDENTIFIER</key>
				<string>com.mapbox.MapboxStatic</string>
				<key>PRODUCT_NAME</key>
				<string>$(TARGET_NAME)</string>
				<key>SKIP_INSTALL</key>
				<string>YES</string>
				<key>VERSIONING_SYSTEM</key>
				<string>apple-generic</string>
				<key>VERSION_INFO_PREFIX</key>
				<string></string>
			</dict>
			<key>isa</key>
			<string>XCBuildConfiguration</string>
			<key>name</key>
			<string>Release</string>
		</dict>
		<key>DA20FBA71CE3DEBB00B07762</key>
		<dict>
			<key>buildActionMask</key>
			<string>2147483647</string>
			<key>dstPath</key>
			<string></string>
			<key>dstSubfolderSpec</key>
			<string>10</string>
			<key>files</key>
			<array>
				<string>DA20FBA31CE3DEBB00B07762</string>
			</array>
			<key>isa</key>
			<string>PBXCopyFilesBuildPhase</string>
			<key>name</key>
			<string>Embed Frameworks</string>
			<key>runOnlyForDeploymentPostprocessing</key>
			<string>0</string>
		</dict>
		<key>DA20FBA81CE3DF6900B07762</key>
		<dict>
			<key>fileRef</key>
			<string>DDAD19871BD9B3970057AC9F</string>
			<key>isa</key>
			<string>PBXBuildFile</string>
		</dict>
		<key>DA20FBA91CE401E800B07762</key>
		<dict>
			<key>fileEncoding</key>
			<string>4</string>
			<key>isa</key>
			<string>PBXFileReference</string>
			<key>lastKnownFileType</key>
			<string>sourcecode.swift</string>
			<key>path</key>
			<string>Color.swift</string>
			<key>sourceTree</key>
			<string>&lt;group&gt;</string>
		</dict>
		<key>DA20FBAA1CE401E800B07762</key>
		<dict>
			<key>fileRef</key>
			<string>DA20FBA91CE401E800B07762</string>
			<key>isa</key>
			<string>PBXBuildFile</string>
		</dict>
		<key>DA20FBAB1CE4026B00B07762</key>
		<dict>
			<key>fileEncoding</key>
			<string>4</string>
			<key>isa</key>
			<string>PBXFileReference</string>
			<key>lastKnownFileType</key>
			<string>sourcecode.swift</string>
			<key>path</key>
			<string>Overlay.swift</string>
			<key>sourceTree</key>
			<string>&lt;group&gt;</string>
		</dict>
		<key>DA20FBAC1CE4026B00B07762</key>
		<dict>
			<key>fileRef</key>
			<string>DA20FBAB1CE4026B00B07762</string>
			<key>isa</key>
			<string>PBXBuildFile</string>
		</dict>
		<key>DA20FBB21CE4682200B07762</key>
		<dict>
			<key>isa</key>
			<string>PBXFileReference</string>
			<key>lastKnownFileType</key>
			<string>file.playground</string>
			<key>path</key>
			<string>iOS.playground</string>
			<key>sourceTree</key>
			<string>&lt;group&gt;</string>
		</dict>
		<key>DA20FBB31CE474CA00B07762</key>
		<dict>
			<key>isa</key>
			<string>PBXFileReference</string>
			<key>lastKnownFileType</key>
			<string>file.playground</string>
			<key>path</key>
			<string>OS X.playground</string>
			<key>sourceTree</key>
			<string>&lt;group&gt;</string>
		</dict>
		<key>DA20FBB41CE4757E00B07762</key>
		<dict>
			<key>buildActionMask</key>
			<string>2147483647</string>
			<key>files</key>
			<array>
				<string>DA20FBD21CE475F300B07762</string>
				<string>DA20FBD31CE475F300B07762</string>
				<string>DA20FBD11CE475F300B07762</string>
			</array>
			<key>isa</key>
			<string>PBXSourcesBuildPhase</string>
			<key>runOnlyForDeploymentPostprocessing</key>
			<string>0</string>
		</dict>
		<key>DA20FBB51CE4757E00B07762</key>
		<dict>
			<key>buildActionMask</key>
			<string>2147483647</string>
			<key>files</key>
			<array/>
			<key>isa</key>
			<string>PBXFrameworksBuildPhase</string>
			<key>runOnlyForDeploymentPostprocessing</key>
			<string>0</string>
		</dict>
		<key>DA20FBB61CE4757E00B07762</key>
		<dict>
			<key>buildActionMask</key>
			<string>2147483647</string>
			<key>files</key>
			<array>
				<string>DA20FBD01CE475F300B07762</string>
			</array>
			<key>isa</key>
			<string>PBXHeadersBuildPhase</string>
			<key>runOnlyForDeploymentPostprocessing</key>
			<string>0</string>
		</dict>
		<key>DA20FBB71CE4757E00B07762</key>
		<dict>
			<key>buildActionMask</key>
			<string>2147483647</string>
			<key>files</key>
			<array/>
			<key>isa</key>
			<string>PBXResourcesBuildPhase</string>
			<key>runOnlyForDeploymentPostprocessing</key>
			<string>0</string>
		</dict>
		<key>DA20FBB81CE4757E00B07762</key>
		<dict>
			<key>buildConfigurationList</key>
			<string>DA20FBCA1CE4757E00B07762</string>
			<key>buildPhases</key>
			<array>
				<string>DA20FBB41CE4757E00B07762</string>
				<string>DA20FBB51CE4757E00B07762</string>
				<string>DA20FBB61CE4757E00B07762</string>
				<string>DA20FBB71CE4757E00B07762</string>
			</array>
			<key>buildRules</key>
			<array/>
			<key>dependencies</key>
			<array/>
			<key>isa</key>
			<string>PBXNativeTarget</string>
			<key>name</key>
			<string>MapboxStaticMac</string>
			<key>productName</key>
			<string>MapboxStaticMac</string>
			<key>productReference</key>
			<string>DA20FBB91CE4757E00B07762</string>
			<key>productType</key>
			<string>com.apple.product-type.framework</string>
		</dict>
		<key>DA20FBB91CE4757E00B07762</key>
		<dict>
			<key>explicitFileType</key>
			<string>wrapper.framework</string>
			<key>includeInIndex</key>
			<string>0</string>
			<key>isa</key>
			<string>PBXFileReference</string>
			<key>path</key>
			<string>MapboxStatic.framework</string>
			<key>sourceTree</key>
			<string>BUILT_PRODUCTS_DIR</string>
		</dict>
		<key>DA20FBBE1CE4757E00B07762</key>
		<dict>
			<key>buildActionMask</key>
			<string>2147483647</string>
			<key>files</key>
			<array>
				<string>DA20FBD41CE475FD00B07762</string>
			</array>
			<key>isa</key>
			<string>PBXSourcesBuildPhase</string>
			<key>runOnlyForDeploymentPostprocessing</key>
			<string>0</string>
		</dict>
		<key>DA20FBBF1CE4757E00B07762</key>
		<dict>
			<key>buildActionMask</key>
			<string>2147483647</string>
			<key>files</key>
			<array>
				<string>DA20FBC31CE4757E00B07762</string>
				<string>0ED9A3D399DBFF0D29EB538D</string>
			</array>
			<key>isa</key>
			<string>PBXFrameworksBuildPhase</string>
			<key>runOnlyForDeploymentPostprocessing</key>
			<string>0</string>
		</dict>
		<key>DA20FBC01CE4757E00B07762</key>
		<dict>
			<key>buildActionMask</key>
			<string>2147483647</string>
			<key>files</key>
			<array>
				<string>DA20FBD51CE4760100B07762</string>
			</array>
			<key>isa</key>
			<string>PBXResourcesBuildPhase</string>
			<key>runOnlyForDeploymentPostprocessing</key>
			<string>0</string>
		</dict>
		<key>DA20FBC11CE4757E00B07762</key>
		<dict>
			<key>buildConfigurationList</key>
			<string>DA20FBCD1CE4757E00B07762</string>
			<key>buildPhases</key>
			<array>
				<string>E8C559A359056DF4F82323F6</string>
				<string>DA20FBBE1CE4757E00B07762</string>
				<string>DA20FBBF1CE4757E00B07762</string>
				<string>DA20FBC01CE4757E00B07762</string>
				<string>EA5F774C741A7A6A42F261A5</string>
				<string>54F68F1C4290CF8B973B22E9</string>
			</array>
			<key>buildRules</key>
			<array/>
			<key>dependencies</key>
			<array>
				<string>DA20FBC51CE4757E00B07762</string>
			</array>
			<key>isa</key>
			<string>PBXNativeTarget</string>
			<key>name</key>
			<string>MapboxStaticMacTests</string>
			<key>productName</key>
			<string>MapboxStaticMacTests</string>
			<key>productReference</key>
			<string>DA20FBC21CE4757E00B07762</string>
			<key>productType</key>
			<string>com.apple.product-type.bundle.unit-test</string>
		</dict>
		<key>DA20FBC21CE4757E00B07762</key>
		<dict>
			<key>explicitFileType</key>
			<string>wrapper.cfbundle</string>
			<key>includeInIndex</key>
			<string>0</string>
			<key>isa</key>
			<string>PBXFileReference</string>
			<key>path</key>
			<string>MapboxStaticTests.xctest</string>
			<key>sourceTree</key>
			<string>BUILT_PRODUCTS_DIR</string>
		</dict>
		<key>DA20FBC31CE4757E00B07762</key>
		<dict>
			<key>fileRef</key>
			<string>DA20FBB91CE4757E00B07762</string>
			<key>isa</key>
			<string>PBXBuildFile</string>
		</dict>
		<key>DA20FBC41CE4757E00B07762</key>
		<dict>
			<key>containerPortal</key>
			<string>DDAD19511BD9B1780057AC9F</string>
			<key>isa</key>
			<string>PBXContainerItemProxy</string>
			<key>proxyType</key>
			<string>1</string>
			<key>remoteGlobalIDString</key>
			<string>DA20FBB81CE4757E00B07762</string>
			<key>remoteInfo</key>
			<string>MapboxStaticMac</string>
		</dict>
		<key>DA20FBC51CE4757E00B07762</key>
		<dict>
			<key>isa</key>
			<string>PBXTargetDependency</string>
			<key>target</key>
			<string>DA20FBB81CE4757E00B07762</string>
			<key>targetProxy</key>
			<string>DA20FBC41CE4757E00B07762</string>
		</dict>
		<key>DA20FBCA1CE4757E00B07762</key>
		<dict>
			<key>buildConfigurations</key>
			<array>
				<string>DA20FBCB1CE4757E00B07762</string>
				<string>DA20FBCC1CE4757E00B07762</string>
			</array>
			<key>defaultConfigurationIsVisible</key>
			<string>0</string>
			<key>isa</key>
			<string>XCConfigurationList</string>
		</dict>
		<key>DA20FBCB1CE4757E00B07762</key>
		<dict>
			<key>buildSettings</key>
			<dict>
				<key>CLANG_ANALYZER_NONNULL</key>
				<string>YES</string>
				<key>CODE_SIGN_IDENTITY</key>
				<string>-</string>
				<key>COMBINE_HIDPI_IMAGES</key>
				<string>YES</string>
				<key>CURRENT_PROJECT_VERSION</key>
				<string>1</string>
				<key>DEFINES_MODULE</key>
				<string>YES</string>
				<key>DYLIB_COMPATIBILITY_VERSION</key>
				<string>1</string>
				<key>DYLIB_CURRENT_VERSION</key>
				<string>1</string>
				<key>DYLIB_INSTALL_NAME_BASE</key>
				<string>@rpath</string>
				<key>FRAMEWORK_VERSION</key>
				<string>A</string>
				<key>INFOPLIST_FILE</key>
				<string>MapboxStatic/Info.plist</string>
				<key>INSTALL_PATH</key>
				<string>$(LOCAL_LIBRARY_DIR)/Frameworks</string>
				<key>LD_RUNPATH_SEARCH_PATHS</key>
				<string>$(inherited) @executable_path/../Frameworks @loader_path/Frameworks</string>
				<key>PRODUCT_BUNDLE_IDENTIFIER</key>
				<string>com.mapbox.MapboxStatic</string>
				<key>PRODUCT_NAME</key>
				<string>MapboxStatic</string>
				<key>SDKROOT</key>
				<string>macosx</string>
				<key>SKIP_INSTALL</key>
				<string>YES</string>
				<key>VERSIONING_SYSTEM</key>
				<string>apple-generic</string>
				<key>VERSION_INFO_PREFIX</key>
				<string></string>
			</dict>
			<key>isa</key>
			<string>XCBuildConfiguration</string>
			<key>name</key>
			<string>Debug</string>
		</dict>
		<key>DA20FBCC1CE4757E00B07762</key>
		<dict>
			<key>buildSettings</key>
			<dict>
				<key>CLANG_ANALYZER_NONNULL</key>
				<string>YES</string>
				<key>CODE_SIGN_IDENTITY</key>
				<string>-</string>
				<key>COMBINE_HIDPI_IMAGES</key>
				<string>YES</string>
				<key>CURRENT_PROJECT_VERSION</key>
				<string>1</string>
				<key>DEFINES_MODULE</key>
				<string>YES</string>
				<key>DYLIB_COMPATIBILITY_VERSION</key>
				<string>1</string>
				<key>DYLIB_CURRENT_VERSION</key>
				<string>1</string>
				<key>DYLIB_INSTALL_NAME_BASE</key>
				<string>@rpath</string>
				<key>FRAMEWORK_VERSION</key>
				<string>A</string>
				<key>INFOPLIST_FILE</key>
				<string>MapboxStatic/Info.plist</string>
				<key>INSTALL_PATH</key>
				<string>$(LOCAL_LIBRARY_DIR)/Frameworks</string>
				<key>LD_RUNPATH_SEARCH_PATHS</key>
				<string>$(inherited) @executable_path/../Frameworks @loader_path/Frameworks</string>
				<key>PRODUCT_BUNDLE_IDENTIFIER</key>
				<string>com.mapbox.MapboxStatic</string>
				<key>PRODUCT_NAME</key>
				<string>MapboxStatic</string>
				<key>SDKROOT</key>
				<string>macosx</string>
				<key>SKIP_INSTALL</key>
				<string>YES</string>
				<key>VERSIONING_SYSTEM</key>
				<string>apple-generic</string>
				<key>VERSION_INFO_PREFIX</key>
				<string></string>
			</dict>
			<key>isa</key>
			<string>XCBuildConfiguration</string>
			<key>name</key>
			<string>Release</string>
		</dict>
		<key>DA20FBCD1CE4757E00B07762</key>
		<dict>
			<key>buildConfigurations</key>
			<array>
				<string>DA20FBCE1CE4757E00B07762</string>
				<string>DA20FBCF1CE4757E00B07762</string>
			</array>
			<key>defaultConfigurationIsVisible</key>
			<string>0</string>
			<key>isa</key>
			<string>XCConfigurationList</string>
		</dict>
		<key>DA20FBCE1CE4757E00B07762</key>
		<dict>
			<key>baseConfigurationReference</key>
			<string>28CC27E80B7FF2D37662BE6B</string>
			<key>buildSettings</key>
			<dict>
				<key>CLANG_ANALYZER_NONNULL</key>
				<string>YES</string>
				<key>CODE_SIGN_IDENTITY</key>
				<string>-</string>
				<key>COMBINE_HIDPI_IMAGES</key>
				<string>YES</string>
				<key>INFOPLIST_FILE</key>
				<string>MapboxStaticTests/Info.plist</string>
				<key>LD_RUNPATH_SEARCH_PATHS</key>
				<string>$(inherited) @executable_path/../Frameworks @loader_path/../Frameworks</string>
				<key>PRODUCT_BUNDLE_IDENTIFIER</key>
				<string>com.mapbox.MapboxStaticTests</string>
				<key>PRODUCT_NAME</key>
				<string>MapboxStaticTests</string>
				<key>SDKROOT</key>
				<string>macosx</string>
			</dict>
			<key>isa</key>
			<string>XCBuildConfiguration</string>
			<key>name</key>
			<string>Debug</string>
		</dict>
		<key>DA20FBCF1CE4757E00B07762</key>
		<dict>
			<key>baseConfigurationReference</key>
			<string>CFF167EC71AC2058F825CEB9</string>
			<key>buildSettings</key>
			<dict>
				<key>CLANG_ANALYZER_NONNULL</key>
				<string>YES</string>
				<key>CODE_SIGN_IDENTITY</key>
				<string>-</string>
				<key>COMBINE_HIDPI_IMAGES</key>
				<string>YES</string>
				<key>INFOPLIST_FILE</key>
				<string>MapboxStaticTests/Info.plist</string>
				<key>LD_RUNPATH_SEARCH_PATHS</key>
				<string>$(inherited) @executable_path/../Frameworks @loader_path/../Frameworks</string>
				<key>PRODUCT_BUNDLE_IDENTIFIER</key>
				<string>com.mapbox.MapboxStaticTests</string>
				<key>PRODUCT_NAME</key>
				<string>MapboxStaticTests</string>
				<key>SDKROOT</key>
				<string>macosx</string>
			</dict>
			<key>isa</key>
			<string>XCBuildConfiguration</string>
			<key>name</key>
			<string>Release</string>
		</dict>
		<key>DA20FBD01CE475F300B07762</key>
		<dict>
			<key>fileRef</key>
			<string>DA20FB9D1CE3DEBB00B07762</string>
			<key>isa</key>
			<string>PBXBuildFile</string>
			<key>settings</key>
			<dict>
				<key>ATTRIBUTES</key>
				<array>
					<string>Public</string>
				</array>
			</dict>
		</dict>
		<key>DA20FBD11CE475F300B07762</key>
		<dict>
			<key>fileRef</key>
			<string>DDAD19871BD9B3970057AC9F</string>
			<key>isa</key>
			<string>PBXBuildFile</string>
		</dict>
		<key>DA20FBD21CE475F300B07762</key>
		<dict>
			<key>fileRef</key>
			<string>DA20FBAB1CE4026B00B07762</string>
			<key>isa</key>
			<string>PBXBuildFile</string>
		</dict>
		<key>DA20FBD31CE475F300B07762</key>
		<dict>
			<key>fileRef</key>
			<string>DA20FBA91CE401E800B07762</string>
			<key>isa</key>
			<string>PBXBuildFile</string>
		</dict>
		<key>DA20FBD41CE475FD00B07762</key>
		<dict>
			<key>fileRef</key>
			<string>DDAD19831BD9B2F80057AC9F</string>
			<key>isa</key>
			<string>PBXBuildFile</string>
		</dict>
		<key>DA20FBD51CE4760100B07762</key>
		<dict>
			<key>fileRef</key>
			<string>DD0C88161BE1A9D400606E9F</string>
			<key>isa</key>
			<string>PBXBuildFile</string>
		</dict>
		<key>DD0C88151BE1A9CC00606E9F</key>
		<dict>
			<key>children</key>
			<array>
				<string>DD0C88161BE1A9D400606E9F</string>
			</array>
			<key>isa</key>
			<string>PBXGroup</string>
			<key>name</key>
			<string>Fixtures</string>
			<key>path</key>
			<string>fixtures</string>
			<key>sourceTree</key>
			<string>&lt;group&gt;</string>
		</dict>
		<key>DD0C88161BE1A9D400606E9F</key>
		<dict>
			<key>fileEncoding</key>
			<string>4</string>
			<key>isa</key>
			<string>PBXFileReference</string>
			<key>lastKnownFileType</key>
			<string>text</string>
			<key>path</key>
			<string>polyline.geojson</string>
			<key>sourceTree</key>
			<string>&lt;group&gt;</string>
		</dict>
		<key>DD0C88181BE1A9E100606E9F</key>
		<dict>
			<key>fileRef</key>
			<string>DD0C88161BE1A9D400606E9F</string>
			<key>isa</key>
			<string>PBXBuildFile</string>
		</dict>
		<key>DD685BA91BDB14C1002E2BB2</key>
		<dict>
			<key>fileRef</key>
			<string>DDAD19831BD9B2F80057AC9F</string>
			<key>isa</key>
			<string>PBXBuildFile</string>
		</dict>
		<key>DDAD19501BD9B1780057AC9F</key>
		<dict>
			<key>children</key>
			<array>
				<string>DA20FBB21CE4682200B07762</string>
				<string>DA20FBB31CE474CA00B07762</string>
				<string>DDAD195B1BD9B1780057AC9F</string>
				<string>DA20FB9C1CE3DEBB00B07762</string>
				<string>DDAD19791BD9B24F0057AC9F</string>
				<string>DDAD195A1BD9B1780057AC9F</string>
				<string>B4D1009D4B831C7BA3D1ED4A</string>
				<string>84F6A9708C9492676B182C3A</string>
			</array>
			<key>isa</key>
			<string>PBXGroup</string>
			<key>sourceTree</key>
			<string>&lt;group&gt;</string>
		</dict>
		<key>DDAD19511BD9B1780057AC9F</key>
		<dict>
			<key>attributes</key>
			<dict>
				<key>LastSwiftUpdateCheck</key>
				<string>0730</string>
				<key>LastUpgradeCheck</key>
				<string>0710</string>
				<key>ORGANIZATIONNAME</key>
				<string>Mapbox</string>
				<key>TargetAttributes</key>
				<dict>
					<key>DA20FB9A1CE3DEBB00B07762</key>
					<dict>
						<key>CreatedOnToolsVersion</key>
						<string>7.3.1</string>
					</dict>
					<key>DA20FBB81CE4757E00B07762</key>
					<dict>
						<key>CreatedOnToolsVersion</key>
						<string>7.3.1</string>
					</dict>
					<key>DA20FBC11CE4757E00B07762</key>
					<dict>
						<key>CreatedOnToolsVersion</key>
						<string>7.3.1</string>
					</dict>
					<key>DDAD19581BD9B1780057AC9F</key>
					<dict>
						<key>CreatedOnToolsVersion</key>
						<string>7.1</string>
					</dict>
					<key>DDAD19771BD9B24F0057AC9F</key>
					<dict>
						<key>CreatedOnToolsVersion</key>
						<string>7.1</string>
					</dict>
				</dict>
			</dict>
			<key>buildConfigurationList</key>
			<string>DDAD19541BD9B1780057AC9F</string>
			<key>compatibilityVersion</key>
			<string>Xcode 3.2</string>
			<key>developmentRegion</key>
			<string>English</string>
			<key>hasScannedForEncodings</key>
			<string>0</string>
			<key>isa</key>
			<string>PBXProject</string>
			<key>knownRegions</key>
			<array>
				<string>en</string>
				<string>Base</string>
			</array>
			<key>mainGroup</key>
			<string>DDAD19501BD9B1780057AC9F</string>
			<key>productRefGroup</key>
			<string>DDAD195A1BD9B1780057AC9F</string>
			<key>projectDirPath</key>
			<string></string>
			<key>projectReferences</key>
			<array/>
			<key>projectRoot</key>
			<string></string>
			<key>targets</key>
			<array>
				<string>DDAD19581BD9B1780057AC9F</string>
				<string>DA20FB9A1CE3DEBB00B07762</string>
				<string>DDAD19771BD9B24F0057AC9F</string>
				<string>DA20FBB81CE4757E00B07762</string>
				<string>DA20FBC11CE4757E00B07762</string>
			</array>
		</dict>
		<key>DDAD19541BD9B1780057AC9F</key>
		<dict>
			<key>buildConfigurations</key>
			<array>
				<string>DDAD19691BD9B1780057AC9F</string>
				<string>DDAD196A1BD9B1780057AC9F</string>
			</array>
			<key>defaultConfigurationIsVisible</key>
			<string>0</string>
			<key>defaultConfigurationName</key>
			<string>Release</string>
			<key>isa</key>
			<string>XCConfigurationList</string>
		</dict>
		<key>DDAD19551BD9B1780057AC9F</key>
		<dict>
			<key>buildActionMask</key>
			<string>2147483647</string>
			<key>files</key>
			<array>
				<string>DDAD19711BD9B1A50057AC9F</string>
				<string>DDAD19731BD9B1A50057AC9F</string>
			</array>
			<key>isa</key>
			<string>PBXSourcesBuildPhase</string>
			<key>runOnlyForDeploymentPostprocessing</key>
			<string>0</string>
		</dict>
		<key>DDAD19561BD9B1780057AC9F</key>
		<dict>
			<key>buildActionMask</key>
			<string>2147483647</string>
			<key>files</key>
			<array>
				<string>DA20FBA21CE3DEBB00B07762</string>
			</array>
			<key>isa</key>
			<string>PBXFrameworksBuildPhase</string>
			<key>runOnlyForDeploymentPostprocessing</key>
			<string>0</string>
		</dict>
		<key>DDAD19571BD9B1780057AC9F</key>
		<dict>
			<key>buildActionMask</key>
			<string>2147483647</string>
			<key>files</key>
			<array/>
			<key>isa</key>
			<string>PBXResourcesBuildPhase</string>
			<key>runOnlyForDeploymentPostprocessing</key>
			<string>0</string>
		</dict>
		<key>DDAD19581BD9B1780057AC9F</key>
		<dict>
			<key>buildConfigurationList</key>
			<string>DDAD196B1BD9B1780057AC9F</string>
			<key>buildPhases</key>
			<array>
				<string>DDAD19551BD9B1780057AC9F</string>
				<string>DDAD19561BD9B1780057AC9F</string>
				<string>DDAD19571BD9B1780057AC9F</string>
				<string>DA20FBA71CE3DEBB00B07762</string>
			</array>
			<key>buildRules</key>
			<array/>
			<key>dependencies</key>
			<array>
				<string>DA20FBA11CE3DEBB00B07762</string>
			</array>
			<key>isa</key>
			<string>PBXNativeTarget</string>
			<key>name</key>
			<string>Example</string>
			<key>productName</key>
			<string>Sample App</string>
			<key>productReference</key>
			<string>DDAD19591BD9B1780057AC9F</string>
			<key>productType</key>
			<string>com.apple.product-type.application</string>
		</dict>
		<key>DDAD19591BD9B1780057AC9F</key>
		<dict>
			<key>explicitFileType</key>
			<string>wrapper.application</string>
			<key>includeInIndex</key>
			<string>0</string>
			<key>isa</key>
			<string>PBXFileReference</string>
			<key>path</key>
			<string>Example.app</string>
			<key>sourceTree</key>
			<string>BUILT_PRODUCTS_DIR</string>
		</dict>
		<key>DDAD195A1BD9B1780057AC9F</key>
		<dict>
			<key>children</key>
			<array>
				<string>DDAD19591BD9B1780057AC9F</string>
				<string>DDAD19781BD9B24F0057AC9F</string>
				<string>DA20FB9B1CE3DEBB00B07762</string>
				<string>DA20FBB91CE4757E00B07762</string>
				<string>DA20FBC21CE4757E00B07762</string>
			</array>
			<key>isa</key>
			<string>PBXGroup</string>
			<key>name</key>
			<string>Products</string>
			<key>sourceTree</key>
			<string>&lt;group&gt;</string>
		</dict>
		<key>DDAD195B1BD9B1780057AC9F</key>
		<dict>
			<key>children</key>
			<array>
				<string>DDAD196E1BD9B1A50057AC9F</string>
				<string>DDAD19701BD9B1A50057AC9F</string>
				<string>DDAD196F1BD9B1A50057AC9F</string>
			</array>
			<key>isa</key>
			<string>PBXGroup</string>
			<key>path</key>
			<string>Example</string>
			<key>sourceTree</key>
			<string>&lt;group&gt;</string>
		</dict>
		<key>DDAD19691BD9B1780057AC9F</key>
		<dict>
			<key>buildSettings</key>
			<dict>
				<key>ALWAYS_SEARCH_USER_PATHS</key>
				<string>NO</string>
				<key>CLANG_CXX_LANGUAGE_STANDARD</key>
				<string>gnu++0x</string>
				<key>CLANG_CXX_LIBRARY</key>
				<string>libc++</string>
				<key>CLANG_ENABLE_MODULES</key>
				<string>YES</string>
				<key>CLANG_ENABLE_OBJC_ARC</key>
				<string>YES</string>
				<key>CLANG_WARN_BOOL_CONVERSION</key>
				<string>YES</string>
				<key>CLANG_WARN_CONSTANT_CONVERSION</key>
				<string>YES</string>
				<key>CLANG_WARN_DIRECT_OBJC_ISA_USAGE</key>
				<string>YES_ERROR</string>
				<key>CLANG_WARN_EMPTY_BODY</key>
				<string>YES</string>
				<key>CLANG_WARN_ENUM_CONVERSION</key>
				<string>YES</string>
				<key>CLANG_WARN_INT_CONVERSION</key>
				<string>YES</string>
				<key>CLANG_WARN_OBJC_ROOT_CLASS</key>
				<string>YES_ERROR</string>
				<key>CLANG_WARN_UNREACHABLE_CODE</key>
				<string>YES</string>
				<key>CLANG_WARN__DUPLICATE_METHOD_MATCH</key>
				<string>YES</string>
				<key>CODE_SIGN_IDENTITY[sdk=iphoneos*]</key>
				<string>iPhone Developer</string>
				<key>COPY_PHASE_STRIP</key>
				<string>NO</string>
				<key>DEBUG_INFORMATION_FORMAT</key>
				<string>dwarf</string>
				<key>ENABLE_STRICT_OBJC_MSGSEND</key>
				<string>YES</string>
				<key>ENABLE_TESTABILITY</key>
				<string>YES</string>
				<key>GCC_C_LANGUAGE_STANDARD</key>
				<string>gnu99</string>
				<key>GCC_DYNAMIC_NO_PIC</key>
				<string>NO</string>
				<key>GCC_NO_COMMON_BLOCKS</key>
				<string>YES</string>
				<key>GCC_OPTIMIZATION_LEVEL</key>
				<string>0</string>
				<key>GCC_PREPROCESSOR_DEFINITIONS</key>
				<array>
					<string>DEBUG=1</string>
					<string>$(inherited)</string>
				</array>
				<key>GCC_WARN_64_TO_32_BIT_CONVERSION</key>
				<string>YES</string>
				<key>GCC_WARN_ABOUT_RETURN_TYPE</key>
				<string>YES_ERROR</string>
				<key>GCC_WARN_UNDECLARED_SELECTOR</key>
				<string>YES</string>
				<key>GCC_WARN_UNINITIALIZED_AUTOS</key>
				<string>YES_AGGRESSIVE</string>
				<key>GCC_WARN_UNUSED_FUNCTION</key>
				<string>YES</string>
				<key>GCC_WARN_UNUSED_VARIABLE</key>
				<string>YES</string>
				<key>IPHONEOS_DEPLOYMENT_TARGET</key>
				<string>8.0</string>
				<key>MACOSX_DEPLOYMENT_TARGET</key>
				<string>10.10</string>
				<key>MTL_ENABLE_DEBUG_INFO</key>
				<string>YES</string>
				<key>ONLY_ACTIVE_ARCH</key>
				<string>YES</string>
				<key>SDKROOT</key>
				<string>iphoneos</string>
				<key>SWIFT_OPTIMIZATION_LEVEL</key>
				<string>-Onone</string>
				<key>TARGETED_DEVICE_FAMILY</key>
				<string>1,2</string>
			</dict>
			<key>isa</key>
			<string>XCBuildConfiguration</string>
			<key>name</key>
			<string>Debug</string>
		</dict>
		<key>DDAD196A1BD9B1780057AC9F</key>
		<dict>
			<key>buildSettings</key>
			<dict>
				<key>ALWAYS_SEARCH_USER_PATHS</key>
				<string>NO</string>
				<key>CLANG_CXX_LANGUAGE_STANDARD</key>
				<string>gnu++0x</string>
				<key>CLANG_CXX_LIBRARY</key>
				<string>libc++</string>
				<key>CLANG_ENABLE_MODULES</key>
				<string>YES</string>
				<key>CLANG_ENABLE_OBJC_ARC</key>
				<string>YES</string>
				<key>CLANG_WARN_BOOL_CONVERSION</key>
				<string>YES</string>
				<key>CLANG_WARN_CONSTANT_CONVERSION</key>
				<string>YES</string>
				<key>CLANG_WARN_DIRECT_OBJC_ISA_USAGE</key>
				<string>YES_ERROR</string>
				<key>CLANG_WARN_EMPTY_BODY</key>
				<string>YES</string>
				<key>CLANG_WARN_ENUM_CONVERSION</key>
				<string>YES</string>
				<key>CLANG_WARN_INT_CONVERSION</key>
				<string>YES</string>
				<key>CLANG_WARN_OBJC_ROOT_CLASS</key>
				<string>YES_ERROR</string>
				<key>CLANG_WARN_UNREACHABLE_CODE</key>
				<string>YES</string>
				<key>CLANG_WARN__DUPLICATE_METHOD_MATCH</key>
				<string>YES</string>
				<key>CODE_SIGN_IDENTITY[sdk=iphoneos*]</key>
				<string>iPhone Developer</string>
				<key>COPY_PHASE_STRIP</key>
				<string>NO</string>
				<key>DEBUG_INFORMATION_FORMAT</key>
				<string>dwarf-with-dsym</string>
				<key>ENABLE_NS_ASSERTIONS</key>
				<string>NO</string>
				<key>ENABLE_STRICT_OBJC_MSGSEND</key>
				<string>YES</string>
				<key>GCC_C_LANGUAGE_STANDARD</key>
				<string>gnu99</string>
				<key>GCC_NO_COMMON_BLOCKS</key>
				<string>YES</string>
				<key>GCC_WARN_64_TO_32_BIT_CONVERSION</key>
				<string>YES</string>
				<key>GCC_WARN_ABOUT_RETURN_TYPE</key>
				<string>YES_ERROR</string>
				<key>GCC_WARN_UNDECLARED_SELECTOR</key>
				<string>YES</string>
				<key>GCC_WARN_UNINITIALIZED_AUTOS</key>
				<string>YES_AGGRESSIVE</string>
				<key>GCC_WARN_UNUSED_FUNCTION</key>
				<string>YES</string>
				<key>GCC_WARN_UNUSED_VARIABLE</key>
				<string>YES</string>
				<key>IPHONEOS_DEPLOYMENT_TARGET</key>
				<string>8.0</string>
				<key>MACOSX_DEPLOYMENT_TARGET</key>
				<string>10.10</string>
				<key>MTL_ENABLE_DEBUG_INFO</key>
				<string>NO</string>
				<key>SDKROOT</key>
				<string>iphoneos</string>
				<key>TARGETED_DEVICE_FAMILY</key>
				<string>1,2</string>
				<key>VALIDATE_PRODUCT</key>
				<string>YES</string>
			</dict>
			<key>isa</key>
			<string>XCBuildConfiguration</string>
			<key>name</key>
			<string>Release</string>
		</dict>
		<key>DDAD196B1BD9B1780057AC9F</key>
		<dict>
			<key>buildConfigurations</key>
			<array>
				<string>DDAD196C1BD9B1780057AC9F</string>
				<string>DDAD196D1BD9B1780057AC9F</string>
			</array>
			<key>defaultConfigurationIsVisible</key>
			<string>0</string>
			<key>defaultConfigurationName</key>
			<string>Release</string>
			<key>isa</key>
			<string>XCConfigurationList</string>
		</dict>
		<key>DDAD196C1BD9B1780057AC9F</key>
		<dict>
			<key>buildSettings</key>
			<dict>
				<key>ASSETCATALOG_COMPILER_APPICON_NAME</key>
				<string>AppIcon</string>
				<key>EMBEDDED_CONTENT_CONTAINS_SWIFT</key>
				<string>YES</string>
				<key>INFOPLIST_FILE</key>
				<string>$(SRCROOT)/Example/Info.plist</string>
				<key>LD_RUNPATH_SEARCH_PATHS</key>
				<string>$(inherited) @executable_path/Frameworks</string>
				<key>PRODUCT_BUNDLE_IDENTIFIER</key>
				<string>com.mapbox.StaticExample</string>
				<key>PRODUCT_NAME</key>
				<string>$(TARGET_NAME)</string>
			</dict>
			<key>isa</key>
			<string>XCBuildConfiguration</string>
			<key>name</key>
			<string>Debug</string>
		</dict>
		<key>DDAD196D1BD9B1780057AC9F</key>
		<dict>
			<key>buildSettings</key>
			<dict>
				<key>ASSETCATALOG_COMPILER_APPICON_NAME</key>
				<string>AppIcon</string>
				<key>EMBEDDED_CONTENT_CONTAINS_SWIFT</key>
				<string>YES</string>
				<key>INFOPLIST_FILE</key>
				<string>$(SRCROOT)/Example/Info.plist</string>
				<key>LD_RUNPATH_SEARCH_PATHS</key>
				<string>$(inherited) @executable_path/Frameworks</string>
				<key>PRODUCT_BUNDLE_IDENTIFIER</key>
				<string>com.mapbox.StaticExample</string>
				<key>PRODUCT_NAME</key>
				<string>$(TARGET_NAME)</string>
			</dict>
			<key>isa</key>
			<string>XCBuildConfiguration</string>
			<key>name</key>
			<string>Release</string>
		</dict>
		<key>DDAD196E1BD9B1A50057AC9F</key>
		<dict>
			<key>fileEncoding</key>
			<string>4</string>
			<key>isa</key>
			<string>PBXFileReference</string>
			<key>lastKnownFileType</key>
			<string>sourcecode.swift</string>
			<key>path</key>
			<string>AppDelegate.swift</string>
			<key>sourceTree</key>
			<string>&lt;group&gt;</string>
		</dict>
		<key>DDAD196F1BD9B1A50057AC9F</key>
		<dict>
			<key>fileEncoding</key>
			<string>4</string>
			<key>isa</key>
			<string>PBXFileReference</string>
			<key>lastKnownFileType</key>
			<string>text.plist.xml</string>
			<key>path</key>
			<string>Info.plist</string>
			<key>sourceTree</key>
			<string>&lt;group&gt;</string>
		</dict>
		<key>DDAD19701BD9B1A50057AC9F</key>
		<dict>
			<key>fileEncoding</key>
			<string>4</string>
			<key>isa</key>
			<string>PBXFileReference</string>
			<key>lastKnownFileType</key>
			<string>sourcecode.swift</string>
			<key>path</key>
			<string>ViewController.swift</string>
			<key>sourceTree</key>
			<string>&lt;group&gt;</string>
		</dict>
		<key>DDAD19711BD9B1A50057AC9F</key>
		<dict>
			<key>fileRef</key>
			<string>DDAD196E1BD9B1A50057AC9F</string>
			<key>isa</key>
			<string>PBXBuildFile</string>
		</dict>
		<key>DDAD19731BD9B1A50057AC9F</key>
		<dict>
			<key>fileRef</key>
			<string>DDAD19701BD9B1A50057AC9F</string>
			<key>isa</key>
			<string>PBXBuildFile</string>
		</dict>
		<key>DDAD19741BD9B24F0057AC9F</key>
		<dict>
			<key>buildActionMask</key>
			<string>2147483647</string>
			<key>files</key>
			<array>
				<string>DD685BA91BDB14C1002E2BB2</string>
			</array>
			<key>isa</key>
			<string>PBXSourcesBuildPhase</string>
			<key>runOnlyForDeploymentPostprocessing</key>
			<string>0</string>
		</dict>
		<key>DDAD19751BD9B24F0057AC9F</key>
		<dict>
			<key>buildActionMask</key>
			<string>2147483647</string>
			<key>files</key>
			<array>
				<string>E1BB8C3C8B4B34ABA4521545</string>
			</array>
			<key>isa</key>
			<string>PBXFrameworksBuildPhase</string>
			<key>runOnlyForDeploymentPostprocessing</key>
			<string>0</string>
		</dict>
		<key>DDAD19761BD9B24F0057AC9F</key>
		<dict>
			<key>buildActionMask</key>
			<string>2147483647</string>
			<key>files</key>
			<array>
				<string>DD0C88181BE1A9E100606E9F</string>
			</array>
			<key>isa</key>
			<string>PBXResourcesBuildPhase</string>
			<key>runOnlyForDeploymentPostprocessing</key>
			<string>0</string>
		</dict>
		<key>DDAD19771BD9B24F0057AC9F</key>
		<dict>
			<key>buildConfigurationList</key>
			<string>DDAD197F1BD9B24F0057AC9F</string>
			<key>buildPhases</key>
			<array>
				<string>DDAD19741BD9B24F0057AC9F</string>
				<string>DDAD19751BD9B24F0057AC9F</string>
				<string>DDAD19761BD9B24F0057AC9F</string>
				<string>70E811F2996100A2FA178EF4</string>
			</array>
			<key>buildRules</key>
			<array/>
			<key>dependencies</key>
			<array>
				<string>DDAD197E1BD9B24F0057AC9F</string>
			</array>
			<key>isa</key>
			<string>PBXNativeTarget</string>
			<key>name</key>
			<string>MapboxStaticTests</string>
			<key>productName</key>
			<string>Unit Tests</string>
			<key>productReference</key>
			<string>DDAD19781BD9B24F0057AC9F</string>
			<key>productType</key>
			<string>com.apple.product-type.bundle.unit-test</string>
		</dict>
		<key>DDAD19781BD9B24F0057AC9F</key>
		<dict>
			<key>explicitFileType</key>
			<string>wrapper.cfbundle</string>
			<key>includeInIndex</key>
			<string>0</string>
			<key>isa</key>
			<string>PBXFileReference</string>
			<key>path</key>
			<string>MapboxStaticTests.xctest</string>
			<key>sourceTree</key>
			<string>BUILT_PRODUCTS_DIR</string>
		</dict>
		<key>DDAD19791BD9B24F0057AC9F</key>
		<dict>
			<key>children</key>
			<array>
				<string>DDAD19831BD9B2F80057AC9F</string>
				<string>DDAD19841BD9B2F80057AC9F</string>
				<string>DD0C88151BE1A9CC00606E9F</string>
			</array>
			<key>isa</key>
			<string>PBXGroup</string>
			<key>path</key>
			<string>MapboxStaticTests</string>
			<key>sourceTree</key>
			<string>&lt;group&gt;</string>
		</dict>
		<key>DDAD197D1BD9B24F0057AC9F</key>
		<dict>
			<key>containerPortal</key>
			<string>DDAD19511BD9B1780057AC9F</string>
			<key>isa</key>
			<string>PBXContainerItemProxy</string>
			<key>proxyType</key>
			<string>1</string>
			<key>remoteGlobalIDString</key>
			<string>DDAD19581BD9B1780057AC9F</string>
			<key>remoteInfo</key>
			<string>Sample App</string>
		</dict>
		<key>DDAD197E1BD9B24F0057AC9F</key>
		<dict>
			<key>isa</key>
			<string>PBXTargetDependency</string>
			<key>target</key>
			<string>DDAD19581BD9B1780057AC9F</string>
			<key>targetProxy</key>
			<string>DDAD197D1BD9B24F0057AC9F</string>
		</dict>
		<key>DDAD197F1BD9B24F0057AC9F</key>
		<dict>
			<key>buildConfigurations</key>
			<array>
				<string>DDAD19801BD9B24F0057AC9F</string>
				<string>DDAD19811BD9B24F0057AC9F</string>
			</array>
			<key>defaultConfigurationIsVisible</key>
			<string>0</string>
			<key>defaultConfigurationName</key>
			<string>Release</string>
			<key>isa</key>
			<string>XCConfigurationList</string>
		</dict>
		<key>DDAD19801BD9B24F0057AC9F</key>
		<dict>
			<key>baseConfigurationReference</key>
			<string>8D6EE47FD26DFA5AB2812FB2</string>
			<key>buildSettings</key>
			<dict>
				<key>CLANG_ENABLE_MODULES</key>
				<string>YES</string>
				<key>INFOPLIST_FILE</key>
				<string>MapboxStaticTests/Info.plist</string>
				<key>LD_RUNPATH_SEARCH_PATHS</key>
				<string>$(inherited) @executable_path/Frameworks @loader_path/Frameworks</string>
				<key>PRODUCT_BUNDLE_IDENTIFIER</key>
				<string>com.mapbox.StaticTests</string>
				<key>PRODUCT_NAME</key>
				<string>$(TARGET_NAME)</string>
				<key>SWIFT_OPTIMIZATION_LEVEL</key>
				<string>-Onone</string>
			</dict>
			<key>isa</key>
			<string>XCBuildConfiguration</string>
			<key>name</key>
			<string>Debug</string>
		</dict>
		<key>DDAD19811BD9B24F0057AC9F</key>
		<dict>
			<key>baseConfigurationReference</key>
			<string>BA5C146F8A26FA67089F5234</string>
			<key>buildSettings</key>
			<dict>
				<key>CLANG_ENABLE_MODULES</key>
				<string>YES</string>
				<key>INFOPLIST_FILE</key>
				<string>MapboxStaticTests/Info.plist</string>
				<key>LD_RUNPATH_SEARCH_PATHS</key>
				<string>$(inherited) @executable_path/Frameworks @loader_path/Frameworks</string>
				<key>PRODUCT_BUNDLE_IDENTIFIER</key>
				<string>com.mapbox.StaticTests</string>
				<key>PRODUCT_NAME</key>
				<string>$(TARGET_NAME)</string>
			</dict>
			<key>isa</key>
			<string>XCBuildConfiguration</string>
			<key>name</key>
			<string>Release</string>
		</dict>
		<key>DDAD19831BD9B2F80057AC9F</key>
		<dict>
			<key>fileEncoding</key>
			<string>4</string>
			<key>isa</key>
			<string>PBXFileReference</string>
			<key>lastKnownFileType</key>
			<string>sourcecode.swift</string>
			<key>path</key>
			<string>MapboxStaticTests.swift</string>
			<key>sourceTree</key>
			<string>&lt;group&gt;</string>
		</dict>
		<key>DDAD19841BD9B2F80057AC9F</key>
		<dict>
			<key>fileEncoding</key>
			<string>4</string>
			<key>isa</key>
			<string>PBXFileReference</string>
			<key>lastKnownFileType</key>
			<string>text.plist.xml</string>
			<key>path</key>
			<string>Info.plist</string>
			<key>sourceTree</key>
			<string>&lt;group&gt;</string>
		</dict>
		<key>DDAD19871BD9B3970057AC9F</key>
		<dict>
			<key>fileEncoding</key>
			<string>4</string>
			<key>isa</key>
			<string>PBXFileReference</string>
			<key>lastKnownFileType</key>
			<string>sourcecode.swift</string>
			<key>path</key>
			<string>Snapshot.swift</string>
			<key>sourceTree</key>
			<string>&lt;group&gt;</string>
		</dict>
		<key>E1BB8C3C8B4B34ABA4521545</key>
		<dict>
			<key>fileRef</key>
			<string>BBD735B8583D022CA2165EFB</string>
			<key>isa</key>
			<string>PBXBuildFile</string>
		</dict>
		<key>E8C559A359056DF4F82323F6</key>
		<dict>
			<key>buildActionMask</key>
			<string>2147483647</string>
			<key>files</key>
			<array/>
			<key>inputPaths</key>
			<array/>
			<key>isa</key>
			<string>PBXShellScriptBuildPhase</string>
			<key>name</key>
			<string>Check Pods Manifest.lock</string>
			<key>outputPaths</key>
			<array/>
			<key>runOnlyForDeploymentPostprocessing</key>
			<string>0</string>
			<key>shellPath</key>
			<string>/bin/sh</string>
			<key>shellScript</key>
			<string>diff "${PODS_ROOT}/../Podfile.lock" "${PODS_ROOT}/Manifest.lock" &gt; /dev/null
if [[ $? != 0 ]] ; then
    cat &lt;&lt; EOM
error: The sandbox is not in sync with the Podfile.lock. Run 'pod install' or update your CocoaPods installation.
EOM
    exit 1
fi
</string>
			<key>showEnvVarsInLog</key>
			<string>0</string>
		</dict>
		<key>EA5F774C741A7A6A42F261A5</key>
		<dict>
			<key>buildActionMask</key>
			<string>2147483647</string>
			<key>files</key>
			<array/>
			<key>inputPaths</key>
			<array/>
			<key>isa</key>
			<string>PBXShellScriptBuildPhase</string>
			<key>name</key>
			<string>Embed Pods Frameworks</string>
			<key>outputPaths</key>
			<array/>
			<key>runOnlyForDeploymentPostprocessing</key>
			<string>0</string>
			<key>shellPath</key>
			<string>/bin/sh</string>
			<key>shellScript</key>
			<string>"${SRCROOT}/Pods/Target Support Files/Pods-MapboxStaticMacTests/Pods-MapboxStaticMacTests-frameworks.sh"
</string>
			<key>showEnvVarsInLog</key>
			<string>0</string>
		</dict>
	</dict>
	<key>rootObject</key>
	<string>DDAD19511BD9B1780057AC9F</string>
</dict>
</plist>
