// !$*UTF8*$!
{
	archiveVersion = 1;
	classes = {
	};
	objectVersion = 46;
	objects = {

/* Begin PBXBuildFile section */
		2705955A42A3B9F3B20811B2 /* Pods_Unit_Tests.framework in Frameworks */ = {isa = PBXBuildFile; fileRef = B02BF8F386FFE70BC1F09263 /* Pods_Unit_Tests.framework */; };
		DD0C88181BE1A9E100606E9F /* polyline.geojson in Resources */ = {isa = PBXBuildFile; fileRef = DD0C88161BE1A9D400606E9F /* polyline.geojson */; };
		DD685BA91BDB14C1002E2BB2 /* MapboxGeocoderTests.swift in Sources */ = {isa = PBXBuildFile; fileRef = DDAD19831BD9B2F80057AC9F /* MapboxGeocoderTests.swift */; };
		DDAD19711BD9B1A50057AC9F /* AppDelegate.swift in Sources */ = {isa = PBXBuildFile; fileRef = DDAD196E1BD9B1A50057AC9F /* AppDelegate.swift */; };
		DDAD19731BD9B1A50057AC9F /* ViewController.swift in Sources */ = {isa = PBXBuildFile; fileRef = DDAD19701BD9B1A50057AC9F /* ViewController.swift */; };
		DDAD19891BD9B6140057AC9F /* MapboxStatic.swift in Sources */ = {isa = PBXBuildFile; fileRef = DDAD19871BD9B3970057AC9F /* MapboxStatic.swift */; };
		DDD6FB8A1BE04FB60035A648 /* MapboxStatic.swift in Sources */ = {isa = PBXBuildFile; fileRef = DDAD19871BD9B3970057AC9F /* MapboxStatic.swift */; };
/* End PBXBuildFile section */

/* Begin PBXContainerItemProxy section */
		DDAD197D1BD9B24F0057AC9F /* PBXContainerItemProxy */ = {
			isa = PBXContainerItemProxy;
			containerPortal = DDAD19511BD9B1780057AC9F /* Project object */;
			proxyType = 1;
			remoteGlobalIDString = DDAD19581BD9B1780057AC9F;
			remoteInfo = "Sample App";
		};
/* End PBXContainerItemProxy section */

/* Begin PBXFileReference section */
		3C02306EEF0995D38B46FC4D /* Pods-Unit Tests.release.xcconfig */ = {isa = PBXFileReference; includeInIndex = 1; lastKnownFileType = text.xcconfig; name = "Pods-Unit Tests.release.xcconfig"; path = "Pods/Target Support Files/Pods-Unit Tests/Pods-Unit Tests.release.xcconfig"; sourceTree = "<group>"; };
		B02BF8F386FFE70BC1F09263 /* Pods_Unit_Tests.framework */ = {isa = PBXFileReference; explicitFileType = wrapper.framework; includeInIndex = 0; path = Pods_Unit_Tests.framework; sourceTree = BUILT_PRODUCTS_DIR; };
		DD0C88161BE1A9D400606E9F /* polyline.geojson */ = {isa = PBXFileReference; fileEncoding = 4; lastKnownFileType = text; path = polyline.geojson; sourceTree = "<group>"; };
		DDAD19591BD9B1780057AC9F /* Example.app */ = {isa = PBXFileReference; explicitFileType = wrapper.application; includeInIndex = 0; path = Example.app; sourceTree = BUILT_PRODUCTS_DIR; };
		DDAD196E1BD9B1A50057AC9F /* AppDelegate.swift */ = {isa = PBXFileReference; fileEncoding = 4; lastKnownFileType = sourcecode.swift; path = AppDelegate.swift; sourceTree = "<group>"; };
		DDAD196F1BD9B1A50057AC9F /* Info.plist */ = {isa = PBXFileReference; fileEncoding = 4; lastKnownFileType = text.plist.xml; path = Info.plist; sourceTree = "<group>"; };
		DDAD19701BD9B1A50057AC9F /* ViewController.swift */ = {isa = PBXFileReference; fileEncoding = 4; lastKnownFileType = sourcecode.swift; path = ViewController.swift; sourceTree = "<group>"; };
		DDAD19781BD9B24F0057AC9F /* MapboxGeocoderTests.xctest */ = {isa = PBXFileReference; explicitFileType = wrapper.cfbundle; includeInIndex = 0; path = MapboxGeocoderTests.xctest; sourceTree = BUILT_PRODUCTS_DIR; };
		DDAD19831BD9B2F80057AC9F /* MapboxGeocoderTests.swift */ = {isa = PBXFileReference; fileEncoding = 4; lastKnownFileType = sourcecode.swift; path = MapboxGeocoderTests.swift; sourceTree = "<group>"; };
		DDAD19841BD9B2F80057AC9F /* Info.plist */ = {isa = PBXFileReference; fileEncoding = 4; lastKnownFileType = text.plist.xml; path = Info.plist; sourceTree = "<group>"; };
		DDAD19871BD9B3970057AC9F /* MapboxStatic.swift */ = {isa = PBXFileReference; fileEncoding = 4; lastKnownFileType = sourcecode.swift; path = MapboxStatic.swift; sourceTree = "<group>"; };
		F2458CAEEA12542684289602 /* Pods-Unit Tests.debug.xcconfig */ = {isa = PBXFileReference; includeInIndex = 1; lastKnownFileType = text.xcconfig; name = "Pods-Unit Tests.debug.xcconfig"; path = "Pods/Target Support Files/Pods-Unit Tests/Pods-Unit Tests.debug.xcconfig"; sourceTree = "<group>"; };
/* End PBXFileReference section */

/* Begin PBXFrameworksBuildPhase section */
		DDAD19561BD9B1780057AC9F /* Frameworks */ = {
			isa = PBXFrameworksBuildPhase;
			buildActionMask = 2147483647;
			files = (
			);
			runOnlyForDeploymentPostprocessing = 0;
		};
		DDAD19751BD9B24F0057AC9F /* Frameworks */ = {
			isa = PBXFrameworksBuildPhase;
			buildActionMask = 2147483647;
			files = (
				2705955A42A3B9F3B20811B2 /* Pods_Unit_Tests.framework in Frameworks */,
			);
			runOnlyForDeploymentPostprocessing = 0;
		};
/* End PBXFrameworksBuildPhase section */

/* Begin PBXGroup section */
		84F6A9708C9492676B182C3A /* Frameworks */ = {
			isa = PBXGroup;
			children = (
				B02BF8F386FFE70BC1F09263 /* Pods_Unit_Tests.framework */,
			);
			name = Frameworks;
			sourceTree = "<group>";
		};
		B4D1009D4B831C7BA3D1ED4A /* Pods */ = {
			isa = PBXGroup;
			children = (
				F2458CAEEA12542684289602 /* Pods-Unit Tests.debug.xcconfig */,
				3C02306EEF0995D38B46FC4D /* Pods-Unit Tests.release.xcconfig */,
			);
			name = Pods;
			sourceTree = "<group>";
		};
		DD0C88151BE1A9CC00606E9F /* Fixtures */ = {
			isa = PBXGroup;
			children = (
				DD0C88161BE1A9D400606E9F /* polyline.geojson */,
			);
			name = Fixtures;
			path = fixtures;
			sourceTree = "<group>";
		};
		DDAD19501BD9B1780057AC9F = {
			isa = PBXGroup;
			children = (
				DDAD195B1BD9B1780057AC9F /* Example */,
				DDAD19821BD9B2D70057AC9F /* Mapbox Static */,
				DDAD19791BD9B24F0057AC9F /* MapboxGeocoderTests */,
				DDAD195A1BD9B1780057AC9F /* Products */,
				B4D1009D4B831C7BA3D1ED4A /* Pods */,
				84F6A9708C9492676B182C3A /* Frameworks */,
			);
			sourceTree = "<group>";
		};
		DDAD195A1BD9B1780057AC9F /* Products */ = {
			isa = PBXGroup;
			children = (
				DDAD19591BD9B1780057AC9F /* Example.app */,
				DDAD19781BD9B24F0057AC9F /* MapboxGeocoderTests.xctest */,
			);
			name = Products;
			sourceTree = "<group>";
		};
		DDAD195B1BD9B1780057AC9F /* Example */ = {
			isa = PBXGroup;
			children = (
				DDAD196E1BD9B1A50057AC9F /* AppDelegate.swift */,
				DDAD19701BD9B1A50057AC9F /* ViewController.swift */,
				DDAD196F1BD9B1A50057AC9F /* Info.plist */,
			);
			path = Example;
			sourceTree = "<group>";
		};
		DDAD19791BD9B24F0057AC9F /* MapboxGeocoderTests */ = {
			isa = PBXGroup;
			children = (
				DDAD19831BD9B2F80057AC9F /* MapboxGeocoderTests.swift */,
				DDAD19841BD9B2F80057AC9F /* Info.plist */,
				DD0C88151BE1A9CC00606E9F /* Fixtures */,
			);
			path = MapboxGeocoderTests;
			sourceTree = "<group>";
		};
		DDAD19821BD9B2D70057AC9F /* Mapbox Static */ = {
			isa = PBXGroup;
			children = (
				DDAD19871BD9B3970057AC9F /* MapboxStatic.swift */,
			);
			name = "Mapbox Static";
			sourceTree = "<group>";
		};
/* End PBXGroup section */

/* Begin PBXNativeTarget section */
		DDAD19581BD9B1780057AC9F /* Example */ = {
			isa = PBXNativeTarget;
			buildConfigurationList = DDAD196B1BD9B1780057AC9F /* Build configuration list for PBXNativeTarget "Example" */;
			buildPhases = (
				DDAD19551BD9B1780057AC9F /* Sources */,
				DDAD19561BD9B1780057AC9F /* Frameworks */,
				DDAD19571BD9B1780057AC9F /* Resources */,
			);
			buildRules = (
			);
			dependencies = (
			);
			name = Example;
			productName = "Sample App";
			productReference = DDAD19591BD9B1780057AC9F /* Example.app */;
			productType = "com.apple.product-type.application";
		};
		DDAD19771BD9B24F0057AC9F /* MapboxGeocoderTests */ = {
			isa = PBXNativeTarget;
			buildConfigurationList = DDAD197F1BD9B24F0057AC9F /* Build configuration list for PBXNativeTarget "MapboxGeocoderTests" */;
			buildPhases = (
				DDAD19741BD9B24F0057AC9F /* Sources */,
				DDAD19751BD9B24F0057AC9F /* Frameworks */,
				DDAD19761BD9B24F0057AC9F /* Resources */,
				322EE9B68C2E219A0FE9973A /* Embed Pods Frameworks */,
			);
			buildRules = (
			);
			dependencies = (
				DDAD197E1BD9B24F0057AC9F /* PBXTargetDependency */,
			);
			name = MapboxGeocoderTests;
			productName = "Unit Tests";
			productReference = DDAD19781BD9B24F0057AC9F /* MapboxGeocoderTests.xctest */;
			productType = "com.apple.product-type.bundle.unit-test";
		};
/* End PBXNativeTarget section */

/* Begin PBXProject section */
		DDAD19511BD9B1780057AC9F /* Project object */ = {
			isa = PBXProject;
			attributes = {
				LastSwiftUpdateCheck = 0710;
				LastUpgradeCheck = 0710;
				ORGANIZATIONNAME = Mapbox;
				TargetAttributes = {
					DDAD19581BD9B1780057AC9F = {
						CreatedOnToolsVersion = 7.1;
					};
					DDAD19771BD9B24F0057AC9F = {
						CreatedOnToolsVersion = 7.1;
						TestTargetID = DDAD19581BD9B1780057AC9F;
					};
				};
			};
			buildConfigurationList = DDAD19541BD9B1780057AC9F /* Build configuration list for PBXProject "MapboxStatic" */;
			compatibilityVersion = "Xcode 3.2";
			developmentRegion = English;
			hasScannedForEncodings = 0;
			knownRegions = (
				en,
				Base,
			);
			mainGroup = DDAD19501BD9B1780057AC9F;
			productRefGroup = DDAD195A1BD9B1780057AC9F /* Products */;
			projectDirPath = "";
			projectRoot = "";
			targets = (
				DDAD19581BD9B1780057AC9F /* Example */,
				DDAD19771BD9B24F0057AC9F /* MapboxGeocoderTests */,
			);
		};
/* End PBXProject section */

/* Begin PBXResourcesBuildPhase section */
		DDAD19571BD9B1780057AC9F /* Resources */ = {
			isa = PBXResourcesBuildPhase;
			buildActionMask = 2147483647;
			files = (
			);
			runOnlyForDeploymentPostprocessing = 0;
		};
		DDAD19761BD9B24F0057AC9F /* Resources */ = {
			isa = PBXResourcesBuildPhase;
			buildActionMask = 2147483647;
			files = (
				DD0C88181BE1A9E100606E9F /* polyline.geojson in Resources */,
			);
			runOnlyForDeploymentPostprocessing = 0;
		};
/* End PBXResourcesBuildPhase section */

/* Begin PBXShellScriptBuildPhase section */
		322EE9B68C2E219A0FE9973A /* Embed Pods Frameworks */ = {
			isa = PBXShellScriptBuildPhase;
			buildActionMask = 2147483647;
			files = (
			);
			inputPaths = (
			);
			name = "Embed Pods Frameworks";
			outputPaths = (
			);
			runOnlyForDeploymentPostprocessing = 0;
			shellPath = /bin/sh;
			shellScript = "\"${SRCROOT}/Pods/Target Support Files/Pods-Unit Tests/Pods-Unit Tests-frameworks.sh\"\n";
			showEnvVarsInLog = 0;
		};
/* End PBXShellScriptBuildPhase section */

/* Begin PBXSourcesBuildPhase section */
		DDAD19551BD9B1780057AC9F /* Sources */ = {
			isa = PBXSourcesBuildPhase;
			buildActionMask = 2147483647;
			files = (
				DDAD19711BD9B1A50057AC9F /* AppDelegate.swift in Sources */,
				DDAD19731BD9B1A50057AC9F /* ViewController.swift in Sources */,
				DDAD19891BD9B6140057AC9F /* MapboxStatic.swift in Sources */,
			);
			runOnlyForDeploymentPostprocessing = 0;
		};
		DDAD19741BD9B24F0057AC9F /* Sources */ = {
			isa = PBXSourcesBuildPhase;
			buildActionMask = 2147483647;
			files = (
				DD685BA91BDB14C1002E2BB2 /* MapboxGeocoderTests.swift in Sources */,
				DDD6FB8A1BE04FB60035A648 /* MapboxStatic.swift in Sources */,
			);
			runOnlyForDeploymentPostprocessing = 0;
		};
/* End PBXSourcesBuildPhase section */

/* Begin PBXTargetDependency section */
		DDAD197E1BD9B24F0057AC9F /* PBXTargetDependency */ = {
			isa = PBXTargetDependency;
			target = DDAD19581BD9B1780057AC9F /* Example */;
			targetProxy = DDAD197D1BD9B24F0057AC9F /* PBXContainerItemProxy */;
		};
/* End PBXTargetDependency section */

/* Begin XCBuildConfiguration section */
		DDAD19691BD9B1780057AC9F /* Debug */ = {
			isa = XCBuildConfiguration;
			buildSettings = {
				ALWAYS_SEARCH_USER_PATHS = NO;
				CLANG_CXX_LANGUAGE_STANDARD = "gnu++0x";
				CLANG_CXX_LIBRARY = "libc++";
				CLANG_ENABLE_MODULES = YES;
				CLANG_ENABLE_OBJC_ARC = YES;
				CLANG_WARN_BOOL_CONVERSION = YES;
				CLANG_WARN_CONSTANT_CONVERSION = YES;
				CLANG_WARN_DIRECT_OBJC_ISA_USAGE = YES_ERROR;
				CLANG_WARN_EMPTY_BODY = YES;
				CLANG_WARN_ENUM_CONVERSION = YES;
				CLANG_WARN_INT_CONVERSION = YES;
				CLANG_WARN_OBJC_ROOT_CLASS = YES_ERROR;
				CLANG_WARN_UNREACHABLE_CODE = YES;
				CLANG_WARN__DUPLICATE_METHOD_MATCH = YES;
				"CODE_SIGN_IDENTITY[sdk=iphoneos*]" = "iPhone Developer";
				COPY_PHASE_STRIP = NO;
				DEBUG_INFORMATION_FORMAT = dwarf;
				ENABLE_STRICT_OBJC_MSGSEND = YES;
				ENABLE_TESTABILITY = YES;
				GCC_C_LANGUAGE_STANDARD = gnu99;
				GCC_DYNAMIC_NO_PIC = NO;
				GCC_NO_COMMON_BLOCKS = YES;
				GCC_OPTIMIZATION_LEVEL = 0;
				GCC_PREPROCESSOR_DEFINITIONS = (
					"DEBUG=1",
					"$(inherited)",
				);
				GCC_WARN_64_TO_32_BIT_CONVERSION = YES;
				GCC_WARN_ABOUT_RETURN_TYPE = YES_ERROR;
				GCC_WARN_UNDECLARED_SELECTOR = YES;
				GCC_WARN_UNINITIALIZED_AUTOS = YES_AGGRESSIVE;
				GCC_WARN_UNUSED_FUNCTION = YES;
				GCC_WARN_UNUSED_VARIABLE = YES;
				IPHONEOS_DEPLOYMENT_TARGET = 9.1;
				MTL_ENABLE_DEBUG_INFO = YES;
				ONLY_ACTIVE_ARCH = YES;
				SDKROOT = iphoneos;
				SWIFT_OPTIMIZATION_LEVEL = "-Onone";
				TARGETED_DEVICE_FAMILY = "1,2";
			};
			name = Debug;
		};
		DDAD196A1BD9B1780057AC9F /* Release */ = {
			isa = XCBuildConfiguration;
			buildSettings = {
				ALWAYS_SEARCH_USER_PATHS = NO;
				CLANG_CXX_LANGUAGE_STANDARD = "gnu++0x";
				CLANG_CXX_LIBRARY = "libc++";
				CLANG_ENABLE_MODULES = YES;
				CLANG_ENABLE_OBJC_ARC = YES;
				CLANG_WARN_BOOL_CONVERSION = YES;
				CLANG_WARN_CONSTANT_CONVERSION = YES;
				CLANG_WARN_DIRECT_OBJC_ISA_USAGE = YES_ERROR;
				CLANG_WARN_EMPTY_BODY = YES;
				CLANG_WARN_ENUM_CONVERSION = YES;
				CLANG_WARN_INT_CONVERSION = YES;
				CLANG_WARN_OBJC_ROOT_CLASS = YES_ERROR;
				CLANG_WARN_UNREACHABLE_CODE = YES;
				CLANG_WARN__DUPLICATE_METHOD_MATCH = YES;
				"CODE_SIGN_IDENTITY[sdk=iphoneos*]" = "iPhone Developer";
				COPY_PHASE_STRIP = NO;
				DEBUG_INFORMATION_FORMAT = "dwarf-with-dsym";
				ENABLE_NS_ASSERTIONS = NO;
				ENABLE_STRICT_OBJC_MSGSEND = YES;
				GCC_C_LANGUAGE_STANDARD = gnu99;
				GCC_NO_COMMON_BLOCKS = YES;
				GCC_WARN_64_TO_32_BIT_CONVERSION = YES;
				GCC_WARN_ABOUT_RETURN_TYPE = YES_ERROR;
				GCC_WARN_UNDECLARED_SELECTOR = YES;
				GCC_WARN_UNINITIALIZED_AUTOS = YES_AGGRESSIVE;
				GCC_WARN_UNUSED_FUNCTION = YES;
				GCC_WARN_UNUSED_VARIABLE = YES;
				IPHONEOS_DEPLOYMENT_TARGET = 9.1;
				MTL_ENABLE_DEBUG_INFO = NO;
				SDKROOT = iphoneos;
				TARGETED_DEVICE_FAMILY = "1,2";
				VALIDATE_PRODUCT = YES;
			};
			name = Release;
		};
		DDAD196C1BD9B1780057AC9F /* Debug */ = {
			isa = XCBuildConfiguration;
			buildSettings = {
				ASSETCATALOG_COMPILER_APPICON_NAME = AppIcon;
				INFOPLIST_FILE = "$(SRCROOT)/Example/Info.plist";
				LD_RUNPATH_SEARCH_PATHS = "$(inherited) @executable_path/Frameworks";
				PRODUCT_BUNDLE_IDENTIFIER = com.mapbox.StaticExample;
				PRODUCT_NAME = "$(TARGET_NAME)";
			};
			name = Debug;
		};
		DDAD196D1BD9B1780057AC9F /* Release */ = {
			isa = XCBuildConfiguration;
			buildSettings = {
				ASSETCATALOG_COMPILER_APPICON_NAME = AppIcon;
				INFOPLIST_FILE = "$(SRCROOT)/Example/Info.plist";
				LD_RUNPATH_SEARCH_PATHS = "$(inherited) @executable_path/Frameworks";
				PRODUCT_BUNDLE_IDENTIFIER = com.mapbox.StaticExample;
				PRODUCT_NAME = "$(TARGET_NAME)";
			};
			name = Release;
		};
		DDAD19801BD9B24F0057AC9F /* Debug */ = {
			isa = XCBuildConfiguration;
			baseConfigurationReference = F2458CAEEA12542684289602 /* Pods-Unit Tests.debug.xcconfig */;
			buildSettings = {
				BUNDLE_LOADER = "$(TEST_HOST)";
				CLANG_ENABLE_MODULES = YES;
				INFOPLIST_FILE = MapboxGeocoderTests/Info.plist;
				LD_RUNPATH_SEARCH_PATHS = "$(inherited) @executable_path/Frameworks @loader_path/Frameworks";
				PRODUCT_BUNDLE_IDENTIFIER = com.mapbox.GeocoderTests;
				PRODUCT_NAME = "$(TARGET_NAME)";
				SWIFT_OPTIMIZATION_LEVEL = "-Onone";
				TEST_HOST = "$(BUILT_PRODUCTS_DIR)/Example.app/Example";
			};
			name = Debug;
		};
		DDAD19811BD9B24F0057AC9F /* Release */ = {
			isa = XCBuildConfiguration;
			baseConfigurationReference = 3C02306EEF0995D38B46FC4D /* Pods-Unit Tests.release.xcconfig */;
			buildSettings = {
				BUNDLE_LOADER = "$(TEST_HOST)";
				CLANG_ENABLE_MODULES = YES;
				INFOPLIST_FILE = MapboxGeocoderTests/Info.plist;
				LD_RUNPATH_SEARCH_PATHS = "$(inherited) @executable_path/Frameworks @loader_path/Frameworks";
				PRODUCT_BUNDLE_IDENTIFIER = com.mapbox.GeocoderTests;
				PRODUCT_NAME = "$(TARGET_NAME)";
				TEST_HOST = "$(BUILT_PRODUCTS_DIR)/Example.app/Example";
			};
			name = Release;
		};
/* End XCBuildConfiguration section */

/* Begin XCConfigurationList section */
		DDAD19541BD9B1780057AC9F /* Build configuration list for PBXProject "MapboxStatic" */ = {
			isa = XCConfigurationList;
			buildConfigurations = (
				DDAD19691BD9B1780057AC9F /* Debug */,
				DDAD196A1BD9B1780057AC9F /* Release */,
			);
			defaultConfigurationIsVisible = 0;
			defaultConfigurationName = Release;
		};
		DDAD196B1BD9B1780057AC9F /* Build configuration list for PBXNativeTarget "Example" */ = {
			isa = XCConfigurationList;
			buildConfigurations = (
				DDAD196C1BD9B1780057AC9F /* Debug */,
				DDAD196D1BD9B1780057AC9F /* Release */,
			);
			defaultConfigurationIsVisible = 0;
			defaultConfigurationName = Release;
		};
		DDAD197F1BD9B24F0057AC9F /* Build configuration list for PBXNativeTarget "MapboxGeocoderTests" */ = {
			isa = XCConfigurationList;
			buildConfigurations = (
				DDAD19801BD9B24F0057AC9F /* Debug */,
				DDAD19811BD9B24F0057AC9F /* Release */,
			);
			defaultConfigurationIsVisible = 0;
			defaultConfigurationName = Release;
		};
/* End XCConfigurationList section */
	};
	rootObject = DDAD19511BD9B1780057AC9F /* Project object */;
}
